
Microsoft Visual Studio Solution File, Format Version 12.00
# Visual Studio Version 16
VisualStudioVersion = 16.0.28803.202
MinimumVisualStudioVersion = 10.0.40219.1
Project("{9A19103F-16F7-4668-BE54-9A1E7A4F7556}") = "Devices.Communications", "src\Devices.Communications\Devices.Communications.csproj", "{A4E19DBE-F582-45B7-AB39-5AFBD8B3FE97}"
EndProject
Project("{2150E333-8FDC-42A3-9474-1A3956D46DE8}") = "Honeywell", "Honeywell", "{0454CC76-EF8F-4580-B5BD-5A6E24623504}"
EndProject
Project("{9A19103F-16F7-4668-BE54-9A1E7A4F7556}") = "Devices.Honeywell.Core", "src\Devices.Honeywell.Core\Devices.Honeywell.Core.csproj", "{2BF8E6E5-96BC-4A74-BF64-24FCE75FBA01}"
EndProject
Project("{9A19103F-16F7-4668-BE54-9A1E7A4F7556}") = "Devices.Honeywell.Comm", "src\Devices.Honeywell.Comm\Devices.Honeywell.Comm.csproj", "{229AE6F4-1BD2-4B75-A97E-4E928B903323}"
EndProject
Project("{FAE04EC0-301F-11D3-BF4B-00C04F79EFBC}") = "Devices.Communications.IrDa", "src\Devices.Communications.IrDa\Devices.Communications.IrDa.csproj", "{DADBA878-F46B-49A4-A7EA-B92CE0A5A366}"
EndProject
Project("{9A19103F-16F7-4668-BE54-9A1E7A4F7556}") = "Devices.Core", "src\Devices.Core\Devices.Core.csproj", "{EC7DDF34-F555-414F-9998-744A85516ED4}"
EndProject
Project("{2150E333-8FDC-42A3-9474-1A3956D46DE8}") = "Tests", "Tests", "{AE41EBB1-18AA-4D75-B51B-9541D519D81B}"
EndProject
Project("{FAE04EC0-301F-11D3-BF4B-00C04F79EFBC}") = "Tests.Devices.Honeywell.Comm", "src\Tests\Tests.Devices.Honeywell.Comm\Tests.Devices.Honeywell.Comm.csproj", "{44A0295D-BAB8-4C77-91FD-8338A918AA62}"
EndProject
Project("{FAE04EC0-301F-11D3-BF4B-00C04F79EFBC}") = "Tests.Devices.Honeywell.Core", "src\Tests\Tests.Devices.Honeywell.Core\Tests.Devices.Honeywell.Core.csproj", "{BCC8B57E-9241-465C-95E6-04E4A1AF5171}"
EndProject
Project("{FAE04EC0-301F-11D3-BF4B-00C04F79EFBC}") = "Devices.Terminal.Wpf", "src\Devices.Terminal.Wpf\Devices.Terminal.Wpf.csproj", "{1159271F-6F9C-4B73-BBC3-3942579D2B88}"
EndProject
Project("{9A19103F-16F7-4668-BE54-9A1E7A4F7556}") = "Core", "src\Core\Core.csproj", "{0BAF7547-73A2-4A8F-AC84-3B7BDBCEB14C}"
EndProject
Project("{FAE04EC0-301F-11D3-BF4B-00C04F79EFBC}") = "Devices.Communications.Debugger", "src\Tests\Devices.Communications.Debugger\Devices.Communications.Debugger.csproj", "{34F54274-BADF-49D2-89CD-CC2F23BC4A7D}"
EndProject
Project("{2150E333-8FDC-42A3-9474-1A3956D46DE8}") = "Toys", "Toys", "{0EF988B9-EAF3-4315-A751-7BD23C31B872}"
EndProject
Project("{2150E333-8FDC-42A3-9474-1A3956D46DE8}") = "Protocols", "Protocols", "{107D240B-8287-4DD7-801C-C002E0E7FFAF}"
EndProject
Project("{9A19103F-16F7-4668-BE54-9A1E7A4F7556}") = "Devices.WebApi", "src\Devices.WebApi\Devices.WebApi.csproj", "{19D1E2E0-84B8-4E5B-9F30-A2AD7E448968}"
EndProject
Project("{2150E333-8FDC-42A3-9474-1A3956D46DE8}") = "Mobile", "Mobile", "{056E251F-79DE-4E37-96DB-B2DCD7E8C3D3}"
EndProject
Project("{FAE04EC0-301F-11D3-BF4B-00C04F79EFBC}") = "Devices.Mobile.Android", "src\Mobile\Devices.Mobile\Devices.Mobile.Android\Devices.Mobile.Android.csproj", "{7FA97582-1800-4815-B649-7DCC70BFAFB4}"
EndProject
Project("{FAE04EC0-301F-11D3-BF4B-00C04F79EFBC}") = "Devices.Mobile.iOS", "src\Mobile\Devices.Mobile\Devices.Mobile.iOS\Devices.Mobile.iOS.csproj", "{0981CFF7-9C24-4061-9B8A-B3AA4EB5B9EF}"
EndProject
Project("{9A19103F-16F7-4668-BE54-9A1E7A4F7556}") = "Devices.Mobile", "src\Mobile\Devices.Mobile\Devices.Mobile\Devices.Mobile.csproj", "{C6D86CBB-4804-4C26-AB34-98A11A2F162E}"
EndProject
Project("{9A19103F-16F7-4668-BE54-9A1E7A4F7556}") = "Devices.SignalRClient.ConsoleApp", "src\Devices.SignalRClient.Console\Devices.SignalRClient.ConsoleApp.csproj", "{5FDBC91F-8308-4722-A6EE-18B5E84B74C2}"
EndProject
Global
	GlobalSection(SolutionConfigurationPlatforms) = preSolution
		Debug|Any CPU = Debug|Any CPU
		Debug|iPhone = Debug|iPhone
		Debug|iPhoneSimulator = Debug|iPhoneSimulator
		MiProtocolConsole|Any CPU = MiProtocolConsole|Any CPU
		MiProtocolConsole|iPhone = MiProtocolConsole|iPhone
		MiProtocolConsole|iPhoneSimulator = MiProtocolConsole|iPhoneSimulator
		Release|Any CPU = Release|Any CPU
		Release|iPhone = Release|iPhone
		Release|iPhoneSimulator = Release|iPhoneSimulator
	EndGlobalSection
	GlobalSection(ProjectConfigurationPlatforms) = postSolution
		{A4E19DBE-F582-45B7-AB39-5AFBD8B3FE97}.Debug|Any CPU.ActiveCfg = Debug|Any CPU
		{A4E19DBE-F582-45B7-AB39-5AFBD8B3FE97}.Debug|Any CPU.Build.0 = Debug|Any CPU
		{A4E19DBE-F582-45B7-AB39-5AFBD8B3FE97}.Debug|iPhone.ActiveCfg = Debug|Any CPU
		{A4E19DBE-F582-45B7-AB39-5AFBD8B3FE97}.Debug|iPhone.Build.0 = Debug|Any CPU
		{A4E19DBE-F582-45B7-AB39-5AFBD8B3FE97}.Debug|iPhoneSimulator.ActiveCfg = Debug|Any CPU
		{A4E19DBE-F582-45B7-AB39-5AFBD8B3FE97}.Debug|iPhoneSimulator.Build.0 = Debug|Any CPU
		{A4E19DBE-F582-45B7-AB39-5AFBD8B3FE97}.MiProtocolConsole|Any CPU.ActiveCfg = Release|Any CPU
		{A4E19DBE-F582-45B7-AB39-5AFBD8B3FE97}.MiProtocolConsole|Any CPU.Build.0 = Release|Any CPU
		{A4E19DBE-F582-45B7-AB39-5AFBD8B3FE97}.MiProtocolConsole|iPhone.ActiveCfg = Release|Any CPU
		{A4E19DBE-F582-45B7-AB39-5AFBD8B3FE97}.MiProtocolConsole|iPhone.Build.0 = Release|Any CPU
		{A4E19DBE-F582-45B7-AB39-5AFBD8B3FE97}.MiProtocolConsole|iPhoneSimulator.ActiveCfg = Release|Any CPU
		{A4E19DBE-F582-45B7-AB39-5AFBD8B3FE97}.MiProtocolConsole|iPhoneSimulator.Build.0 = Release|Any CPU
		{A4E19DBE-F582-45B7-AB39-5AFBD8B3FE97}.Release|Any CPU.ActiveCfg = Release|Any CPU
		{A4E19DBE-F582-45B7-AB39-5AFBD8B3FE97}.Release|Any CPU.Build.0 = Release|Any CPU
		{A4E19DBE-F582-45B7-AB39-5AFBD8B3FE97}.Release|iPhone.ActiveCfg = Release|Any CPU
		{A4E19DBE-F582-45B7-AB39-5AFBD8B3FE97}.Release|iPhone.Build.0 = Release|Any CPU
		{A4E19DBE-F582-45B7-AB39-5AFBD8B3FE97}.Release|iPhoneSimulator.ActiveCfg = Release|Any CPU
		{A4E19DBE-F582-45B7-AB39-5AFBD8B3FE97}.Release|iPhoneSimulator.Build.0 = Release|Any CPU
		{2BF8E6E5-96BC-4A74-BF64-24FCE75FBA01}.Debug|Any CPU.ActiveCfg = Debug|Any CPU
		{2BF8E6E5-96BC-4A74-BF64-24FCE75FBA01}.Debug|Any CPU.Build.0 = Debug|Any CPU
		{2BF8E6E5-96BC-4A74-BF64-24FCE75FBA01}.Debug|iPhone.ActiveCfg = Debug|Any CPU
		{2BF8E6E5-96BC-4A74-BF64-24FCE75FBA01}.Debug|iPhone.Build.0 = Debug|Any CPU
		{2BF8E6E5-96BC-4A74-BF64-24FCE75FBA01}.Debug|iPhoneSimulator.ActiveCfg = Debug|Any CPU
		{2BF8E6E5-96BC-4A74-BF64-24FCE75FBA01}.Debug|iPhoneSimulator.Build.0 = Debug|Any CPU
		{2BF8E6E5-96BC-4A74-BF64-24FCE75FBA01}.MiProtocolConsole|Any CPU.ActiveCfg = Release|Any CPU
		{2BF8E6E5-96BC-4A74-BF64-24FCE75FBA01}.MiProtocolConsole|Any CPU.Build.0 = Release|Any CPU
		{2BF8E6E5-96BC-4A74-BF64-24FCE75FBA01}.MiProtocolConsole|iPhone.ActiveCfg = Release|Any CPU
		{2BF8E6E5-96BC-4A74-BF64-24FCE75FBA01}.MiProtocolConsole|iPhone.Build.0 = Release|Any CPU
		{2BF8E6E5-96BC-4A74-BF64-24FCE75FBA01}.MiProtocolConsole|iPhoneSimulator.ActiveCfg = Release|Any CPU
		{2BF8E6E5-96BC-4A74-BF64-24FCE75FBA01}.MiProtocolConsole|iPhoneSimulator.Build.0 = Release|Any CPU
		{2BF8E6E5-96BC-4A74-BF64-24FCE75FBA01}.Release|Any CPU.ActiveCfg = Release|Any CPU
		{2BF8E6E5-96BC-4A74-BF64-24FCE75FBA01}.Release|Any CPU.Build.0 = Release|Any CPU
		{2BF8E6E5-96BC-4A74-BF64-24FCE75FBA01}.Release|iPhone.ActiveCfg = Release|Any CPU
		{2BF8E6E5-96BC-4A74-BF64-24FCE75FBA01}.Release|iPhone.Build.0 = Release|Any CPU
		{2BF8E6E5-96BC-4A74-BF64-24FCE75FBA01}.Release|iPhoneSimulator.ActiveCfg = Release|Any CPU
		{2BF8E6E5-96BC-4A74-BF64-24FCE75FBA01}.Release|iPhoneSimulator.Build.0 = Release|Any CPU
		{229AE6F4-1BD2-4B75-A97E-4E928B903323}.Debug|Any CPU.ActiveCfg = Debug|Any CPU
		{229AE6F4-1BD2-4B75-A97E-4E928B903323}.Debug|Any CPU.Build.0 = Debug|Any CPU
		{229AE6F4-1BD2-4B75-A97E-4E928B903323}.Debug|iPhone.ActiveCfg = Debug|Any CPU
		{229AE6F4-1BD2-4B75-A97E-4E928B903323}.Debug|iPhone.Build.0 = Debug|Any CPU
		{229AE6F4-1BD2-4B75-A97E-4E928B903323}.Debug|iPhoneSimulator.ActiveCfg = Debug|Any CPU
		{229AE6F4-1BD2-4B75-A97E-4E928B903323}.Debug|iPhoneSimulator.Build.0 = Debug|Any CPU
		{229AE6F4-1BD2-4B75-A97E-4E928B903323}.MiProtocolConsole|Any CPU.ActiveCfg = Release|Any CPU
		{229AE6F4-1BD2-4B75-A97E-4E928B903323}.MiProtocolConsole|Any CPU.Build.0 = Release|Any CPU
		{229AE6F4-1BD2-4B75-A97E-4E928B903323}.MiProtocolConsole|iPhone.ActiveCfg = Release|Any CPU
		{229AE6F4-1BD2-4B75-A97E-4E928B903323}.MiProtocolConsole|iPhone.Build.0 = Release|Any CPU
		{229AE6F4-1BD2-4B75-A97E-4E928B903323}.MiProtocolConsole|iPhoneSimulator.ActiveCfg = Release|Any CPU
		{229AE6F4-1BD2-4B75-A97E-4E928B903323}.MiProtocolConsole|iPhoneSimulator.Build.0 = Release|Any CPU
		{229AE6F4-1BD2-4B75-A97E-4E928B903323}.Release|Any CPU.ActiveCfg = Release|Any CPU
		{229AE6F4-1BD2-4B75-A97E-4E928B903323}.Release|Any CPU.Build.0 = Release|Any CPU
		{229AE6F4-1BD2-4B75-A97E-4E928B903323}.Release|iPhone.ActiveCfg = Release|Any CPU
		{229AE6F4-1BD2-4B75-A97E-4E928B903323}.Release|iPhone.Build.0 = Release|Any CPU
		{229AE6F4-1BD2-4B75-A97E-4E928B903323}.Release|iPhoneSimulator.ActiveCfg = Release|Any CPU
		{229AE6F4-1BD2-4B75-A97E-4E928B903323}.Release|iPhoneSimulator.Build.0 = Release|Any CPU
		{DADBA878-F46B-49A4-A7EA-B92CE0A5A366}.Debug|Any CPU.ActiveCfg = Debug|Any CPU
		{DADBA878-F46B-49A4-A7EA-B92CE0A5A366}.Debug|Any CPU.Build.0 = Debug|Any CPU
		{DADBA878-F46B-49A4-A7EA-B92CE0A5A366}.Debug|iPhone.ActiveCfg = Debug|Any CPU
		{DADBA878-F46B-49A4-A7EA-B92CE0A5A366}.Debug|iPhone.Build.0 = Debug|Any CPU
		{DADBA878-F46B-49A4-A7EA-B92CE0A5A366}.Debug|iPhoneSimulator.ActiveCfg = Debug|Any CPU
		{DADBA878-F46B-49A4-A7EA-B92CE0A5A366}.Debug|iPhoneSimulator.Build.0 = Debug|Any CPU
		{DADBA878-F46B-49A4-A7EA-B92CE0A5A366}.MiProtocolConsole|Any CPU.ActiveCfg = Release|Any CPU
		{DADBA878-F46B-49A4-A7EA-B92CE0A5A366}.MiProtocolConsole|Any CPU.Build.0 = Release|Any CPU
		{DADBA878-F46B-49A4-A7EA-B92CE0A5A366}.MiProtocolConsole|iPhone.ActiveCfg = Release|Any CPU
		{DADBA878-F46B-49A4-A7EA-B92CE0A5A366}.MiProtocolConsole|iPhone.Build.0 = Release|Any CPU
		{DADBA878-F46B-49A4-A7EA-B92CE0A5A366}.MiProtocolConsole|iPhoneSimulator.ActiveCfg = Release|Any CPU
		{DADBA878-F46B-49A4-A7EA-B92CE0A5A366}.MiProtocolConsole|iPhoneSimulator.Build.0 = Release|Any CPU
		{DADBA878-F46B-49A4-A7EA-B92CE0A5A366}.Release|Any CPU.ActiveCfg = Release|Any CPU
		{DADBA878-F46B-49A4-A7EA-B92CE0A5A366}.Release|Any CPU.Build.0 = Release|Any CPU
		{DADBA878-F46B-49A4-A7EA-B92CE0A5A366}.Release|iPhone.ActiveCfg = Release|Any CPU
		{DADBA878-F46B-49A4-A7EA-B92CE0A5A366}.Release|iPhone.Build.0 = Release|Any CPU
		{DADBA878-F46B-49A4-A7EA-B92CE0A5A366}.Release|iPhoneSimulator.ActiveCfg = Release|Any CPU
		{DADBA878-F46B-49A4-A7EA-B92CE0A5A366}.Release|iPhoneSimulator.Build.0 = Release|Any CPU
		{EC7DDF34-F555-414F-9998-744A85516ED4}.Debug|Any CPU.ActiveCfg = Debug|Any CPU
		{EC7DDF34-F555-414F-9998-744A85516ED4}.Debug|Any CPU.Build.0 = Debug|Any CPU
		{EC7DDF34-F555-414F-9998-744A85516ED4}.Debug|iPhone.ActiveCfg = Debug|Any CPU
		{EC7DDF34-F555-414F-9998-744A85516ED4}.Debug|iPhone.Build.0 = Debug|Any CPU
		{EC7DDF34-F555-414F-9998-744A85516ED4}.Debug|iPhoneSimulator.ActiveCfg = Debug|Any CPU
		{EC7DDF34-F555-414F-9998-744A85516ED4}.Debug|iPhoneSimulator.Build.0 = Debug|Any CPU
		{EC7DDF34-F555-414F-9998-744A85516ED4}.MiProtocolConsole|Any CPU.ActiveCfg = Debug|Any CPU
		{EC7DDF34-F555-414F-9998-744A85516ED4}.MiProtocolConsole|Any CPU.Build.0 = Debug|Any CPU
		{EC7DDF34-F555-414F-9998-744A85516ED4}.MiProtocolConsole|iPhone.ActiveCfg = Release|Any CPU
		{EC7DDF34-F555-414F-9998-744A85516ED4}.MiProtocolConsole|iPhone.Build.0 = Release|Any CPU
		{EC7DDF34-F555-414F-9998-744A85516ED4}.MiProtocolConsole|iPhoneSimulator.ActiveCfg = Release|Any CPU
		{EC7DDF34-F555-414F-9998-744A85516ED4}.MiProtocolConsole|iPhoneSimulator.Build.0 = Release|Any CPU
		{EC7DDF34-F555-414F-9998-744A85516ED4}.Release|Any CPU.ActiveCfg = Release|Any CPU
		{EC7DDF34-F555-414F-9998-744A85516ED4}.Release|Any CPU.Build.0 = Release|Any CPU
		{EC7DDF34-F555-414F-9998-744A85516ED4}.Release|iPhone.ActiveCfg = Release|Any CPU
		{EC7DDF34-F555-414F-9998-744A85516ED4}.Release|iPhone.Build.0 = Release|Any CPU
		{EC7DDF34-F555-414F-9998-744A85516ED4}.Release|iPhoneSimulator.ActiveCfg = Release|Any CPU
		{EC7DDF34-F555-414F-9998-744A85516ED4}.Release|iPhoneSimulator.Build.0 = Release|Any CPU
		{44A0295D-BAB8-4C77-91FD-8338A918AA62}.Debug|Any CPU.ActiveCfg = Debug|Any CPU
		{44A0295D-BAB8-4C77-91FD-8338A918AA62}.Debug|Any CPU.Build.0 = Debug|Any CPU
		{44A0295D-BAB8-4C77-91FD-8338A918AA62}.Debug|iPhone.ActiveCfg = Debug|Any CPU
		{44A0295D-BAB8-4C77-91FD-8338A918AA62}.Debug|iPhone.Build.0 = Debug|Any CPU
		{44A0295D-BAB8-4C77-91FD-8338A918AA62}.Debug|iPhoneSimulator.ActiveCfg = Debug|Any CPU
		{44A0295D-BAB8-4C77-91FD-8338A918AA62}.Debug|iPhoneSimulator.Build.0 = Debug|Any CPU
		{44A0295D-BAB8-4C77-91FD-8338A918AA62}.MiProtocolConsole|Any CPU.ActiveCfg = Release|Any CPU
		{44A0295D-BAB8-4C77-91FD-8338A918AA62}.MiProtocolConsole|Any CPU.Build.0 = Release|Any CPU
		{44A0295D-BAB8-4C77-91FD-8338A918AA62}.MiProtocolConsole|iPhone.ActiveCfg = Release|Any CPU
		{44A0295D-BAB8-4C77-91FD-8338A918AA62}.MiProtocolConsole|iPhone.Build.0 = Release|Any CPU
		{44A0295D-BAB8-4C77-91FD-8338A918AA62}.MiProtocolConsole|iPhoneSimulator.ActiveCfg = Release|Any CPU
		{44A0295D-BAB8-4C77-91FD-8338A918AA62}.MiProtocolConsole|iPhoneSimulator.Build.0 = Release|Any CPU
		{44A0295D-BAB8-4C77-91FD-8338A918AA62}.Release|Any CPU.ActiveCfg = Release|Any CPU
		{44A0295D-BAB8-4C77-91FD-8338A918AA62}.Release|Any CPU.Build.0 = Release|Any CPU
		{44A0295D-BAB8-4C77-91FD-8338A918AA62}.Release|iPhone.ActiveCfg = Release|Any CPU
		{44A0295D-BAB8-4C77-91FD-8338A918AA62}.Release|iPhone.Build.0 = Release|Any CPU
		{44A0295D-BAB8-4C77-91FD-8338A918AA62}.Release|iPhoneSimulator.ActiveCfg = Release|Any CPU
		{44A0295D-BAB8-4C77-91FD-8338A918AA62}.Release|iPhoneSimulator.Build.0 = Release|Any CPU
		{BCC8B57E-9241-465C-95E6-04E4A1AF5171}.Debug|Any CPU.ActiveCfg = Debug|Any CPU
		{BCC8B57E-9241-465C-95E6-04E4A1AF5171}.Debug|Any CPU.Build.0 = Debug|Any CPU
		{BCC8B57E-9241-465C-95E6-04E4A1AF5171}.Debug|iPhone.ActiveCfg = Debug|Any CPU
		{BCC8B57E-9241-465C-95E6-04E4A1AF5171}.Debug|iPhone.Build.0 = Debug|Any CPU
		{BCC8B57E-9241-465C-95E6-04E4A1AF5171}.Debug|iPhoneSimulator.ActiveCfg = Debug|Any CPU
		{BCC8B57E-9241-465C-95E6-04E4A1AF5171}.Debug|iPhoneSimulator.Build.0 = Debug|Any CPU
		{BCC8B57E-9241-465C-95E6-04E4A1AF5171}.MiProtocolConsole|Any CPU.ActiveCfg = Release|Any CPU
		{BCC8B57E-9241-465C-95E6-04E4A1AF5171}.MiProtocolConsole|Any CPU.Build.0 = Release|Any CPU
		{BCC8B57E-9241-465C-95E6-04E4A1AF5171}.MiProtocolConsole|iPhone.ActiveCfg = Release|Any CPU
		{BCC8B57E-9241-465C-95E6-04E4A1AF5171}.MiProtocolConsole|iPhone.Build.0 = Release|Any CPU
		{BCC8B57E-9241-465C-95E6-04E4A1AF5171}.MiProtocolConsole|iPhoneSimulator.ActiveCfg = Release|Any CPU
		{BCC8B57E-9241-465C-95E6-04E4A1AF5171}.MiProtocolConsole|iPhoneSimulator.Build.0 = Release|Any CPU
		{BCC8B57E-9241-465C-95E6-04E4A1AF5171}.Release|Any CPU.ActiveCfg = Release|Any CPU
		{BCC8B57E-9241-465C-95E6-04E4A1AF5171}.Release|Any CPU.Build.0 = Release|Any CPU
		{BCC8B57E-9241-465C-95E6-04E4A1AF5171}.Release|iPhone.ActiveCfg = Release|Any CPU
		{BCC8B57E-9241-465C-95E6-04E4A1AF5171}.Release|iPhone.Build.0 = Release|Any CPU
		{BCC8B57E-9241-465C-95E6-04E4A1AF5171}.Release|iPhoneSimulator.ActiveCfg = Release|Any CPU
		{BCC8B57E-9241-465C-95E6-04E4A1AF5171}.Release|iPhoneSimulator.Build.0 = Release|Any CPU
		{1159271F-6F9C-4B73-BBC3-3942579D2B88}.Debug|Any CPU.ActiveCfg = Debug|Any CPU
		{1159271F-6F9C-4B73-BBC3-3942579D2B88}.Debug|Any CPU.Build.0 = Debug|Any CPU
		{1159271F-6F9C-4B73-BBC3-3942579D2B88}.Debug|iPhone.ActiveCfg = Debug|Any CPU
		{1159271F-6F9C-4B73-BBC3-3942579D2B88}.Debug|iPhone.Build.0 = Debug|Any CPU
		{1159271F-6F9C-4B73-BBC3-3942579D2B88}.Debug|iPhoneSimulator.ActiveCfg = Debug|Any CPU
		{1159271F-6F9C-4B73-BBC3-3942579D2B88}.Debug|iPhoneSimulator.Build.0 = Debug|Any CPU
		{1159271F-6F9C-4B73-BBC3-3942579D2B88}.MiProtocolConsole|Any CPU.ActiveCfg = Release|Any CPU
		{1159271F-6F9C-4B73-BBC3-3942579D2B88}.MiProtocolConsole|Any CPU.Build.0 = Release|Any CPU
		{1159271F-6F9C-4B73-BBC3-3942579D2B88}.MiProtocolConsole|iPhone.ActiveCfg = Release|Any CPU
		{1159271F-6F9C-4B73-BBC3-3942579D2B88}.MiProtocolConsole|iPhone.Build.0 = Release|Any CPU
		{1159271F-6F9C-4B73-BBC3-3942579D2B88}.MiProtocolConsole|iPhoneSimulator.ActiveCfg = Release|Any CPU
		{1159271F-6F9C-4B73-BBC3-3942579D2B88}.MiProtocolConsole|iPhoneSimulator.Build.0 = Release|Any CPU
		{1159271F-6F9C-4B73-BBC3-3942579D2B88}.Release|Any CPU.ActiveCfg = Release|Any CPU
		{1159271F-6F9C-4B73-BBC3-3942579D2B88}.Release|Any CPU.Build.0 = Release|Any CPU
		{1159271F-6F9C-4B73-BBC3-3942579D2B88}.Release|iPhone.ActiveCfg = Release|Any CPU
		{1159271F-6F9C-4B73-BBC3-3942579D2B88}.Release|iPhone.Build.0 = Release|Any CPU
		{1159271F-6F9C-4B73-BBC3-3942579D2B88}.Release|iPhoneSimulator.ActiveCfg = Release|Any CPU
		{1159271F-6F9C-4B73-BBC3-3942579D2B88}.Release|iPhoneSimulator.Build.0 = Release|Any CPU
		{0BAF7547-73A2-4A8F-AC84-3B7BDBCEB14C}.Debug|Any CPU.ActiveCfg = Debug|Any CPU
		{0BAF7547-73A2-4A8F-AC84-3B7BDBCEB14C}.Debug|Any CPU.Build.0 = Debug|Any CPU
		{0BAF7547-73A2-4A8F-AC84-3B7BDBCEB14C}.Debug|iPhone.ActiveCfg = Debug|Any CPU
		{0BAF7547-73A2-4A8F-AC84-3B7BDBCEB14C}.Debug|iPhone.Build.0 = Debug|Any CPU
		{0BAF7547-73A2-4A8F-AC84-3B7BDBCEB14C}.Debug|iPhoneSimulator.ActiveCfg = Debug|Any CPU
		{0BAF7547-73A2-4A8F-AC84-3B7BDBCEB14C}.Debug|iPhoneSimulator.Build.0 = Debug|Any CPU
		{0BAF7547-73A2-4A8F-AC84-3B7BDBCEB14C}.MiProtocolConsole|Any CPU.ActiveCfg = Debug|Any CPU
		{0BAF7547-73A2-4A8F-AC84-3B7BDBCEB14C}.MiProtocolConsole|Any CPU.Build.0 = Debug|Any CPU
		{0BAF7547-73A2-4A8F-AC84-3B7BDBCEB14C}.MiProtocolConsole|iPhone.ActiveCfg = Release|Any CPU
		{0BAF7547-73A2-4A8F-AC84-3B7BDBCEB14C}.MiProtocolConsole|iPhone.Build.0 = Release|Any CPU
		{0BAF7547-73A2-4A8F-AC84-3B7BDBCEB14C}.MiProtocolConsole|iPhoneSimulator.ActiveCfg = Release|Any CPU
		{0BAF7547-73A2-4A8F-AC84-3B7BDBCEB14C}.MiProtocolConsole|iPhoneSimulator.Build.0 = Release|Any CPU
		{0BAF7547-73A2-4A8F-AC84-3B7BDBCEB14C}.Release|Any CPU.ActiveCfg = Release|Any CPU
		{0BAF7547-73A2-4A8F-AC84-3B7BDBCEB14C}.Release|Any CPU.Build.0 = Release|Any CPU
		{0BAF7547-73A2-4A8F-AC84-3B7BDBCEB14C}.Release|iPhone.ActiveCfg = Release|Any CPU
		{0BAF7547-73A2-4A8F-AC84-3B7BDBCEB14C}.Release|iPhone.Build.0 = Release|Any CPU
		{0BAF7547-73A2-4A8F-AC84-3B7BDBCEB14C}.Release|iPhoneSimulator.ActiveCfg = Release|Any CPU
		{0BAF7547-73A2-4A8F-AC84-3B7BDBCEB14C}.Release|iPhoneSimulator.Build.0 = Release|Any CPU
		{34F54274-BADF-49D2-89CD-CC2F23BC4A7D}.Debug|Any CPU.ActiveCfg = Debug|Any CPU
		{34F54274-BADF-49D2-89CD-CC2F23BC4A7D}.Debug|Any CPU.Build.0 = Debug|Any CPU
		{34F54274-BADF-49D2-89CD-CC2F23BC4A7D}.Debug|iPhone.ActiveCfg = Debug|Any CPU
		{34F54274-BADF-49D2-89CD-CC2F23BC4A7D}.Debug|iPhone.Build.0 = Debug|Any CPU
		{34F54274-BADF-49D2-89CD-CC2F23BC4A7D}.Debug|iPhoneSimulator.ActiveCfg = Debug|Any CPU
		{34F54274-BADF-49D2-89CD-CC2F23BC4A7D}.Debug|iPhoneSimulator.Build.0 = Debug|Any CPU
		{34F54274-BADF-49D2-89CD-CC2F23BC4A7D}.MiProtocolConsole|Any CPU.ActiveCfg = Release|Any CPU
		{34F54274-BADF-49D2-89CD-CC2F23BC4A7D}.MiProtocolConsole|Any CPU.Build.0 = Release|Any CPU
		{34F54274-BADF-49D2-89CD-CC2F23BC4A7D}.MiProtocolConsole|iPhone.ActiveCfg = Release|Any CPU
		{34F54274-BADF-49D2-89CD-CC2F23BC4A7D}.MiProtocolConsole|iPhone.Build.0 = Release|Any CPU
		{34F54274-BADF-49D2-89CD-CC2F23BC4A7D}.MiProtocolConsole|iPhoneSimulator.ActiveCfg = Release|Any CPU
		{34F54274-BADF-49D2-89CD-CC2F23BC4A7D}.MiProtocolConsole|iPhoneSimulator.Build.0 = Release|Any CPU
		{34F54274-BADF-49D2-89CD-CC2F23BC4A7D}.Release|Any CPU.ActiveCfg = Release|Any CPU
		{34F54274-BADF-49D2-89CD-CC2F23BC4A7D}.Release|Any CPU.Build.0 = Release|Any CPU
		{34F54274-BADF-49D2-89CD-CC2F23BC4A7D}.Release|iPhone.ActiveCfg = Release|Any CPU
		{34F54274-BADF-49D2-89CD-CC2F23BC4A7D}.Release|iPhone.Build.0 = Release|Any CPU
		{34F54274-BADF-49D2-89CD-CC2F23BC4A7D}.Release|iPhoneSimulator.ActiveCfg = Release|Any CPU
		{34F54274-BADF-49D2-89CD-CC2F23BC4A7D}.Release|iPhoneSimulator.Build.0 = Release|Any CPU
		{19D1E2E0-84B8-4E5B-9F30-A2AD7E448968}.Debug|Any CPU.ActiveCfg = Debug|Any CPU
		{19D1E2E0-84B8-4E5B-9F30-A2AD7E448968}.Debug|Any CPU.Build.0 = Debug|Any CPU
		{19D1E2E0-84B8-4E5B-9F30-A2AD7E448968}.Debug|iPhone.ActiveCfg = Debug|Any CPU
		{19D1E2E0-84B8-4E5B-9F30-A2AD7E448968}.Debug|iPhone.Build.0 = Debug|Any CPU
		{19D1E2E0-84B8-4E5B-9F30-A2AD7E448968}.Debug|iPhoneSimulator.ActiveCfg = Debug|Any CPU
		{19D1E2E0-84B8-4E5B-9F30-A2AD7E448968}.Debug|iPhoneSimulator.Build.0 = Debug|Any CPU
		{19D1E2E0-84B8-4E5B-9F30-A2AD7E448968}.MiProtocolConsole|Any CPU.ActiveCfg = Debug|Any CPU
		{19D1E2E0-84B8-4E5B-9F30-A2AD7E448968}.MiProtocolConsole|Any CPU.Build.0 = Debug|Any CPU
		{19D1E2E0-84B8-4E5B-9F30-A2AD7E448968}.MiProtocolConsole|iPhone.ActiveCfg = Release|Any CPU
		{19D1E2E0-84B8-4E5B-9F30-A2AD7E448968}.MiProtocolConsole|iPhone.Build.0 = Release|Any CPU
		{19D1E2E0-84B8-4E5B-9F30-A2AD7E448968}.MiProtocolConsole|iPhoneSimulator.ActiveCfg = Release|Any CPU
		{19D1E2E0-84B8-4E5B-9F30-A2AD7E448968}.MiProtocolConsole|iPhoneSimulator.Build.0 = Release|Any CPU
		{19D1E2E0-84B8-4E5B-9F30-A2AD7E448968}.Release|Any CPU.ActiveCfg = Release|Any CPU
		{19D1E2E0-84B8-4E5B-9F30-A2AD7E448968}.Release|Any CPU.Build.0 = Release|Any CPU
		{19D1E2E0-84B8-4E5B-9F30-A2AD7E448968}.Release|iPhone.ActiveCfg = Release|Any CPU
		{19D1E2E0-84B8-4E5B-9F30-A2AD7E448968}.Release|iPhone.Build.0 = Release|Any CPU
		{19D1E2E0-84B8-4E5B-9F30-A2AD7E448968}.Release|iPhoneSimulator.ActiveCfg = Release|Any CPU
		{19D1E2E0-84B8-4E5B-9F30-A2AD7E448968}.Release|iPhoneSimulator.Build.0 = Release|Any CPU
		{7FA97582-1800-4815-B649-7DCC70BFAFB4}.Debug|Any CPU.ActiveCfg = Debug|Any CPU
		{7FA97582-1800-4815-B649-7DCC70BFAFB4}.Debug|Any CPU.Build.0 = Debug|Any CPU
		{7FA97582-1800-4815-B649-7DCC70BFAFB4}.Debug|Any CPU.Deploy.0 = Debug|Any CPU
		{7FA97582-1800-4815-B649-7DCC70BFAFB4}.Debug|iPhone.ActiveCfg = Debug|Any CPU
		{7FA97582-1800-4815-B649-7DCC70BFAFB4}.Debug|iPhone.Build.0 = Debug|Any CPU
		{7FA97582-1800-4815-B649-7DCC70BFAFB4}.Debug|iPhone.Deploy.0 = Debug|Any CPU
		{7FA97582-1800-4815-B649-7DCC70BFAFB4}.Debug|iPhoneSimulator.ActiveCfg = Debug|Any CPU
		{7FA97582-1800-4815-B649-7DCC70BFAFB4}.Debug|iPhoneSimulator.Build.0 = Debug|Any CPU
		{7FA97582-1800-4815-B649-7DCC70BFAFB4}.Debug|iPhoneSimulator.Deploy.0 = Debug|Any CPU
		{7FA97582-1800-4815-B649-7DCC70BFAFB4}.MiProtocolConsole|Any CPU.ActiveCfg = Release|Any CPU
		{7FA97582-1800-4815-B649-7DCC70BFAFB4}.MiProtocolConsole|Any CPU.Build.0 = Release|Any CPU
		{7FA97582-1800-4815-B649-7DCC70BFAFB4}.MiProtocolConsole|Any CPU.Deploy.0 = Release|Any CPU
		{7FA97582-1800-4815-B649-7DCC70BFAFB4}.MiProtocolConsole|iPhone.ActiveCfg = Release|Any CPU
		{7FA97582-1800-4815-B649-7DCC70BFAFB4}.MiProtocolConsole|iPhone.Build.0 = Release|Any CPU
		{7FA97582-1800-4815-B649-7DCC70BFAFB4}.MiProtocolConsole|iPhone.Deploy.0 = Release|Any CPU
		{7FA97582-1800-4815-B649-7DCC70BFAFB4}.MiProtocolConsole|iPhoneSimulator.ActiveCfg = Release|Any CPU
		{7FA97582-1800-4815-B649-7DCC70BFAFB4}.MiProtocolConsole|iPhoneSimulator.Build.0 = Release|Any CPU
		{7FA97582-1800-4815-B649-7DCC70BFAFB4}.MiProtocolConsole|iPhoneSimulator.Deploy.0 = Release|Any CPU
		{7FA97582-1800-4815-B649-7DCC70BFAFB4}.Release|Any CPU.ActiveCfg = Release|Any CPU
		{7FA97582-1800-4815-B649-7DCC70BFAFB4}.Release|Any CPU.Build.0 = Release|Any CPU
		{7FA97582-1800-4815-B649-7DCC70BFAFB4}.Release|Any CPU.Deploy.0 = Release|Any CPU
		{7FA97582-1800-4815-B649-7DCC70BFAFB4}.Release|iPhone.ActiveCfg = Release|Any CPU
		{7FA97582-1800-4815-B649-7DCC70BFAFB4}.Release|iPhone.Build.0 = Release|Any CPU
		{7FA97582-1800-4815-B649-7DCC70BFAFB4}.Release|iPhone.Deploy.0 = Release|Any CPU
		{7FA97582-1800-4815-B649-7DCC70BFAFB4}.Release|iPhoneSimulator.ActiveCfg = Release|Any CPU
		{7FA97582-1800-4815-B649-7DCC70BFAFB4}.Release|iPhoneSimulator.Build.0 = Release|Any CPU
		{7FA97582-1800-4815-B649-7DCC70BFAFB4}.Release|iPhoneSimulator.Deploy.0 = Release|Any CPU
		{0981CFF7-9C24-4061-9B8A-B3AA4EB5B9EF}.Debug|Any CPU.ActiveCfg = Debug|iPhone
		{0981CFF7-9C24-4061-9B8A-B3AA4EB5B9EF}.Debug|iPhone.ActiveCfg = Debug|iPhone
		{0981CFF7-9C24-4061-9B8A-B3AA4EB5B9EF}.Debug|iPhone.Build.0 = Debug|iPhone
		{0981CFF7-9C24-4061-9B8A-B3AA4EB5B9EF}.Debug|iPhoneSimulator.ActiveCfg = Debug|iPhoneSimulator
		{0981CFF7-9C24-4061-9B8A-B3AA4EB5B9EF}.Debug|iPhoneSimulator.Build.0 = Debug|iPhoneSimulator
		{0981CFF7-9C24-4061-9B8A-B3AA4EB5B9EF}.MiProtocolConsole|Any CPU.ActiveCfg = Release|iPhone
		{0981CFF7-9C24-4061-9B8A-B3AA4EB5B9EF}.MiProtocolConsole|Any CPU.Build.0 = Release|iPhone
		{0981CFF7-9C24-4061-9B8A-B3AA4EB5B9EF}.MiProtocolConsole|iPhone.ActiveCfg = Release|iPhone
		{0981CFF7-9C24-4061-9B8A-B3AA4EB5B9EF}.MiProtocolConsole|iPhone.Build.0 = Release|iPhone
		{0981CFF7-9C24-4061-9B8A-B3AA4EB5B9EF}.MiProtocolConsole|iPhoneSimulator.ActiveCfg = Release|iPhoneSimulator
		{0981CFF7-9C24-4061-9B8A-B3AA4EB5B9EF}.MiProtocolConsole|iPhoneSimulator.Build.0 = Release|iPhoneSimulator
		{0981CFF7-9C24-4061-9B8A-B3AA4EB5B9EF}.Release|Any CPU.ActiveCfg = Release|iPhone
		{0981CFF7-9C24-4061-9B8A-B3AA4EB5B9EF}.Release|iPhone.ActiveCfg = Release|iPhone
		{0981CFF7-9C24-4061-9B8A-B3AA4EB5B9EF}.Release|iPhone.Build.0 = Release|iPhone
		{0981CFF7-9C24-4061-9B8A-B3AA4EB5B9EF}.Release|iPhoneSimulator.ActiveCfg = Release|iPhoneSimulator
		{0981CFF7-9C24-4061-9B8A-B3AA4EB5B9EF}.Release|iPhoneSimulator.Build.0 = Release|iPhoneSimulator
		{C6D86CBB-4804-4C26-AB34-98A11A2F162E}.Debug|Any CPU.ActiveCfg = Debug|Any CPU
		{C6D86CBB-4804-4C26-AB34-98A11A2F162E}.Debug|Any CPU.Build.0 = Debug|Any CPU
		{C6D86CBB-4804-4C26-AB34-98A11A2F162E}.Debug|iPhone.ActiveCfg = Debug|Any CPU
		{C6D86CBB-4804-4C26-AB34-98A11A2F162E}.Debug|iPhone.Build.0 = Debug|Any CPU
		{C6D86CBB-4804-4C26-AB34-98A11A2F162E}.Debug|iPhoneSimulator.ActiveCfg = Debug|Any CPU
		{C6D86CBB-4804-4C26-AB34-98A11A2F162E}.Debug|iPhoneSimulator.Build.0 = Debug|Any CPU
		{C6D86CBB-4804-4C26-AB34-98A11A2F162E}.MiProtocolConsole|Any CPU.ActiveCfg = Debug|Any CPU
		{C6D86CBB-4804-4C26-AB34-98A11A2F162E}.MiProtocolConsole|Any CPU.Build.0 = Debug|Any CPU
		{C6D86CBB-4804-4C26-AB34-98A11A2F162E}.MiProtocolConsole|iPhone.ActiveCfg = Debug|Any CPU
		{C6D86CBB-4804-4C26-AB34-98A11A2F162E}.MiProtocolConsole|iPhone.Build.0 = Debug|Any CPU
		{C6D86CBB-4804-4C26-AB34-98A11A2F162E}.MiProtocolConsole|iPhoneSimulator.ActiveCfg = Debug|Any CPU
		{C6D86CBB-4804-4C26-AB34-98A11A2F162E}.MiProtocolConsole|iPhoneSimulator.Build.0 = Debug|Any CPU
		{C6D86CBB-4804-4C26-AB34-98A11A2F162E}.Release|Any CPU.ActiveCfg = Release|Any CPU
		{C6D86CBB-4804-4C26-AB34-98A11A2F162E}.Release|Any CPU.Build.0 = Release|Any CPU
		{C6D86CBB-4804-4C26-AB34-98A11A2F162E}.Release|iPhone.ActiveCfg = Release|Any CPU
		{C6D86CBB-4804-4C26-AB34-98A11A2F162E}.Release|iPhone.Build.0 = Release|Any CPU
		{C6D86CBB-4804-4C26-AB34-98A11A2F162E}.Release|iPhoneSimulator.ActiveCfg = Release|Any CPU
		{C6D86CBB-4804-4C26-AB34-98A11A2F162E}.Release|iPhoneSimulator.Build.0 = Release|Any CPU
		{5FDBC91F-8308-4722-A6EE-18B5E84B74C2}.Debug|Any CPU.ActiveCfg = Debug|Any CPU
		{5FDBC91F-8308-4722-A6EE-18B5E84B74C2}.Debug|Any CPU.Build.0 = Debug|Any CPU
		{5FDBC91F-8308-4722-A6EE-18B5E84B74C2}.Debug|iPhone.ActiveCfg = Debug|Any CPU
		{5FDBC91F-8308-4722-A6EE-18B5E84B74C2}.Debug|iPhone.Build.0 = Debug|Any CPU
		{5FDBC91F-8308-4722-A6EE-18B5E84B74C2}.Debug|iPhoneSimulator.ActiveCfg = Debug|Any CPU
		{5FDBC91F-8308-4722-A6EE-18B5E84B74C2}.Debug|iPhoneSimulator.Build.0 = Debug|Any CPU
		{5FDBC91F-8308-4722-A6EE-18B5E84B74C2}.MiProtocolConsole|Any CPU.ActiveCfg = Debug|Any CPU
		{5FDBC91F-8308-4722-A6EE-18B5E84B74C2}.MiProtocolConsole|Any CPU.Build.0 = Debug|Any CPU
		{5FDBC91F-8308-4722-A6EE-18B5E84B74C2}.MiProtocolConsole|iPhone.ActiveCfg = Debug|Any CPU
		{5FDBC91F-8308-4722-A6EE-18B5E84B74C2}.MiProtocolConsole|iPhone.Build.0 = Debug|Any CPU
		{5FDBC91F-8308-4722-A6EE-18B5E84B74C2}.MiProtocolConsole|iPhoneSimulator.ActiveCfg = Debug|Any CPU
		{5FDBC91F-8308-4722-A6EE-18B5E84B74C2}.MiProtocolConsole|iPhoneSimulator.Build.0 = Debug|Any CPU
		{5FDBC91F-8308-4722-A6EE-18B5E84B74C2}.Release|Any CPU.ActiveCfg = Release|Any CPU
		{5FDBC91F-8308-4722-A6EE-18B5E84B74C2}.Release|Any CPU.Build.0 = Release|Any CPU
		{5FDBC91F-8308-4722-A6EE-18B5E84B74C2}.Release|iPhone.ActiveCfg = Release|Any CPU
		{5FDBC91F-8308-4722-A6EE-18B5E84B74C2}.Release|iPhone.Build.0 = Release|Any CPU
		{5FDBC91F-8308-4722-A6EE-18B5E84B74C2}.Release|iPhoneSimulator.ActiveCfg = Release|Any CPU
		{5FDBC91F-8308-4722-A6EE-18B5E84B74C2}.Release|iPhoneSimulator.Build.0 = Release|Any CPU
	EndGlobalSection
	GlobalSection(SolutionProperties) = preSolution
		HideSolutionNode = FALSE
	EndGlobalSection
	GlobalSection(NestedProjects) = preSolution
		{A4E19DBE-F582-45B7-AB39-5AFBD8B3FE97} = {107D240B-8287-4DD7-801C-C002E0E7FFAF}
		{0454CC76-EF8F-4580-B5BD-5A6E24623504} = {107D240B-8287-4DD7-801C-C002E0E7FFAF}
		{2BF8E6E5-96BC-4A74-BF64-24FCE75FBA01} = {0454CC76-EF8F-4580-B5BD-5A6E24623504}
		{229AE6F4-1BD2-4B75-A97E-4E928B903323} = {0454CC76-EF8F-4580-B5BD-5A6E24623504}
		{DADBA878-F46B-49A4-A7EA-B92CE0A5A366} = {107D240B-8287-4DD7-801C-C002E0E7FFAF}
		{EC7DDF34-F555-414F-9998-744A85516ED4} = {107D240B-8287-4DD7-801C-C002E0E7FFAF}
		{AE41EBB1-18AA-4D75-B51B-9541D519D81B} = {0454CC76-EF8F-4580-B5BD-5A6E24623504}
		{44A0295D-BAB8-4C77-91FD-8338A918AA62} = {AE41EBB1-18AA-4D75-B51B-9541D519D81B}
		{BCC8B57E-9241-465C-95E6-04E4A1AF5171} = {AE41EBB1-18AA-4D75-B51B-9541D519D81B}
		{1159271F-6F9C-4B73-BBC3-3942579D2B88} = {0EF988B9-EAF3-4315-A751-7BD23C31B872}
		{34F54274-BADF-49D2-89CD-CC2F23BC4A7D} = {107D240B-8287-4DD7-801C-C002E0E7FFAF}
		{19D1E2E0-84B8-4E5B-9F30-A2AD7E448968} = {0EF988B9-EAF3-4315-A751-7BD23C31B872}
		{7FA97582-1800-4815-B649-7DCC70BFAFB4} = {056E251F-79DE-4E37-96DB-B2DCD7E8C3D3}
		{0981CFF7-9C24-4061-9B8A-B3AA4EB5B9EF} = {056E251F-79DE-4E37-96DB-B2DCD7E8C3D3}
		{C6D86CBB-4804-4C26-AB34-98A11A2F162E} = {056E251F-79DE-4E37-96DB-B2DCD7E8C3D3}
		{5FDBC91F-8308-4722-A6EE-18B5E84B74C2} = {0EF988B9-EAF3-4315-A751-7BD23C31B872}
	EndGlobalSection
	GlobalSection(ExtensibilityGlobals) = postSolution
		SolutionGuid = {03A3F858-D214-4D58-B6B5-40A83CD805E2}
	EndGlobalSection
EndGlobal
