
Microsoft Visual Studio Solution File, Format Version 12.00
# Visual Studio 15
VisualStudioVersion = 15.0.27004.2010
MinimumVisualStudioVersion = 10.0.40219.1
Project("{2150E333-8FDC-42A3-9474-1A3956D46DE8}") = "GUI", "GUI", "{2A28EC01-0F71-4788-9A69-9620A0CDD436}"
EndProject
Project("{FAE04EC0-301F-11D3-BF4B-00C04F79EFBC}") = "Prover.GUI.Common", "Prover.GUI.Common\Prover.GUI.Common.csproj", "{904F99E1-2E5B-4C16-B900-7559D2E11553}"
EndProject
Global
	GlobalSection(SolutionConfigurationPlatforms) = preSolution
		Debug|Any CPU = Debug|Any CPU
		MiProtocolConsole|Any CPU = MiProtocolConsole|Any CPU
		Release|Any CPU = Release|Any CPU
	EndGlobalSection
	GlobalSection(ProjectConfigurationPlatforms) = postSolution
		{904F99E1-2E5B-4C16-B900-7559D2E11553}.Debug|Any CPU.ActiveCfg = Debug|Any CPU
		{904F99E1-2E5B-4C16-B900-7559D2E11553}.Debug|Any CPU.Build.0 = Debug|Any CPU
		{904F99E1-2E5B-4C16-B900-7559D2E11553}.MiProtocolConsole|Any CPU.ActiveCfg = Release|Any CPU
		{904F99E1-2E5B-4C16-B900-7559D2E11553}.MiProtocolConsole|Any CPU.Build.0 = Release|Any CPU
		{904F99E1-2E5B-4C16-B900-7559D2E11553}.Release|Any CPU.ActiveCfg = Release|Any CPU
		{904F99E1-2E5B-4C16-B900-7559D2E11553}.Release|Any CPU.Build.0 = Release|Any CPU
	EndGlobalSection
	GlobalSection(SolutionProperties) = preSolution
		HideSolutionNode = FALSE
	EndGlobalSection
	GlobalSection(NestedProjects) = preSolution
		{904F99E1-2E5B-4C16-B900-7559D2E11553} = {2A28EC01-0F71-4788-9A69-9620A0CDD436}
	EndGlobalSection
	GlobalSection(ExtensibilityGlobals) = postSolution
		SolutionGuid = {A2A9AF9E-D725-4888-84EF-82A2F1808F0E}
	EndGlobalSection
EndGlobal
