
Microsoft Visual Studio Solution File, Format Version 12.00
# Visual Studio Version 16
VisualStudioVersion = 16.0.28803.202
MinimumVisualStudioVersion = 10.0.40219.1
Project("{FAE04EC0-301F-11D3-BF4B-00C04F79EFBC}") = "Prover.GUI", "Prover.GUI\Prover.GUI.csproj", "{5D29B63B-D73F-4B8D-B004-ADBA15CD75F1}"
EndProject
Project("{FAE04EC0-301F-11D3-BF4B-00C04F79EFBC}") = "Prover.Core", "Prover.Core\Prover.Core.csproj", "{DE48160F-095D-40B1-8790-6CB560024CE5}"
EndProject
Project("{2150E333-8FDC-42A3-9474-1A3956D46DE8}") = "Tests", "Tests", "{B4E0078F-873F-4E5C-BFB3-3ED3B8FAFB9B}"
EndProject
Project("{2150E333-8FDC-42A3-9474-1A3956D46DE8}") = "Solution Items", "Solution Items", "{8AF5F328-52F1-4BA9-A205-3A395A329BA2}"
	ProjectSection(SolutionItems) = preProject
		WE-Markdown.css = WE-Markdown.css
	EndProjectSection
EndProject
Project("{2150E333-8FDC-42A3-9474-1A3956D46DE8}") = ".nuget", ".nuget", "{300BE497-91FF-4398-A9A2-08A29ABD8853}"
	ProjectSection(SolutionItems) = preProject
		.nuget\NuGet.Config = .nuget\NuGet.Config
		.nuget\NuGet.exe = .nuget\NuGet.exe
		.nuget\NuGet.targets = .nuget\NuGet.targets
	EndProjectSection
EndProject
Project("{2150E333-8FDC-42A3-9474-1A3956D46DE8}") = "CommProtocols", "CommProtocols", "{A62C434D-5F70-4692-9F2D-9DCF6CB73A2A}"
EndProject
Project("{F184B08F-C81C-45F6-A57F-5ABD9991F28F}") = "Prover.SuperFactorCalculations", "Prover.SuperFactorCalculations\Prover.SuperFactorCalculations.vbproj", "{D39DB1D2-6243-4FAA-931C-95FEBAA3A9C7}"
EndProject
Project("{2150E333-8FDC-42A3-9474-1A3956D46DE8}") = "ExternalIntegrations", "ExternalIntegrations", "{995685C4-0F24-40E0-B1B0-536377FDAFD2}"
EndProject
Project("{FAE04EC0-301F-11D3-BF4B-00C04F79EFBC}") = "UnionGas.MASA", "UnionGas.MASA\UnionGas.MASA.csproj", "{1C42434C-8218-44AA-B132-A5A57B9DE8B1}"
EndProject
Project("{FAE04EC0-301F-11D3-BF4B-00C04F79EFBC}") = "Prover.CommProtocol.Common", "Prover.CommProtocol.Common\Prover.CommProtocol.Common.csproj", "{FFBCA1C4-59CC-4401-BC0B-B97C53A9559B}"
EndProject
Project("{FAE04EC0-301F-11D3-BF4B-00C04F79EFBC}") = "Prover.CommProtocol.MiHoneywell", "Prover.CommProtocol.MiHoneywell\Prover.CommProtocol.MiHoneywell.csproj", "{07FACEC7-67D1-49A8-BB19-DDC7B636C689}"
EndProject
Project("{2150E333-8FDC-42A3-9474-1A3956D46DE8}") = "MiHoneywell", "MiHoneywell", "{7C53DB60-5DE9-4BAD-8FB1-FA0FB7EDE434}"
EndProject
Project("{F184B08F-C81C-45F6-A57F-5ABD9991F28F}") = "Prover.CommProtocol.MiHoneywell.CRC", "Prover.CommProtocol.MiHoneywell.CRC\Prover.CommProtocol.MiHoneywell.CRC.vbproj", "{8EEB9315-56E0-4A4F-9A36-3B9E8CCD47A1}"
EndProject
Project("{FAE04EC0-301F-11D3-BF4B-00C04F79EFBC}") = "Prover.CommProtocol.MiHoneywell.Console", "Prover.CommProtocol.MiHoneywell.Console\Prover.CommProtocol.MiHoneywell.Console.csproj", "{7A630399-E7B2-4227-A6D9-B492E911DB1E}"
EndProject
Project("{FAE04EC0-301F-11D3-BF4B-00C04F79EFBC}") = "Prover.Domain", "Prover.Domain\Prover.Domain.csproj", "{1DB4B2AB-8CBC-4570-AFC9-CF22358DF8FE}"
EndProject
Project("{FAE04EC0-301F-11D3-BF4B-00C04F79EFBC}") = "Prover.Core.Shared", "Prover.Core.Shared\Prover.Core.Shared.csproj", "{35FE4429-B8F5-4761-B401-A215D1B4EBA2}"
EndProject
Project("{FAE04EC0-301F-11D3-BF4B-00C04F79EFBC}") = "UnionGas.MASATests", "UnionGas.MASATests\UnionGas.MASATests.csproj", "{525B590C-7D9F-4803-A1AC-5A60015B0D4E}"
EndProject
Global
	GlobalSection(SolutionConfigurationPlatforms) = preSolution
		Debug|Any CPU = Debug|Any CPU
		Debug|x64 = Debug|x64
		Debug|x86 = Debug|x86
		MiProtocolConsole|Any CPU = MiProtocolConsole|Any CPU
		MiProtocolConsole|x64 = MiProtocolConsole|x64
		MiProtocolConsole|x86 = MiProtocolConsole|x86
		Release|Any CPU = Release|Any CPU
		Release|x64 = Release|x64
		Release|x86 = Release|x86
	EndGlobalSection
	GlobalSection(ProjectConfigurationPlatforms) = postSolution
		{5D29B63B-D73F-4B8D-B004-ADBA15CD75F1}.Debug|Any CPU.ActiveCfg = Debug|Any CPU
		{5D29B63B-D73F-4B8D-B004-ADBA15CD75F1}.Debug|Any CPU.Build.0 = Debug|Any CPU
		{5D29B63B-D73F-4B8D-B004-ADBA15CD75F1}.Debug|x64.ActiveCfg = Debug|Any CPU
		{5D29B63B-D73F-4B8D-B004-ADBA15CD75F1}.Debug|x86.ActiveCfg = Debug|Any CPU
		{5D29B63B-D73F-4B8D-B004-ADBA15CD75F1}.MiProtocolConsole|Any CPU.ActiveCfg = MiProtocolConsole|Any CPU
		{5D29B63B-D73F-4B8D-B004-ADBA15CD75F1}.MiProtocolConsole|x64.ActiveCfg = MiProtocolConsole|Any CPU
		{5D29B63B-D73F-4B8D-B004-ADBA15CD75F1}.MiProtocolConsole|x86.ActiveCfg = MiProtocolConsole|Any CPU
		{5D29B63B-D73F-4B8D-B004-ADBA15CD75F1}.Release|Any CPU.ActiveCfg = Release|Any CPU
		{5D29B63B-D73F-4B8D-B004-ADBA15CD75F1}.Release|Any CPU.Build.0 = Release|Any CPU
		{5D29B63B-D73F-4B8D-B004-ADBA15CD75F1}.Release|x64.ActiveCfg = Release|Any CPU
		{5D29B63B-D73F-4B8D-B004-ADBA15CD75F1}.Release|x86.ActiveCfg = Release|Any CPU
		{DE48160F-095D-40B1-8790-6CB560024CE5}.Debug|Any CPU.ActiveCfg = Debug|Any CPU
		{DE48160F-095D-40B1-8790-6CB560024CE5}.Debug|Any CPU.Build.0 = Debug|Any CPU
		{DE48160F-095D-40B1-8790-6CB560024CE5}.Debug|x64.ActiveCfg = Debug|Any CPU
		{DE48160F-095D-40B1-8790-6CB560024CE5}.Debug|x86.ActiveCfg = Debug|Any CPU
		{DE48160F-095D-40B1-8790-6CB560024CE5}.MiProtocolConsole|Any CPU.ActiveCfg = MiProtocolConsole|Any CPU
		{DE48160F-095D-40B1-8790-6CB560024CE5}.MiProtocolConsole|x64.ActiveCfg = MiProtocolConsole|Any CPU
		{DE48160F-095D-40B1-8790-6CB560024CE5}.MiProtocolConsole|x86.ActiveCfg = MiProtocolConsole|Any CPU
		{DE48160F-095D-40B1-8790-6CB560024CE5}.Release|Any CPU.ActiveCfg = Release|Any CPU
		{DE48160F-095D-40B1-8790-6CB560024CE5}.Release|Any CPU.Build.0 = Release|Any CPU
		{DE48160F-095D-40B1-8790-6CB560024CE5}.Release|x64.ActiveCfg = Release|Any CPU
		{DE48160F-095D-40B1-8790-6CB560024CE5}.Release|x86.ActiveCfg = Release|Any CPU
		{D39DB1D2-6243-4FAA-931C-95FEBAA3A9C7}.Debug|Any CPU.ActiveCfg = Debug|Any CPU
		{D39DB1D2-6243-4FAA-931C-95FEBAA3A9C7}.Debug|Any CPU.Build.0 = Debug|Any CPU
		{D39DB1D2-6243-4FAA-931C-95FEBAA3A9C7}.Debug|x64.ActiveCfg = Debug|Any CPU
		{D39DB1D2-6243-4FAA-931C-95FEBAA3A9C7}.Debug|x86.ActiveCfg = Debug|Any CPU
		{D39DB1D2-6243-4FAA-931C-95FEBAA3A9C7}.MiProtocolConsole|Any CPU.ActiveCfg = MiProtocolConsole|Any CPU
		{D39DB1D2-6243-4FAA-931C-95FEBAA3A9C7}.MiProtocolConsole|x64.ActiveCfg = MiProtocolConsole|Any CPU
		{D39DB1D2-6243-4FAA-931C-95FEBAA3A9C7}.MiProtocolConsole|x86.ActiveCfg = MiProtocolConsole|Any CPU
		{D39DB1D2-6243-4FAA-931C-95FEBAA3A9C7}.Release|Any CPU.ActiveCfg = Release|Any CPU
		{D39DB1D2-6243-4FAA-931C-95FEBAA3A9C7}.Release|Any CPU.Build.0 = Release|Any CPU
		{D39DB1D2-6243-4FAA-931C-95FEBAA3A9C7}.Release|x64.ActiveCfg = Release|Any CPU
		{D39DB1D2-6243-4FAA-931C-95FEBAA3A9C7}.Release|x86.ActiveCfg = Release|Any CPU
		{1C42434C-8218-44AA-B132-A5A57B9DE8B1}.Debug|Any CPU.ActiveCfg = Debug|Any CPU
		{1C42434C-8218-44AA-B132-A5A57B9DE8B1}.Debug|Any CPU.Build.0 = Debug|Any CPU
		{1C42434C-8218-44AA-B132-A5A57B9DE8B1}.Debug|Any CPU.Deploy.0 = Debug|Any CPU
		{1C42434C-8218-44AA-B132-A5A57B9DE8B1}.Debug|x64.ActiveCfg = Debug|Any CPU
		{1C42434C-8218-44AA-B132-A5A57B9DE8B1}.Debug|x64.Build.0 = Debug|Any CPU
		{1C42434C-8218-44AA-B132-A5A57B9DE8B1}.Debug|x86.ActiveCfg = Debug|Any CPU
		{1C42434C-8218-44AA-B132-A5A57B9DE8B1}.Debug|x86.Build.0 = Debug|Any CPU
		{1C42434C-8218-44AA-B132-A5A57B9DE8B1}.MiProtocolConsole|Any CPU.ActiveCfg = MiProtocolConsole|Any CPU
		{1C42434C-8218-44AA-B132-A5A57B9DE8B1}.MiProtocolConsole|x64.ActiveCfg = MiProtocolConsole|Any CPU
		{1C42434C-8218-44AA-B132-A5A57B9DE8B1}.MiProtocolConsole|x64.Build.0 = MiProtocolConsole|Any CPU
		{1C42434C-8218-44AA-B132-A5A57B9DE8B1}.MiProtocolConsole|x86.ActiveCfg = MiProtocolConsole|Any CPU
		{1C42434C-8218-44AA-B132-A5A57B9DE8B1}.MiProtocolConsole|x86.Build.0 = MiProtocolConsole|Any CPU
		{1C42434C-8218-44AA-B132-A5A57B9DE8B1}.Release|Any CPU.ActiveCfg = Release|Any CPU
		{1C42434C-8218-44AA-B132-A5A57B9DE8B1}.Release|Any CPU.Build.0 = Release|Any CPU
		{1C42434C-8218-44AA-B132-A5A57B9DE8B1}.Release|x64.ActiveCfg = Release|Any CPU
		{1C42434C-8218-44AA-B132-A5A57B9DE8B1}.Release|x64.Build.0 = Release|Any CPU
		{1C42434C-8218-44AA-B132-A5A57B9DE8B1}.Release|x86.ActiveCfg = Release|Any CPU
		{1C42434C-8218-44AA-B132-A5A57B9DE8B1}.Release|x86.Build.0 = Release|Any CPU
		{FFBCA1C4-59CC-4401-BC0B-B97C53A9559B}.Debug|Any CPU.ActiveCfg = Debug|Any CPU
		{FFBCA1C4-59CC-4401-BC0B-B97C53A9559B}.Debug|Any CPU.Build.0 = Debug|Any CPU
		{FFBCA1C4-59CC-4401-BC0B-B97C53A9559B}.Debug|x64.ActiveCfg = Debug|Any CPU
		{FFBCA1C4-59CC-4401-BC0B-B97C53A9559B}.Debug|x86.ActiveCfg = Debug|Any CPU
		{FFBCA1C4-59CC-4401-BC0B-B97C53A9559B}.MiProtocolConsole|Any CPU.ActiveCfg = MiProtocolConsole|Any CPU
		{FFBCA1C4-59CC-4401-BC0B-B97C53A9559B}.MiProtocolConsole|Any CPU.Build.0 = MiProtocolConsole|Any CPU
		{FFBCA1C4-59CC-4401-BC0B-B97C53A9559B}.MiProtocolConsole|x64.ActiveCfg = MiProtocolConsole|Any CPU
		{FFBCA1C4-59CC-4401-BC0B-B97C53A9559B}.MiProtocolConsole|x86.ActiveCfg = MiProtocolConsole|Any CPU
		{FFBCA1C4-59CC-4401-BC0B-B97C53A9559B}.Release|Any CPU.ActiveCfg = Release|Any CPU
		{FFBCA1C4-59CC-4401-BC0B-B97C53A9559B}.Release|Any CPU.Build.0 = Release|Any CPU
		{FFBCA1C4-59CC-4401-BC0B-B97C53A9559B}.Release|x64.ActiveCfg = Release|Any CPU
		{FFBCA1C4-59CC-4401-BC0B-B97C53A9559B}.Release|x86.ActiveCfg = Release|Any CPU
		{07FACEC7-67D1-49A8-BB19-DDC7B636C689}.Debug|Any CPU.ActiveCfg = Debug|Any CPU
		{07FACEC7-67D1-49A8-BB19-DDC7B636C689}.Debug|Any CPU.Build.0 = Debug|Any CPU
		{07FACEC7-67D1-49A8-BB19-DDC7B636C689}.Debug|x64.ActiveCfg = Debug|Any CPU
		{07FACEC7-67D1-49A8-BB19-DDC7B636C689}.Debug|x86.ActiveCfg = Debug|Any CPU
		{07FACEC7-67D1-49A8-BB19-DDC7B636C689}.MiProtocolConsole|Any CPU.ActiveCfg = MiProtocolConsole|Any CPU
		{07FACEC7-67D1-49A8-BB19-DDC7B636C689}.MiProtocolConsole|Any CPU.Build.0 = MiProtocolConsole|Any CPU
		{07FACEC7-67D1-49A8-BB19-DDC7B636C689}.MiProtocolConsole|x64.ActiveCfg = MiProtocolConsole|Any CPU
		{07FACEC7-67D1-49A8-BB19-DDC7B636C689}.MiProtocolConsole|x86.ActiveCfg = MiProtocolConsole|Any CPU
		{07FACEC7-67D1-49A8-BB19-DDC7B636C689}.Release|Any CPU.ActiveCfg = Release|Any CPU
		{07FACEC7-67D1-49A8-BB19-DDC7B636C689}.Release|Any CPU.Build.0 = Release|Any CPU
		{07FACEC7-67D1-49A8-BB19-DDC7B636C689}.Release|x64.ActiveCfg = Release|Any CPU
		{07FACEC7-67D1-49A8-BB19-DDC7B636C689}.Release|x86.ActiveCfg = Release|Any CPU
		{8EEB9315-56E0-4A4F-9A36-3B9E8CCD47A1}.Debug|Any CPU.ActiveCfg = Debug|Any CPU
		{8EEB9315-56E0-4A4F-9A36-3B9E8CCD47A1}.Debug|Any CPU.Build.0 = Debug|Any CPU
		{8EEB9315-56E0-4A4F-9A36-3B9E8CCD47A1}.Debug|x64.ActiveCfg = Debug|Any CPU
		{8EEB9315-56E0-4A4F-9A36-3B9E8CCD47A1}.Debug|x86.ActiveCfg = Debug|Any CPU
		{8EEB9315-56E0-4A4F-9A36-3B9E8CCD47A1}.MiProtocolConsole|Any CPU.ActiveCfg = MiProtocolConsole|Any CPU
		{8EEB9315-56E0-4A4F-9A36-3B9E8CCD47A1}.MiProtocolConsole|Any CPU.Build.0 = MiProtocolConsole|Any CPU
		{8EEB9315-56E0-4A4F-9A36-3B9E8CCD47A1}.MiProtocolConsole|x64.ActiveCfg = MiProtocolConsole|Any CPU
		{8EEB9315-56E0-4A4F-9A36-3B9E8CCD47A1}.MiProtocolConsole|x86.ActiveCfg = MiProtocolConsole|Any CPU
		{8EEB9315-56E0-4A4F-9A36-3B9E8CCD47A1}.Release|Any CPU.ActiveCfg = Release|Any CPU
		{8EEB9315-56E0-4A4F-9A36-3B9E8CCD47A1}.Release|Any CPU.Build.0 = Release|Any CPU
		{8EEB9315-56E0-4A4F-9A36-3B9E8CCD47A1}.Release|x64.ActiveCfg = Release|Any CPU
		{8EEB9315-56E0-4A4F-9A36-3B9E8CCD47A1}.Release|x86.ActiveCfg = Release|Any CPU
		{7A630399-E7B2-4227-A6D9-B492E911DB1E}.Debug|Any CPU.ActiveCfg = Debug|Any CPU
		{7A630399-E7B2-4227-A6D9-B492E911DB1E}.Debug|Any CPU.Build.0 = Debug|Any CPU
		{7A630399-E7B2-4227-A6D9-B492E911DB1E}.Debug|x64.ActiveCfg = Debug|Any CPU
		{7A630399-E7B2-4227-A6D9-B492E911DB1E}.Debug|x86.ActiveCfg = Debug|Any CPU
		{7A630399-E7B2-4227-A6D9-B492E911DB1E}.MiProtocolConsole|Any CPU.ActiveCfg = MiProtocolConsole|Any CPU
		{7A630399-E7B2-4227-A6D9-B492E911DB1E}.MiProtocolConsole|Any CPU.Build.0 = MiProtocolConsole|Any CPU
		{7A630399-E7B2-4227-A6D9-B492E911DB1E}.MiProtocolConsole|x64.ActiveCfg = MiProtocolConsole|Any CPU
		{7A630399-E7B2-4227-A6D9-B492E911DB1E}.MiProtocolConsole|x86.ActiveCfg = MiProtocolConsole|Any CPU
		{7A630399-E7B2-4227-A6D9-B492E911DB1E}.Release|Any CPU.ActiveCfg = Release|Any CPU
		{7A630399-E7B2-4227-A6D9-B492E911DB1E}.Release|Any CPU.Build.0 = Release|Any CPU
		{7A630399-E7B2-4227-A6D9-B492E911DB1E}.Release|x64.ActiveCfg = Release|Any CPU
		{7A630399-E7B2-4227-A6D9-B492E911DB1E}.Release|x86.ActiveCfg = Release|Any CPU
		{1DB4B2AB-8CBC-4570-AFC9-CF22358DF8FE}.Debug|Any CPU.ActiveCfg = Debug|Any CPU
		{1DB4B2AB-8CBC-4570-AFC9-CF22358DF8FE}.Debug|Any CPU.Build.0 = Debug|Any CPU
		{1DB4B2AB-8CBC-4570-AFC9-CF22358DF8FE}.Debug|x64.ActiveCfg = Debug|Any CPU
		{1DB4B2AB-8CBC-4570-AFC9-CF22358DF8FE}.Debug|x64.Build.0 = Debug|Any CPU
		{1DB4B2AB-8CBC-4570-AFC9-CF22358DF8FE}.Debug|x86.ActiveCfg = Debug|Any CPU
		{1DB4B2AB-8CBC-4570-AFC9-CF22358DF8FE}.Debug|x86.Build.0 = Debug|Any CPU
		{1DB4B2AB-8CBC-4570-AFC9-CF22358DF8FE}.MiProtocolConsole|Any CPU.ActiveCfg = Release|Any CPU
		{1DB4B2AB-8CBC-4570-AFC9-CF22358DF8FE}.MiProtocolConsole|Any CPU.Build.0 = Release|Any CPU
		{1DB4B2AB-8CBC-4570-AFC9-CF22358DF8FE}.MiProtocolConsole|x64.ActiveCfg = Release|Any CPU
		{1DB4B2AB-8CBC-4570-AFC9-CF22358DF8FE}.MiProtocolConsole|x64.Build.0 = Release|Any CPU
		{1DB4B2AB-8CBC-4570-AFC9-CF22358DF8FE}.MiProtocolConsole|x86.ActiveCfg = Release|Any CPU
		{1DB4B2AB-8CBC-4570-AFC9-CF22358DF8FE}.MiProtocolConsole|x86.Build.0 = Release|Any CPU
		{1DB4B2AB-8CBC-4570-AFC9-CF22358DF8FE}.Release|Any CPU.ActiveCfg = Release|Any CPU
		{1DB4B2AB-8CBC-4570-AFC9-CF22358DF8FE}.Release|Any CPU.Build.0 = Release|Any CPU
		{1DB4B2AB-8CBC-4570-AFC9-CF22358DF8FE}.Release|x64.ActiveCfg = Release|Any CPU
		{1DB4B2AB-8CBC-4570-AFC9-CF22358DF8FE}.Release|x64.Build.0 = Release|Any CPU
		{1DB4B2AB-8CBC-4570-AFC9-CF22358DF8FE}.Release|x86.ActiveCfg = Release|Any CPU
		{1DB4B2AB-8CBC-4570-AFC9-CF22358DF8FE}.Release|x86.Build.0 = Release|Any CPU
		{35FE4429-B8F5-4761-B401-A215D1B4EBA2}.Debug|Any CPU.ActiveCfg = Debug|Any CPU
		{35FE4429-B8F5-4761-B401-A215D1B4EBA2}.Debug|Any CPU.Build.0 = Debug|Any CPU
		{35FE4429-B8F5-4761-B401-A215D1B4EBA2}.Debug|x64.ActiveCfg = Debug|Any CPU
		{35FE4429-B8F5-4761-B401-A215D1B4EBA2}.Debug|x64.Build.0 = Debug|Any CPU
		{35FE4429-B8F5-4761-B401-A215D1B4EBA2}.Debug|x86.ActiveCfg = Debug|Any CPU
		{35FE4429-B8F5-4761-B401-A215D1B4EBA2}.Debug|x86.Build.0 = Debug|Any CPU
		{35FE4429-B8F5-4761-B401-A215D1B4EBA2}.MiProtocolConsole|Any CPU.ActiveCfg = Release|Any CPU
		{35FE4429-B8F5-4761-B401-A215D1B4EBA2}.MiProtocolConsole|Any CPU.Build.0 = Release|Any CPU
		{35FE4429-B8F5-4761-B401-A215D1B4EBA2}.MiProtocolConsole|x64.ActiveCfg = Release|Any CPU
		{35FE4429-B8F5-4761-B401-A215D1B4EBA2}.MiProtocolConsole|x64.Build.0 = Release|Any CPU
		{35FE4429-B8F5-4761-B401-A215D1B4EBA2}.MiProtocolConsole|x86.ActiveCfg = Release|Any CPU
		{35FE4429-B8F5-4761-B401-A215D1B4EBA2}.MiProtocolConsole|x86.Build.0 = Release|Any CPU
		{35FE4429-B8F5-4761-B401-A215D1B4EBA2}.Release|Any CPU.ActiveCfg = Release|Any CPU
		{35FE4429-B8F5-4761-B401-A215D1B4EBA2}.Release|Any CPU.Build.0 = Release|Any CPU
		{35FE4429-B8F5-4761-B401-A215D1B4EBA2}.Release|x64.ActiveCfg = Release|Any CPU
		{35FE4429-B8F5-4761-B401-A215D1B4EBA2}.Release|x64.Build.0 = Release|Any CPU
		{35FE4429-B8F5-4761-B401-A215D1B4EBA2}.Release|x86.ActiveCfg = Release|Any CPU
		{35FE4429-B8F5-4761-B401-A215D1B4EBA2}.Release|x86.Build.0 = Release|Any CPU
		{525B590C-7D9F-4803-A1AC-5A60015B0D4E}.Debug|Any CPU.ActiveCfg = Debug|Any CPU
		{525B590C-7D9F-4803-A1AC-5A60015B0D4E}.Debug|Any CPU.Build.0 = Debug|Any CPU
		{525B590C-7D9F-4803-A1AC-5A60015B0D4E}.Debug|x64.ActiveCfg = Debug|Any CPU
		{525B590C-7D9F-4803-A1AC-5A60015B0D4E}.Debug|x64.Build.0 = Debug|Any CPU
		{525B590C-7D9F-4803-A1AC-5A60015B0D4E}.Debug|x86.ActiveCfg = Debug|Any CPU
		{525B590C-7D9F-4803-A1AC-5A60015B0D4E}.Debug|x86.Build.0 = Debug|Any CPU
		{525B590C-7D9F-4803-A1AC-5A60015B0D4E}.MiProtocolConsole|Any CPU.ActiveCfg = Release|Any CPU
		{525B590C-7D9F-4803-A1AC-5A60015B0D4E}.MiProtocolConsole|Any CPU.Build.0 = Release|Any CPU
		{525B590C-7D9F-4803-A1AC-5A60015B0D4E}.MiProtocolConsole|x64.ActiveCfg = Release|Any CPU
		{525B590C-7D9F-4803-A1AC-5A60015B0D4E}.MiProtocolConsole|x64.Build.0 = Release|Any CPU
		{525B590C-7D9F-4803-A1AC-5A60015B0D4E}.MiProtocolConsole|x86.ActiveCfg = Release|Any CPU
		{525B590C-7D9F-4803-A1AC-5A60015B0D4E}.MiProtocolConsole|x86.Build.0 = Release|Any CPU
		{525B590C-7D9F-4803-A1AC-5A60015B0D4E}.Release|Any CPU.ActiveCfg = Release|Any CPU
		{525B590C-7D9F-4803-A1AC-5A60015B0D4E}.Release|Any CPU.Build.0 = Release|Any CPU
		{525B590C-7D9F-4803-A1AC-5A60015B0D4E}.Release|x64.ActiveCfg = Release|Any CPU
		{525B590C-7D9F-4803-A1AC-5A60015B0D4E}.Release|x64.Build.0 = Release|Any CPU
		{525B590C-7D9F-4803-A1AC-5A60015B0D4E}.Release|x86.ActiveCfg = Release|Any CPU
		{525B590C-7D9F-4803-A1AC-5A60015B0D4E}.Release|x86.Build.0 = Release|Any CPU
	EndGlobalSection
	GlobalSection(SolutionProperties) = preSolution
		HideSolutionNode = FALSE
	EndGlobalSection
	GlobalSection(NestedProjects) = preSolution
		{A62C434D-5F70-4692-9F2D-9DCF6CB73A2A} = {995685C4-0F24-40E0-B1B0-536377FDAFD2}
		{1C42434C-8218-44AA-B132-A5A57B9DE8B1} = {995685C4-0F24-40E0-B1B0-536377FDAFD2}
		{FFBCA1C4-59CC-4401-BC0B-B97C53A9559B} = {A62C434D-5F70-4692-9F2D-9DCF6CB73A2A}
		{07FACEC7-67D1-49A8-BB19-DDC7B636C689} = {7C53DB60-5DE9-4BAD-8FB1-FA0FB7EDE434}
		{7C53DB60-5DE9-4BAD-8FB1-FA0FB7EDE434} = {A62C434D-5F70-4692-9F2D-9DCF6CB73A2A}
		{8EEB9315-56E0-4A4F-9A36-3B9E8CCD47A1} = {7C53DB60-5DE9-4BAD-8FB1-FA0FB7EDE434}
		{7A630399-E7B2-4227-A6D9-B492E911DB1E} = {7C53DB60-5DE9-4BAD-8FB1-FA0FB7EDE434}
		{525B590C-7D9F-4803-A1AC-5A60015B0D4E} = {B4E0078F-873F-4E5C-BFB3-3ED3B8FAFB9B}
	EndGlobalSection
	GlobalSection(ExtensibilityGlobals) = postSolution
		SolutionGuid = {9288949F-46C4-426B-8891-A6660386728F}
	EndGlobalSection
EndGlobal
