
Microsoft Visual Studio Solution File, Format Version 12.00
# Visual Studio Version 16
VisualStudioVersion = 16.0.28803.202
MinimumVisualStudioVersion = 10.0.40219.1
Project("{2150E333-8FDC-42A3-9474-1A3956D46DE8}") = "Tests", "Tests", "{4CE11F70-ED31-4B4D-BD73-7B48F3054030}"
EndProject
Project("{2150E333-8FDC-42A3-9474-1A3956D46DE8}") = "DeviceProtocol", "DeviceProtocol", "{3B647860-A3F7-4AAD-A1D7-73292B55FCC3}"
EndProject
Project("{9A19103F-16F7-4668-BE54-9A1E7A4F7556}") = "Devices.Communications", "Devices\Devices.Communications\Devices.Communications.csproj", "{A4E19DBE-F582-45B7-AB39-5AFBD8B3FE97}"
EndProject
Project("{2150E333-8FDC-42A3-9474-1A3956D46DE8}") = "Honeywell", "Honeywell", "{0454CC76-EF8F-4580-B5BD-5A6E24623504}"
EndProject
Project("{9A19103F-16F7-4668-BE54-9A1E7A4F7556}") = "Devices.Honeywell.Core", "Devices\Devices.Honeywell.Core\Devices.Honeywell.Core.csproj", "{2BF8E6E5-96BC-4A74-BF64-24FCE75FBA01}"
EndProject
Project("{9A19103F-16F7-4668-BE54-9A1E7A4F7556}") = "Devices.Honeywell.Comm", "Devices\Devices.Honeywell.Comm\Devices.Honeywell.Comm.csproj", "{229AE6F4-1BD2-4B75-A97E-4E928B903323}"
EndProject
Project("{9A19103F-16F7-4668-BE54-9A1E7A4F7556}") = "Devices.Core", "Devices\Devices.Core\Devices.Core.csproj", "{EC7DDF34-F555-414F-9998-744A85516ED4}"
EndProject
Project("{2150E333-8FDC-42A3-9474-1A3956D46DE8}") = "Protocols", "Protocols", "{107D240B-8287-4DD7-801C-C002E0E7FFAF}"
EndProject
Project("{2150E333-8FDC-42A3-9474-1A3956D46DE8}") = "Romet", "Romet", "{293B67AD-EE10-45CE-A00A-E2DB82532CCB}"
EndProject
Project("{9A19103F-16F7-4668-BE54-9A1E7A4F7556}") = "Devices.Romet.Core", "Devices\Devices.Romet.Core\Devices.Romet.Core.csproj", "{10E39EA5-E6B5-4300-BD4B-F6BACC76D3F4}"
EndProject
Project("{9A19103F-16F7-4668-BE54-9A1E7A4F7556}") = "Prover.Shared", "Prover.Shared\Prover.Shared.csproj", "{22A1D2D7-C25D-4F4E-94AF-77E1E639CC78}"
EndProject
Project("{F184B08F-C81C-45F6-A57F-5ABD9991F28F}") = "Devices.Honeywell.Comm.Crc", "Devices\Devices.Honeywell.Comm.Crc\Devices.Honeywell.Comm.Crc.vbproj", "{D4A4DE0B-C310-4183-9E8C-389794D1DB79}"
EndProject
Project("{9A19103F-16F7-4668-BE54-9A1E7A4F7556}") = "Devices.Romet.Comm", "Devices\Devices.Romet.Comm\Devices.Romet.Comm.csproj", "{B833D521-075E-4D98-9CCB-7DE1A7A1106E}"
EndProject
Project("{9A19103F-16F7-4668-BE54-9A1E7A4F7556}") = "Prover.Calculations.Tests", "Tests\Tests.Core.GasCalculations\Prover.Calculations.Tests.csproj", "{94C5CA2B-9EBB-4926-A042-A504FD99845F}"
EndProject
Project("{9A19103F-16F7-4668-BE54-9A1E7A4F7556}") = "Prover.Application", "Prover.Application\Prover.Application.csproj", "{A6CC2DC9-558B-4DBF-8DAA-DDBACB0EEDD5}"
EndProject
Project("{9A19103F-16F7-4668-BE54-9A1E7A4F7556}") = "Testing.Shared", "Tests\Tests.Shared\Testing.Shared.csproj", "{F8C63C15-8E6B-4DD6-832A-B591FEC85021}"
EndProject
Project("{2150E333-8FDC-42A3-9474-1A3956D46DE8}") = "Solution Items", "Solution Items", "{750AB8A7-1501-4FD2-B42B-99E4C24ACE5B}"
	ProjectSection(SolutionItems) = preProject
		.editorconfig = .editorconfig
		..\src\WE-Markdown.css = ..\src\WE-Markdown.css
	EndProjectSection
EndProject
Project("{9A19103F-16F7-4668-BE54-9A1E7A4F7556}") = "Tests.Application", "Tests\Tests.Application\Tests.Application.csproj", "{F437379B-8C22-4674-B038-36734091F480}"
EndProject
Project("{9A19103F-16F7-4668-BE54-9A1E7A4F7556}") = "Prover.Modules.UnionGas", "Prover.Modules.UnionGas\Prover.Modules.UnionGas.csproj", "{37F544C0-FB4C-4ADA-9200-E54CD85E8AC7}"
EndProject
Project("{9A19103F-16F7-4668-BE54-9A1E7A4F7556}") = "Prover.Externals.MccDaq", "Prover.Externals.MccDaq\Prover.Externals.MccDaq.csproj", "{F4DC525C-3388-4200-892B-0505B4FFB740}"
EndProject
Project("{9A19103F-16F7-4668-BE54-9A1E7A4F7556}") = "Devices.Honeywell.Tests", "Devices\Devices.Honeywell.Tests\Devices.Honeywell.Tests.csproj", "{20143F76-8C1D-4F2C-8F1B-F76E81A87A56}"
EndProject
Project("{9A19103F-16F7-4668-BE54-9A1E7A4F7556}") = "Devices.Romet.Tests", "Devices\Devices.Romet.Tests\Devices.Romet.Tests.csproj", "{2C3DD000-D52B-463E-BED2-90B0BF2A9ADC}"
EndProject
Project("{9A19103F-16F7-4668-BE54-9A1E7A4F7556}") = "Prover.Modules.UnionGas.Tests", "Prover.Modules.UnionGas.Tests\Prover.Modules.UnionGas.Tests.csproj", "{E2F6C57C-0548-4ADC-8F03-74EF76A057F2}"
EndProject
Project("{9A19103F-16F7-4668-BE54-9A1E7A4F7556}") = "Prover.Legacy.Data.Migrations", "Prover.Legacy.Data.Migrations\Prover.Legacy.Data.Migrations.csproj", "{42B6B2D3-84AB-46D9-ADDA-406BC0C76E13}"
EndProject
Project("{9A19103F-16F7-4668-BE54-9A1E7A4F7556}") = "Prover.UI.Desktop", "Prover.UI.Desktop\Prover.UI.Desktop.csproj", "{0B42C33D-26DC-4E84-BA01-917FF4BADA48}"
EndProject
Project("{9A19103F-16F7-4668-BE54-9A1E7A4F7556}") = "Prover.Calculations", "Prover.Calculations\Prover.Calculations.csproj", "{8478EBB7-A086-4C7E-B49C-882E5DA33B4F}"
EndProject
Project("{778DAE3C-4631-46EA-AA77-85C1314464D9}") = "Prover.Calculations.ZFactor", "Prover.Calculations.ZFactor\Prover.Calculations.ZFactor.vbproj", "{EA8DBAF9-9E66-41DF-8E5A-948C998DFFFE}"
EndProject
Project("{9A19103F-16F7-4668-BE54-9A1E7A4F7556}") = "Prover.Storage.LiteDb", "Prover.Storage.LiteDb\Prover.Storage.LiteDb.csproj", "{51855F77-32AC-4785-9A55-1A8A1EF4E15D}"
EndProject
Project("{9A19103F-16F7-4668-BE54-9A1E7A4F7556}") = "Prover.Storage.MongoDb", "Prover.Storage.MongoDb\Prover.Storage.MongoDb.csproj", "{13A63BE0-7FD7-4BFB-B14A-75DEF2F60BB5}"
EndProject
Project("{9A19103F-16F7-4668-BE54-9A1E7A4F7556}") = "Prover.DevTools", "Prover.DevTools\Prover.DevTools.csproj", "{67985A50-16D6-4574-B74B-380FBE63A14F}"
EndProject
Global
	GlobalSection(SolutionConfigurationPlatforms) = preSolution
		Debug|Any CPU = Debug|Any CPU
		Debug|iPhone = Debug|iPhone
		Debug|iPhoneSimulator = Debug|iPhoneSimulator
		Debug|x64 = Debug|x64
		Debug|x86 = Debug|x86
		MiProtocolConsole|Any CPU = MiProtocolConsole|Any CPU
		MiProtocolConsole|iPhone = MiProtocolConsole|iPhone
		MiProtocolConsole|iPhoneSimulator = MiProtocolConsole|iPhoneSimulator
		MiProtocolConsole|x64 = MiProtocolConsole|x64
		MiProtocolConsole|x86 = MiProtocolConsole|x86
		Release - Union Gas|Any CPU = Release - Union Gas|Any CPU
		Release - Union Gas|iPhone = Release - Union Gas|iPhone
		Release - Union Gas|iPhoneSimulator = Release - Union Gas|iPhoneSimulator
		Release - Union Gas|x64 = Release - Union Gas|x64
		Release - Union Gas|x86 = Release - Union Gas|x86
		Release|Any CPU = Release|Any CPU
		Release|iPhone = Release|iPhone
		Release|iPhoneSimulator = Release|iPhoneSimulator
		Release|x64 = Release|x64
		Release|x86 = Release|x86
	EndGlobalSection
	GlobalSection(ProjectConfigurationPlatforms) = postSolution
		{A4E19DBE-F582-45B7-AB39-5AFBD8B3FE97}.Debug|Any CPU.ActiveCfg = Debug|Any CPU
		{A4E19DBE-F582-45B7-AB39-5AFBD8B3FE97}.Debug|Any CPU.Build.0 = Debug|Any CPU
		{A4E19DBE-F582-45B7-AB39-5AFBD8B3FE97}.Debug|iPhone.ActiveCfg = Debug|Any CPU
		{A4E19DBE-F582-45B7-AB39-5AFBD8B3FE97}.Debug|iPhone.Build.0 = Debug|Any CPU
		{A4E19DBE-F582-45B7-AB39-5AFBD8B3FE97}.Debug|iPhoneSimulator.ActiveCfg = Debug|Any CPU
		{A4E19DBE-F582-45B7-AB39-5AFBD8B3FE97}.Debug|iPhoneSimulator.Build.0 = Debug|Any CPU
		{A4E19DBE-F582-45B7-AB39-5AFBD8B3FE97}.Debug|x64.ActiveCfg = Debug|Any CPU
		{A4E19DBE-F582-45B7-AB39-5AFBD8B3FE97}.Debug|x64.Build.0 = Debug|Any CPU
		{A4E19DBE-F582-45B7-AB39-5AFBD8B3FE97}.Debug|x86.ActiveCfg = Debug|Any CPU
		{A4E19DBE-F582-45B7-AB39-5AFBD8B3FE97}.Debug|x86.Build.0 = Debug|Any CPU
		{A4E19DBE-F582-45B7-AB39-5AFBD8B3FE97}.MiProtocolConsole|Any CPU.ActiveCfg = Release|Any CPU
		{A4E19DBE-F582-45B7-AB39-5AFBD8B3FE97}.MiProtocolConsole|Any CPU.Build.0 = Release|Any CPU
		{A4E19DBE-F582-45B7-AB39-5AFBD8B3FE97}.MiProtocolConsole|iPhone.ActiveCfg = Release|Any CPU
		{A4E19DBE-F582-45B7-AB39-5AFBD8B3FE97}.MiProtocolConsole|iPhone.Build.0 = Release|Any CPU
		{A4E19DBE-F582-45B7-AB39-5AFBD8B3FE97}.MiProtocolConsole|iPhoneSimulator.ActiveCfg = Release|Any CPU
		{A4E19DBE-F582-45B7-AB39-5AFBD8B3FE97}.MiProtocolConsole|iPhoneSimulator.Build.0 = Release|Any CPU
		{A4E19DBE-F582-45B7-AB39-5AFBD8B3FE97}.MiProtocolConsole|x64.ActiveCfg = Release|Any CPU
		{A4E19DBE-F582-45B7-AB39-5AFBD8B3FE97}.MiProtocolConsole|x64.Build.0 = Release|Any CPU
		{A4E19DBE-F582-45B7-AB39-5AFBD8B3FE97}.MiProtocolConsole|x86.ActiveCfg = Release|Any CPU
		{A4E19DBE-F582-45B7-AB39-5AFBD8B3FE97}.MiProtocolConsole|x86.Build.0 = Release|Any CPU
		{A4E19DBE-F582-45B7-AB39-5AFBD8B3FE97}.Release - Union Gas|Any CPU.ActiveCfg = Release|Any CPU
		{A4E19DBE-F582-45B7-AB39-5AFBD8B3FE97}.Release - Union Gas|Any CPU.Build.0 = Release|Any CPU
		{A4E19DBE-F582-45B7-AB39-5AFBD8B3FE97}.Release - Union Gas|iPhone.ActiveCfg = Release|Any CPU
		{A4E19DBE-F582-45B7-AB39-5AFBD8B3FE97}.Release - Union Gas|iPhone.Build.0 = Release|Any CPU
		{A4E19DBE-F582-45B7-AB39-5AFBD8B3FE97}.Release - Union Gas|iPhoneSimulator.ActiveCfg = Release|Any CPU
		{A4E19DBE-F582-45B7-AB39-5AFBD8B3FE97}.Release - Union Gas|iPhoneSimulator.Build.0 = Release|Any CPU
		{A4E19DBE-F582-45B7-AB39-5AFBD8B3FE97}.Release - Union Gas|x64.ActiveCfg = Release|Any CPU
		{A4E19DBE-F582-45B7-AB39-5AFBD8B3FE97}.Release - Union Gas|x64.Build.0 = Release|Any CPU
		{A4E19DBE-F582-45B7-AB39-5AFBD8B3FE97}.Release - Union Gas|x86.ActiveCfg = Release|Any CPU
		{A4E19DBE-F582-45B7-AB39-5AFBD8B3FE97}.Release - Union Gas|x86.Build.0 = Release|Any CPU
		{A4E19DBE-F582-45B7-AB39-5AFBD8B3FE97}.Release|Any CPU.ActiveCfg = Release|Any CPU
		{A4E19DBE-F582-45B7-AB39-5AFBD8B3FE97}.Release|Any CPU.Build.0 = Release|Any CPU
		{A4E19DBE-F582-45B7-AB39-5AFBD8B3FE97}.Release|iPhone.ActiveCfg = Release|Any CPU
		{A4E19DBE-F582-45B7-AB39-5AFBD8B3FE97}.Release|iPhone.Build.0 = Release|Any CPU
		{A4E19DBE-F582-45B7-AB39-5AFBD8B3FE97}.Release|iPhoneSimulator.ActiveCfg = Release|Any CPU
		{A4E19DBE-F582-45B7-AB39-5AFBD8B3FE97}.Release|iPhoneSimulator.Build.0 = Release|Any CPU
		{A4E19DBE-F582-45B7-AB39-5AFBD8B3FE97}.Release|x64.ActiveCfg = Release|Any CPU
		{A4E19DBE-F582-45B7-AB39-5AFBD8B3FE97}.Release|x64.Build.0 = Release|Any CPU
		{A4E19DBE-F582-45B7-AB39-5AFBD8B3FE97}.Release|x86.ActiveCfg = Release|Any CPU
		{A4E19DBE-F582-45B7-AB39-5AFBD8B3FE97}.Release|x86.Build.0 = Release|Any CPU
		{2BF8E6E5-96BC-4A74-BF64-24FCE75FBA01}.Debug|Any CPU.ActiveCfg = Debug|Any CPU
		{2BF8E6E5-96BC-4A74-BF64-24FCE75FBA01}.Debug|Any CPU.Build.0 = Debug|Any CPU
		{2BF8E6E5-96BC-4A74-BF64-24FCE75FBA01}.Debug|iPhone.ActiveCfg = Debug|Any CPU
		{2BF8E6E5-96BC-4A74-BF64-24FCE75FBA01}.Debug|iPhone.Build.0 = Debug|Any CPU
		{2BF8E6E5-96BC-4A74-BF64-24FCE75FBA01}.Debug|iPhoneSimulator.ActiveCfg = Debug|Any CPU
		{2BF8E6E5-96BC-4A74-BF64-24FCE75FBA01}.Debug|iPhoneSimulator.Build.0 = Debug|Any CPU
		{2BF8E6E5-96BC-4A74-BF64-24FCE75FBA01}.Debug|x64.ActiveCfg = Debug|Any CPU
		{2BF8E6E5-96BC-4A74-BF64-24FCE75FBA01}.Debug|x64.Build.0 = Debug|Any CPU
		{2BF8E6E5-96BC-4A74-BF64-24FCE75FBA01}.Debug|x86.ActiveCfg = Debug|Any CPU
		{2BF8E6E5-96BC-4A74-BF64-24FCE75FBA01}.Debug|x86.Build.0 = Debug|Any CPU
		{2BF8E6E5-96BC-4A74-BF64-24FCE75FBA01}.MiProtocolConsole|Any CPU.ActiveCfg = Release|Any CPU
		{2BF8E6E5-96BC-4A74-BF64-24FCE75FBA01}.MiProtocolConsole|Any CPU.Build.0 = Release|Any CPU
		{2BF8E6E5-96BC-4A74-BF64-24FCE75FBA01}.MiProtocolConsole|iPhone.ActiveCfg = Release|Any CPU
		{2BF8E6E5-96BC-4A74-BF64-24FCE75FBA01}.MiProtocolConsole|iPhone.Build.0 = Release|Any CPU
		{2BF8E6E5-96BC-4A74-BF64-24FCE75FBA01}.MiProtocolConsole|iPhoneSimulator.ActiveCfg = Release|Any CPU
		{2BF8E6E5-96BC-4A74-BF64-24FCE75FBA01}.MiProtocolConsole|iPhoneSimulator.Build.0 = Release|Any CPU
		{2BF8E6E5-96BC-4A74-BF64-24FCE75FBA01}.MiProtocolConsole|x64.ActiveCfg = Release|Any CPU
		{2BF8E6E5-96BC-4A74-BF64-24FCE75FBA01}.MiProtocolConsole|x64.Build.0 = Release|Any CPU
		{2BF8E6E5-96BC-4A74-BF64-24FCE75FBA01}.MiProtocolConsole|x86.ActiveCfg = Release|Any CPU
		{2BF8E6E5-96BC-4A74-BF64-24FCE75FBA01}.MiProtocolConsole|x86.Build.0 = Release|Any CPU
		{2BF8E6E5-96BC-4A74-BF64-24FCE75FBA01}.Release - Union Gas|Any CPU.ActiveCfg = Release|Any CPU
		{2BF8E6E5-96BC-4A74-BF64-24FCE75FBA01}.Release - Union Gas|Any CPU.Build.0 = Release|Any CPU
		{2BF8E6E5-96BC-4A74-BF64-24FCE75FBA01}.Release - Union Gas|iPhone.ActiveCfg = Release|Any CPU
		{2BF8E6E5-96BC-4A74-BF64-24FCE75FBA01}.Release - Union Gas|iPhone.Build.0 = Release|Any CPU
		{2BF8E6E5-96BC-4A74-BF64-24FCE75FBA01}.Release - Union Gas|iPhoneSimulator.ActiveCfg = Release|Any CPU
		{2BF8E6E5-96BC-4A74-BF64-24FCE75FBA01}.Release - Union Gas|iPhoneSimulator.Build.0 = Release|Any CPU
		{2BF8E6E5-96BC-4A74-BF64-24FCE75FBA01}.Release - Union Gas|x64.ActiveCfg = Release|Any CPU
		{2BF8E6E5-96BC-4A74-BF64-24FCE75FBA01}.Release - Union Gas|x64.Build.0 = Release|Any CPU
		{2BF8E6E5-96BC-4A74-BF64-24FCE75FBA01}.Release - Union Gas|x86.ActiveCfg = Release|Any CPU
		{2BF8E6E5-96BC-4A74-BF64-24FCE75FBA01}.Release - Union Gas|x86.Build.0 = Release|Any CPU
		{2BF8E6E5-96BC-4A74-BF64-24FCE75FBA01}.Release|Any CPU.ActiveCfg = Release|Any CPU
		{2BF8E6E5-96BC-4A74-BF64-24FCE75FBA01}.Release|Any CPU.Build.0 = Release|Any CPU
		{2BF8E6E5-96BC-4A74-BF64-24FCE75FBA01}.Release|iPhone.ActiveCfg = Release|Any CPU
		{2BF8E6E5-96BC-4A74-BF64-24FCE75FBA01}.Release|iPhone.Build.0 = Release|Any CPU
		{2BF8E6E5-96BC-4A74-BF64-24FCE75FBA01}.Release|iPhoneSimulator.ActiveCfg = Release|Any CPU
		{2BF8E6E5-96BC-4A74-BF64-24FCE75FBA01}.Release|iPhoneSimulator.Build.0 = Release|Any CPU
		{2BF8E6E5-96BC-4A74-BF64-24FCE75FBA01}.Release|x64.ActiveCfg = Release|Any CPU
		{2BF8E6E5-96BC-4A74-BF64-24FCE75FBA01}.Release|x64.Build.0 = Release|Any CPU
		{2BF8E6E5-96BC-4A74-BF64-24FCE75FBA01}.Release|x86.ActiveCfg = Release|Any CPU
		{2BF8E6E5-96BC-4A74-BF64-24FCE75FBA01}.Release|x86.Build.0 = Release|Any CPU
		{229AE6F4-1BD2-4B75-A97E-4E928B903323}.Debug|Any CPU.ActiveCfg = Debug|Any CPU
		{229AE6F4-1BD2-4B75-A97E-4E928B903323}.Debug|Any CPU.Build.0 = Debug|Any CPU
		{229AE6F4-1BD2-4B75-A97E-4E928B903323}.Debug|iPhone.ActiveCfg = Debug|Any CPU
		{229AE6F4-1BD2-4B75-A97E-4E928B903323}.Debug|iPhone.Build.0 = Debug|Any CPU
		{229AE6F4-1BD2-4B75-A97E-4E928B903323}.Debug|iPhoneSimulator.ActiveCfg = Debug|Any CPU
		{229AE6F4-1BD2-4B75-A97E-4E928B903323}.Debug|iPhoneSimulator.Build.0 = Debug|Any CPU
		{229AE6F4-1BD2-4B75-A97E-4E928B903323}.Debug|x64.ActiveCfg = Debug|Any CPU
		{229AE6F4-1BD2-4B75-A97E-4E928B903323}.Debug|x64.Build.0 = Debug|Any CPU
		{229AE6F4-1BD2-4B75-A97E-4E928B903323}.Debug|x86.ActiveCfg = Debug|Any CPU
		{229AE6F4-1BD2-4B75-A97E-4E928B903323}.Debug|x86.Build.0 = Debug|Any CPU
		{229AE6F4-1BD2-4B75-A97E-4E928B903323}.MiProtocolConsole|Any CPU.ActiveCfg = Release|Any CPU
		{229AE6F4-1BD2-4B75-A97E-4E928B903323}.MiProtocolConsole|Any CPU.Build.0 = Release|Any CPU
		{229AE6F4-1BD2-4B75-A97E-4E928B903323}.MiProtocolConsole|iPhone.ActiveCfg = Release|Any CPU
		{229AE6F4-1BD2-4B75-A97E-4E928B903323}.MiProtocolConsole|iPhone.Build.0 = Release|Any CPU
		{229AE6F4-1BD2-4B75-A97E-4E928B903323}.MiProtocolConsole|iPhoneSimulator.ActiveCfg = Release|Any CPU
		{229AE6F4-1BD2-4B75-A97E-4E928B903323}.MiProtocolConsole|iPhoneSimulator.Build.0 = Release|Any CPU
		{229AE6F4-1BD2-4B75-A97E-4E928B903323}.MiProtocolConsole|x64.ActiveCfg = Release|Any CPU
		{229AE6F4-1BD2-4B75-A97E-4E928B903323}.MiProtocolConsole|x64.Build.0 = Release|Any CPU
		{229AE6F4-1BD2-4B75-A97E-4E928B903323}.MiProtocolConsole|x86.ActiveCfg = Release|Any CPU
		{229AE6F4-1BD2-4B75-A97E-4E928B903323}.MiProtocolConsole|x86.Build.0 = Release|Any CPU
		{229AE6F4-1BD2-4B75-A97E-4E928B903323}.Release - Union Gas|Any CPU.ActiveCfg = Release|Any CPU
		{229AE6F4-1BD2-4B75-A97E-4E928B903323}.Release - Union Gas|Any CPU.Build.0 = Release|Any CPU
		{229AE6F4-1BD2-4B75-A97E-4E928B903323}.Release - Union Gas|iPhone.ActiveCfg = Release|Any CPU
		{229AE6F4-1BD2-4B75-A97E-4E928B903323}.Release - Union Gas|iPhone.Build.0 = Release|Any CPU
		{229AE6F4-1BD2-4B75-A97E-4E928B903323}.Release - Union Gas|iPhoneSimulator.ActiveCfg = Release|Any CPU
		{229AE6F4-1BD2-4B75-A97E-4E928B903323}.Release - Union Gas|iPhoneSimulator.Build.0 = Release|Any CPU
		{229AE6F4-1BD2-4B75-A97E-4E928B903323}.Release - Union Gas|x64.ActiveCfg = Release|Any CPU
		{229AE6F4-1BD2-4B75-A97E-4E928B903323}.Release - Union Gas|x64.Build.0 = Release|Any CPU
		{229AE6F4-1BD2-4B75-A97E-4E928B903323}.Release - Union Gas|x86.ActiveCfg = Release|Any CPU
		{229AE6F4-1BD2-4B75-A97E-4E928B903323}.Release - Union Gas|x86.Build.0 = Release|Any CPU
		{229AE6F4-1BD2-4B75-A97E-4E928B903323}.Release|Any CPU.ActiveCfg = Release|Any CPU
		{229AE6F4-1BD2-4B75-A97E-4E928B903323}.Release|Any CPU.Build.0 = Release|Any CPU
		{229AE6F4-1BD2-4B75-A97E-4E928B903323}.Release|iPhone.ActiveCfg = Release|Any CPU
		{229AE6F4-1BD2-4B75-A97E-4E928B903323}.Release|iPhone.Build.0 = Release|Any CPU
		{229AE6F4-1BD2-4B75-A97E-4E928B903323}.Release|iPhoneSimulator.ActiveCfg = Release|Any CPU
		{229AE6F4-1BD2-4B75-A97E-4E928B903323}.Release|iPhoneSimulator.Build.0 = Release|Any CPU
		{229AE6F4-1BD2-4B75-A97E-4E928B903323}.Release|x64.ActiveCfg = Release|Any CPU
		{229AE6F4-1BD2-4B75-A97E-4E928B903323}.Release|x64.Build.0 = Release|Any CPU
		{229AE6F4-1BD2-4B75-A97E-4E928B903323}.Release|x86.ActiveCfg = Release|Any CPU
		{229AE6F4-1BD2-4B75-A97E-4E928B903323}.Release|x86.Build.0 = Release|Any CPU
		{EC7DDF34-F555-414F-9998-744A85516ED4}.Debug|Any CPU.ActiveCfg = Debug|Any CPU
		{EC7DDF34-F555-414F-9998-744A85516ED4}.Debug|Any CPU.Build.0 = Debug|Any CPU
		{EC7DDF34-F555-414F-9998-744A85516ED4}.Debug|iPhone.ActiveCfg = Debug|Any CPU
		{EC7DDF34-F555-414F-9998-744A85516ED4}.Debug|iPhone.Build.0 = Debug|Any CPU
		{EC7DDF34-F555-414F-9998-744A85516ED4}.Debug|iPhoneSimulator.ActiveCfg = Debug|Any CPU
		{EC7DDF34-F555-414F-9998-744A85516ED4}.Debug|iPhoneSimulator.Build.0 = Debug|Any CPU
		{EC7DDF34-F555-414F-9998-744A85516ED4}.Debug|x64.ActiveCfg = Debug|Any CPU
		{EC7DDF34-F555-414F-9998-744A85516ED4}.Debug|x64.Build.0 = Debug|Any CPU
		{EC7DDF34-F555-414F-9998-744A85516ED4}.Debug|x86.ActiveCfg = Debug|Any CPU
		{EC7DDF34-F555-414F-9998-744A85516ED4}.Debug|x86.Build.0 = Debug|Any CPU
		{EC7DDF34-F555-414F-9998-744A85516ED4}.MiProtocolConsole|Any CPU.ActiveCfg = Debug|Any CPU
		{EC7DDF34-F555-414F-9998-744A85516ED4}.MiProtocolConsole|Any CPU.Build.0 = Debug|Any CPU
		{EC7DDF34-F555-414F-9998-744A85516ED4}.MiProtocolConsole|iPhone.ActiveCfg = Release|Any CPU
		{EC7DDF34-F555-414F-9998-744A85516ED4}.MiProtocolConsole|iPhone.Build.0 = Release|Any CPU
		{EC7DDF34-F555-414F-9998-744A85516ED4}.MiProtocolConsole|iPhoneSimulator.ActiveCfg = Release|Any CPU
		{EC7DDF34-F555-414F-9998-744A85516ED4}.MiProtocolConsole|iPhoneSimulator.Build.0 = Release|Any CPU
		{EC7DDF34-F555-414F-9998-744A85516ED4}.MiProtocolConsole|x64.ActiveCfg = Release|Any CPU
		{EC7DDF34-F555-414F-9998-744A85516ED4}.MiProtocolConsole|x64.Build.0 = Release|Any CPU
		{EC7DDF34-F555-414F-9998-744A85516ED4}.MiProtocolConsole|x86.ActiveCfg = Release|Any CPU
		{EC7DDF34-F555-414F-9998-744A85516ED4}.MiProtocolConsole|x86.Build.0 = Release|Any CPU
		{EC7DDF34-F555-414F-9998-744A85516ED4}.Release - Union Gas|Any CPU.ActiveCfg = Release|Any CPU
		{EC7DDF34-F555-414F-9998-744A85516ED4}.Release - Union Gas|Any CPU.Build.0 = Release|Any CPU
		{EC7DDF34-F555-414F-9998-744A85516ED4}.Release - Union Gas|iPhone.ActiveCfg = Release|Any CPU
		{EC7DDF34-F555-414F-9998-744A85516ED4}.Release - Union Gas|iPhone.Build.0 = Release|Any CPU
		{EC7DDF34-F555-414F-9998-744A85516ED4}.Release - Union Gas|iPhoneSimulator.ActiveCfg = Release|Any CPU
		{EC7DDF34-F555-414F-9998-744A85516ED4}.Release - Union Gas|iPhoneSimulator.Build.0 = Release|Any CPU
		{EC7DDF34-F555-414F-9998-744A85516ED4}.Release - Union Gas|x64.ActiveCfg = Release|Any CPU
		{EC7DDF34-F555-414F-9998-744A85516ED4}.Release - Union Gas|x64.Build.0 = Release|Any CPU
		{EC7DDF34-F555-414F-9998-744A85516ED4}.Release - Union Gas|x86.ActiveCfg = Release|Any CPU
		{EC7DDF34-F555-414F-9998-744A85516ED4}.Release - Union Gas|x86.Build.0 = Release|Any CPU
		{EC7DDF34-F555-414F-9998-744A85516ED4}.Release|Any CPU.ActiveCfg = Release|Any CPU
		{EC7DDF34-F555-414F-9998-744A85516ED4}.Release|Any CPU.Build.0 = Release|Any CPU
		{EC7DDF34-F555-414F-9998-744A85516ED4}.Release|iPhone.ActiveCfg = Release|Any CPU
		{EC7DDF34-F555-414F-9998-744A85516ED4}.Release|iPhone.Build.0 = Release|Any CPU
		{EC7DDF34-F555-414F-9998-744A85516ED4}.Release|iPhoneSimulator.ActiveCfg = Release|Any CPU
		{EC7DDF34-F555-414F-9998-744A85516ED4}.Release|iPhoneSimulator.Build.0 = Release|Any CPU
		{EC7DDF34-F555-414F-9998-744A85516ED4}.Release|x64.ActiveCfg = Release|Any CPU
		{EC7DDF34-F555-414F-9998-744A85516ED4}.Release|x64.Build.0 = Release|Any CPU
		{EC7DDF34-F555-414F-9998-744A85516ED4}.Release|x86.ActiveCfg = Release|Any CPU
		{EC7DDF34-F555-414F-9998-744A85516ED4}.Release|x86.Build.0 = Release|Any CPU
		{10E39EA5-E6B5-4300-BD4B-F6BACC76D3F4}.Debug|Any CPU.ActiveCfg = Debug|Any CPU
		{10E39EA5-E6B5-4300-BD4B-F6BACC76D3F4}.Debug|Any CPU.Build.0 = Debug|Any CPU
		{10E39EA5-E6B5-4300-BD4B-F6BACC76D3F4}.Debug|iPhone.ActiveCfg = Debug|Any CPU
		{10E39EA5-E6B5-4300-BD4B-F6BACC76D3F4}.Debug|iPhone.Build.0 = Debug|Any CPU
		{10E39EA5-E6B5-4300-BD4B-F6BACC76D3F4}.Debug|iPhoneSimulator.ActiveCfg = Debug|Any CPU
		{10E39EA5-E6B5-4300-BD4B-F6BACC76D3F4}.Debug|iPhoneSimulator.Build.0 = Debug|Any CPU
		{10E39EA5-E6B5-4300-BD4B-F6BACC76D3F4}.Debug|x64.ActiveCfg = Debug|Any CPU
		{10E39EA5-E6B5-4300-BD4B-F6BACC76D3F4}.Debug|x64.Build.0 = Debug|Any CPU
		{10E39EA5-E6B5-4300-BD4B-F6BACC76D3F4}.Debug|x86.ActiveCfg = Debug|Any CPU
		{10E39EA5-E6B5-4300-BD4B-F6BACC76D3F4}.Debug|x86.Build.0 = Debug|Any CPU
		{10E39EA5-E6B5-4300-BD4B-F6BACC76D3F4}.MiProtocolConsole|Any CPU.ActiveCfg = Debug|Any CPU
		{10E39EA5-E6B5-4300-BD4B-F6BACC76D3F4}.MiProtocolConsole|Any CPU.Build.0 = Debug|Any CPU
		{10E39EA5-E6B5-4300-BD4B-F6BACC76D3F4}.MiProtocolConsole|iPhone.ActiveCfg = Debug|Any CPU
		{10E39EA5-E6B5-4300-BD4B-F6BACC76D3F4}.MiProtocolConsole|iPhone.Build.0 = Debug|Any CPU
		{10E39EA5-E6B5-4300-BD4B-F6BACC76D3F4}.MiProtocolConsole|iPhoneSimulator.ActiveCfg = Debug|Any CPU
		{10E39EA5-E6B5-4300-BD4B-F6BACC76D3F4}.MiProtocolConsole|iPhoneSimulator.Build.0 = Debug|Any CPU
		{10E39EA5-E6B5-4300-BD4B-F6BACC76D3F4}.MiProtocolConsole|x64.ActiveCfg = Release|Any CPU
		{10E39EA5-E6B5-4300-BD4B-F6BACC76D3F4}.MiProtocolConsole|x64.Build.0 = Release|Any CPU
		{10E39EA5-E6B5-4300-BD4B-F6BACC76D3F4}.MiProtocolConsole|x86.ActiveCfg = Release|Any CPU
		{10E39EA5-E6B5-4300-BD4B-F6BACC76D3F4}.MiProtocolConsole|x86.Build.0 = Release|Any CPU
		{10E39EA5-E6B5-4300-BD4B-F6BACC76D3F4}.Release - Union Gas|Any CPU.ActiveCfg = Release|Any CPU
		{10E39EA5-E6B5-4300-BD4B-F6BACC76D3F4}.Release - Union Gas|Any CPU.Build.0 = Release|Any CPU
		{10E39EA5-E6B5-4300-BD4B-F6BACC76D3F4}.Release - Union Gas|iPhone.ActiveCfg = Release|Any CPU
		{10E39EA5-E6B5-4300-BD4B-F6BACC76D3F4}.Release - Union Gas|iPhone.Build.0 = Release|Any CPU
		{10E39EA5-E6B5-4300-BD4B-F6BACC76D3F4}.Release - Union Gas|iPhoneSimulator.ActiveCfg = Release|Any CPU
		{10E39EA5-E6B5-4300-BD4B-F6BACC76D3F4}.Release - Union Gas|iPhoneSimulator.Build.0 = Release|Any CPU
		{10E39EA5-E6B5-4300-BD4B-F6BACC76D3F4}.Release - Union Gas|x64.ActiveCfg = Release|Any CPU
		{10E39EA5-E6B5-4300-BD4B-F6BACC76D3F4}.Release - Union Gas|x64.Build.0 = Release|Any CPU
		{10E39EA5-E6B5-4300-BD4B-F6BACC76D3F4}.Release - Union Gas|x86.ActiveCfg = Release|Any CPU
		{10E39EA5-E6B5-4300-BD4B-F6BACC76D3F4}.Release - Union Gas|x86.Build.0 = Release|Any CPU
		{10E39EA5-E6B5-4300-BD4B-F6BACC76D3F4}.Release|Any CPU.ActiveCfg = Release|Any CPU
		{10E39EA5-E6B5-4300-BD4B-F6BACC76D3F4}.Release|Any CPU.Build.0 = Release|Any CPU
		{10E39EA5-E6B5-4300-BD4B-F6BACC76D3F4}.Release|iPhone.ActiveCfg = Release|Any CPU
		{10E39EA5-E6B5-4300-BD4B-F6BACC76D3F4}.Release|iPhone.Build.0 = Release|Any CPU
		{10E39EA5-E6B5-4300-BD4B-F6BACC76D3F4}.Release|iPhoneSimulator.ActiveCfg = Release|Any CPU
		{10E39EA5-E6B5-4300-BD4B-F6BACC76D3F4}.Release|iPhoneSimulator.Build.0 = Release|Any CPU
		{10E39EA5-E6B5-4300-BD4B-F6BACC76D3F4}.Release|x64.ActiveCfg = Release|Any CPU
		{10E39EA5-E6B5-4300-BD4B-F6BACC76D3F4}.Release|x64.Build.0 = Release|Any CPU
		{10E39EA5-E6B5-4300-BD4B-F6BACC76D3F4}.Release|x86.ActiveCfg = Release|Any CPU
		{10E39EA5-E6B5-4300-BD4B-F6BACC76D3F4}.Release|x86.Build.0 = Release|Any CPU
		{22A1D2D7-C25D-4F4E-94AF-77E1E639CC78}.Debug|Any CPU.ActiveCfg = Debug|Any CPU
		{22A1D2D7-C25D-4F4E-94AF-77E1E639CC78}.Debug|Any CPU.Build.0 = Debug|Any CPU
		{22A1D2D7-C25D-4F4E-94AF-77E1E639CC78}.Debug|iPhone.ActiveCfg = Debug|Any CPU
		{22A1D2D7-C25D-4F4E-94AF-77E1E639CC78}.Debug|iPhone.Build.0 = Debug|Any CPU
		{22A1D2D7-C25D-4F4E-94AF-77E1E639CC78}.Debug|iPhoneSimulator.ActiveCfg = Debug|Any CPU
		{22A1D2D7-C25D-4F4E-94AF-77E1E639CC78}.Debug|iPhoneSimulator.Build.0 = Debug|Any CPU
		{22A1D2D7-C25D-4F4E-94AF-77E1E639CC78}.Debug|x64.ActiveCfg = Debug|Any CPU
		{22A1D2D7-C25D-4F4E-94AF-77E1E639CC78}.Debug|x64.Build.0 = Debug|Any CPU
		{22A1D2D7-C25D-4F4E-94AF-77E1E639CC78}.Debug|x86.ActiveCfg = Debug|Any CPU
		{22A1D2D7-C25D-4F4E-94AF-77E1E639CC78}.Debug|x86.Build.0 = Debug|Any CPU
		{22A1D2D7-C25D-4F4E-94AF-77E1E639CC78}.MiProtocolConsole|Any CPU.ActiveCfg = Debug|Any CPU
		{22A1D2D7-C25D-4F4E-94AF-77E1E639CC78}.MiProtocolConsole|Any CPU.Build.0 = Debug|Any CPU
		{22A1D2D7-C25D-4F4E-94AF-77E1E639CC78}.MiProtocolConsole|iPhone.ActiveCfg = Debug|Any CPU
		{22A1D2D7-C25D-4F4E-94AF-77E1E639CC78}.MiProtocolConsole|iPhone.Build.0 = Debug|Any CPU
		{22A1D2D7-C25D-4F4E-94AF-77E1E639CC78}.MiProtocolConsole|iPhoneSimulator.ActiveCfg = Debug|Any CPU
		{22A1D2D7-C25D-4F4E-94AF-77E1E639CC78}.MiProtocolConsole|iPhoneSimulator.Build.0 = Debug|Any CPU
		{22A1D2D7-C25D-4F4E-94AF-77E1E639CC78}.MiProtocolConsole|x64.ActiveCfg = Release|Any CPU
		{22A1D2D7-C25D-4F4E-94AF-77E1E639CC78}.MiProtocolConsole|x64.Build.0 = Release|Any CPU
		{22A1D2D7-C25D-4F4E-94AF-77E1E639CC78}.MiProtocolConsole|x86.ActiveCfg = Release|Any CPU
		{22A1D2D7-C25D-4F4E-94AF-77E1E639CC78}.MiProtocolConsole|x86.Build.0 = Release|Any CPU
		{22A1D2D7-C25D-4F4E-94AF-77E1E639CC78}.Release - Union Gas|Any CPU.ActiveCfg = Release|Any CPU
		{22A1D2D7-C25D-4F4E-94AF-77E1E639CC78}.Release - Union Gas|Any CPU.Build.0 = Release|Any CPU
		{22A1D2D7-C25D-4F4E-94AF-77E1E639CC78}.Release - Union Gas|iPhone.ActiveCfg = Release|Any CPU
		{22A1D2D7-C25D-4F4E-94AF-77E1E639CC78}.Release - Union Gas|iPhone.Build.0 = Release|Any CPU
		{22A1D2D7-C25D-4F4E-94AF-77E1E639CC78}.Release - Union Gas|iPhoneSimulator.ActiveCfg = Release|Any CPU
		{22A1D2D7-C25D-4F4E-94AF-77E1E639CC78}.Release - Union Gas|iPhoneSimulator.Build.0 = Release|Any CPU
		{22A1D2D7-C25D-4F4E-94AF-77E1E639CC78}.Release - Union Gas|x64.ActiveCfg = Release|Any CPU
		{22A1D2D7-C25D-4F4E-94AF-77E1E639CC78}.Release - Union Gas|x64.Build.0 = Release|Any CPU
		{22A1D2D7-C25D-4F4E-94AF-77E1E639CC78}.Release - Union Gas|x86.ActiveCfg = Release|Any CPU
		{22A1D2D7-C25D-4F4E-94AF-77E1E639CC78}.Release - Union Gas|x86.Build.0 = Release|Any CPU
		{22A1D2D7-C25D-4F4E-94AF-77E1E639CC78}.Release|Any CPU.ActiveCfg = Release|Any CPU
		{22A1D2D7-C25D-4F4E-94AF-77E1E639CC78}.Release|Any CPU.Build.0 = Release|Any CPU
		{22A1D2D7-C25D-4F4E-94AF-77E1E639CC78}.Release|iPhone.ActiveCfg = Release|Any CPU
		{22A1D2D7-C25D-4F4E-94AF-77E1E639CC78}.Release|iPhone.Build.0 = Release|Any CPU
		{22A1D2D7-C25D-4F4E-94AF-77E1E639CC78}.Release|iPhoneSimulator.ActiveCfg = Release|Any CPU
		{22A1D2D7-C25D-4F4E-94AF-77E1E639CC78}.Release|iPhoneSimulator.Build.0 = Release|Any CPU
		{22A1D2D7-C25D-4F4E-94AF-77E1E639CC78}.Release|x64.ActiveCfg = Release|Any CPU
		{22A1D2D7-C25D-4F4E-94AF-77E1E639CC78}.Release|x64.Build.0 = Release|Any CPU
		{22A1D2D7-C25D-4F4E-94AF-77E1E639CC78}.Release|x86.ActiveCfg = Release|Any CPU
		{22A1D2D7-C25D-4F4E-94AF-77E1E639CC78}.Release|x86.Build.0 = Release|Any CPU
		{D4A4DE0B-C310-4183-9E8C-389794D1DB79}.Debug|Any CPU.ActiveCfg = Debug|Any CPU
		{D4A4DE0B-C310-4183-9E8C-389794D1DB79}.Debug|Any CPU.Build.0 = Debug|Any CPU
		{D4A4DE0B-C310-4183-9E8C-389794D1DB79}.Debug|iPhone.ActiveCfg = Debug|Any CPU
		{D4A4DE0B-C310-4183-9E8C-389794D1DB79}.Debug|iPhone.Build.0 = Debug|Any CPU
		{D4A4DE0B-C310-4183-9E8C-389794D1DB79}.Debug|iPhoneSimulator.ActiveCfg = Debug|Any CPU
		{D4A4DE0B-C310-4183-9E8C-389794D1DB79}.Debug|iPhoneSimulator.Build.0 = Debug|Any CPU
		{D4A4DE0B-C310-4183-9E8C-389794D1DB79}.Debug|x64.ActiveCfg = Debug|Any CPU
		{D4A4DE0B-C310-4183-9E8C-389794D1DB79}.Debug|x64.Build.0 = Debug|Any CPU
		{D4A4DE0B-C310-4183-9E8C-389794D1DB79}.Debug|x86.ActiveCfg = Debug|Any CPU
		{D4A4DE0B-C310-4183-9E8C-389794D1DB79}.Debug|x86.Build.0 = Debug|Any CPU
		{D4A4DE0B-C310-4183-9E8C-389794D1DB79}.MiProtocolConsole|Any CPU.ActiveCfg = Release|Any CPU
		{D4A4DE0B-C310-4183-9E8C-389794D1DB79}.MiProtocolConsole|Any CPU.Build.0 = Release|Any CPU
		{D4A4DE0B-C310-4183-9E8C-389794D1DB79}.MiProtocolConsole|iPhone.ActiveCfg = Release|Any CPU
		{D4A4DE0B-C310-4183-9E8C-389794D1DB79}.MiProtocolConsole|iPhone.Build.0 = Release|Any CPU
		{D4A4DE0B-C310-4183-9E8C-389794D1DB79}.MiProtocolConsole|iPhoneSimulator.ActiveCfg = Release|Any CPU
		{D4A4DE0B-C310-4183-9E8C-389794D1DB79}.MiProtocolConsole|iPhoneSimulator.Build.0 = Release|Any CPU
		{D4A4DE0B-C310-4183-9E8C-389794D1DB79}.MiProtocolConsole|x64.ActiveCfg = Release|Any CPU
		{D4A4DE0B-C310-4183-9E8C-389794D1DB79}.MiProtocolConsole|x64.Build.0 = Release|Any CPU
		{D4A4DE0B-C310-4183-9E8C-389794D1DB79}.MiProtocolConsole|x86.ActiveCfg = Release|Any CPU
		{D4A4DE0B-C310-4183-9E8C-389794D1DB79}.MiProtocolConsole|x86.Build.0 = Release|Any CPU
		{D4A4DE0B-C310-4183-9E8C-389794D1DB79}.Release - Union Gas|Any CPU.ActiveCfg = Release|Any CPU
		{D4A4DE0B-C310-4183-9E8C-389794D1DB79}.Release - Union Gas|Any CPU.Build.0 = Release|Any CPU
		{D4A4DE0B-C310-4183-9E8C-389794D1DB79}.Release - Union Gas|iPhone.ActiveCfg = Release|Any CPU
		{D4A4DE0B-C310-4183-9E8C-389794D1DB79}.Release - Union Gas|iPhone.Build.0 = Release|Any CPU
		{D4A4DE0B-C310-4183-9E8C-389794D1DB79}.Release - Union Gas|iPhoneSimulator.ActiveCfg = Release|Any CPU
		{D4A4DE0B-C310-4183-9E8C-389794D1DB79}.Release - Union Gas|iPhoneSimulator.Build.0 = Release|Any CPU
		{D4A4DE0B-C310-4183-9E8C-389794D1DB79}.Release - Union Gas|x64.ActiveCfg = Release|Any CPU
		{D4A4DE0B-C310-4183-9E8C-389794D1DB79}.Release - Union Gas|x64.Build.0 = Release|Any CPU
		{D4A4DE0B-C310-4183-9E8C-389794D1DB79}.Release - Union Gas|x86.ActiveCfg = Release|Any CPU
		{D4A4DE0B-C310-4183-9E8C-389794D1DB79}.Release - Union Gas|x86.Build.0 = Release|Any CPU
		{D4A4DE0B-C310-4183-9E8C-389794D1DB79}.Release|Any CPU.ActiveCfg = Release|Any CPU
		{D4A4DE0B-C310-4183-9E8C-389794D1DB79}.Release|Any CPU.Build.0 = Release|Any CPU
		{D4A4DE0B-C310-4183-9E8C-389794D1DB79}.Release|iPhone.ActiveCfg = Release|Any CPU
		{D4A4DE0B-C310-4183-9E8C-389794D1DB79}.Release|iPhone.Build.0 = Release|Any CPU
		{D4A4DE0B-C310-4183-9E8C-389794D1DB79}.Release|iPhoneSimulator.ActiveCfg = Release|Any CPU
		{D4A4DE0B-C310-4183-9E8C-389794D1DB79}.Release|iPhoneSimulator.Build.0 = Release|Any CPU
		{D4A4DE0B-C310-4183-9E8C-389794D1DB79}.Release|x64.ActiveCfg = Release|Any CPU
		{D4A4DE0B-C310-4183-9E8C-389794D1DB79}.Release|x64.Build.0 = Release|Any CPU
		{D4A4DE0B-C310-4183-9E8C-389794D1DB79}.Release|x86.ActiveCfg = Release|Any CPU
		{D4A4DE0B-C310-4183-9E8C-389794D1DB79}.Release|x86.Build.0 = Release|Any CPU
		{B833D521-075E-4D98-9CCB-7DE1A7A1106E}.Debug|Any CPU.ActiveCfg = Debug|Any CPU
		{B833D521-075E-4D98-9CCB-7DE1A7A1106E}.Debug|Any CPU.Build.0 = Debug|Any CPU
		{B833D521-075E-4D98-9CCB-7DE1A7A1106E}.Debug|iPhone.ActiveCfg = Debug|Any CPU
		{B833D521-075E-4D98-9CCB-7DE1A7A1106E}.Debug|iPhone.Build.0 = Debug|Any CPU
		{B833D521-075E-4D98-9CCB-7DE1A7A1106E}.Debug|iPhoneSimulator.ActiveCfg = Debug|Any CPU
		{B833D521-075E-4D98-9CCB-7DE1A7A1106E}.Debug|iPhoneSimulator.Build.0 = Debug|Any CPU
		{B833D521-075E-4D98-9CCB-7DE1A7A1106E}.Debug|x64.ActiveCfg = Debug|Any CPU
		{B833D521-075E-4D98-9CCB-7DE1A7A1106E}.Debug|x64.Build.0 = Debug|Any CPU
		{B833D521-075E-4D98-9CCB-7DE1A7A1106E}.Debug|x86.ActiveCfg = Debug|Any CPU
		{B833D521-075E-4D98-9CCB-7DE1A7A1106E}.Debug|x86.Build.0 = Debug|Any CPU
		{B833D521-075E-4D98-9CCB-7DE1A7A1106E}.MiProtocolConsole|Any CPU.ActiveCfg = Debug|Any CPU
		{B833D521-075E-4D98-9CCB-7DE1A7A1106E}.MiProtocolConsole|Any CPU.Build.0 = Debug|Any CPU
		{B833D521-075E-4D98-9CCB-7DE1A7A1106E}.MiProtocolConsole|iPhone.ActiveCfg = Debug|Any CPU
		{B833D521-075E-4D98-9CCB-7DE1A7A1106E}.MiProtocolConsole|iPhone.Build.0 = Debug|Any CPU
		{B833D521-075E-4D98-9CCB-7DE1A7A1106E}.MiProtocolConsole|iPhoneSimulator.ActiveCfg = Debug|Any CPU
		{B833D521-075E-4D98-9CCB-7DE1A7A1106E}.MiProtocolConsole|iPhoneSimulator.Build.0 = Debug|Any CPU
		{B833D521-075E-4D98-9CCB-7DE1A7A1106E}.MiProtocolConsole|x64.ActiveCfg = Release|Any CPU
		{B833D521-075E-4D98-9CCB-7DE1A7A1106E}.MiProtocolConsole|x64.Build.0 = Release|Any CPU
		{B833D521-075E-4D98-9CCB-7DE1A7A1106E}.MiProtocolConsole|x86.ActiveCfg = Release|Any CPU
		{B833D521-075E-4D98-9CCB-7DE1A7A1106E}.MiProtocolConsole|x86.Build.0 = Release|Any CPU
		{B833D521-075E-4D98-9CCB-7DE1A7A1106E}.Release - Union Gas|Any CPU.ActiveCfg = Release|Any CPU
		{B833D521-075E-4D98-9CCB-7DE1A7A1106E}.Release - Union Gas|Any CPU.Build.0 = Release|Any CPU
		{B833D521-075E-4D98-9CCB-7DE1A7A1106E}.Release - Union Gas|iPhone.ActiveCfg = Release|Any CPU
		{B833D521-075E-4D98-9CCB-7DE1A7A1106E}.Release - Union Gas|iPhone.Build.0 = Release|Any CPU
		{B833D521-075E-4D98-9CCB-7DE1A7A1106E}.Release - Union Gas|iPhoneSimulator.ActiveCfg = Release|Any CPU
		{B833D521-075E-4D98-9CCB-7DE1A7A1106E}.Release - Union Gas|iPhoneSimulator.Build.0 = Release|Any CPU
		{B833D521-075E-4D98-9CCB-7DE1A7A1106E}.Release - Union Gas|x64.ActiveCfg = Release|Any CPU
		{B833D521-075E-4D98-9CCB-7DE1A7A1106E}.Release - Union Gas|x64.Build.0 = Release|Any CPU
		{B833D521-075E-4D98-9CCB-7DE1A7A1106E}.Release - Union Gas|x86.ActiveCfg = Release|Any CPU
		{B833D521-075E-4D98-9CCB-7DE1A7A1106E}.Release - Union Gas|x86.Build.0 = Release|Any CPU
		{B833D521-075E-4D98-9CCB-7DE1A7A1106E}.Release|Any CPU.ActiveCfg = Release|Any CPU
		{B833D521-075E-4D98-9CCB-7DE1A7A1106E}.Release|Any CPU.Build.0 = Release|Any CPU
		{B833D521-075E-4D98-9CCB-7DE1A7A1106E}.Release|iPhone.ActiveCfg = Release|Any CPU
		{B833D521-075E-4D98-9CCB-7DE1A7A1106E}.Release|iPhone.Build.0 = Release|Any CPU
		{B833D521-075E-4D98-9CCB-7DE1A7A1106E}.Release|iPhoneSimulator.ActiveCfg = Release|Any CPU
		{B833D521-075E-4D98-9CCB-7DE1A7A1106E}.Release|iPhoneSimulator.Build.0 = Release|Any CPU
		{B833D521-075E-4D98-9CCB-7DE1A7A1106E}.Release|x64.ActiveCfg = Release|Any CPU
		{B833D521-075E-4D98-9CCB-7DE1A7A1106E}.Release|x64.Build.0 = Release|Any CPU
		{B833D521-075E-4D98-9CCB-7DE1A7A1106E}.Release|x86.ActiveCfg = Release|Any CPU
		{B833D521-075E-4D98-9CCB-7DE1A7A1106E}.Release|x86.Build.0 = Release|Any CPU
		{94C5CA2B-9EBB-4926-A042-A504FD99845F}.Debug|Any CPU.ActiveCfg = Debug|Any CPU
		{94C5CA2B-9EBB-4926-A042-A504FD99845F}.Debug|Any CPU.Build.0 = Debug|Any CPU
		{94C5CA2B-9EBB-4926-A042-A504FD99845F}.Debug|iPhone.ActiveCfg = Debug|Any CPU
		{94C5CA2B-9EBB-4926-A042-A504FD99845F}.Debug|iPhone.Build.0 = Debug|Any CPU
		{94C5CA2B-9EBB-4926-A042-A504FD99845F}.Debug|iPhoneSimulator.ActiveCfg = Debug|Any CPU
		{94C5CA2B-9EBB-4926-A042-A504FD99845F}.Debug|iPhoneSimulator.Build.0 = Debug|Any CPU
		{94C5CA2B-9EBB-4926-A042-A504FD99845F}.Debug|x64.ActiveCfg = Debug|Any CPU
		{94C5CA2B-9EBB-4926-A042-A504FD99845F}.Debug|x64.Build.0 = Debug|Any CPU
		{94C5CA2B-9EBB-4926-A042-A504FD99845F}.Debug|x86.ActiveCfg = Debug|Any CPU
		{94C5CA2B-9EBB-4926-A042-A504FD99845F}.Debug|x86.Build.0 = Debug|Any CPU
		{94C5CA2B-9EBB-4926-A042-A504FD99845F}.MiProtocolConsole|Any CPU.ActiveCfg = Debug|Any CPU
		{94C5CA2B-9EBB-4926-A042-A504FD99845F}.MiProtocolConsole|Any CPU.Build.0 = Debug|Any CPU
		{94C5CA2B-9EBB-4926-A042-A504FD99845F}.MiProtocolConsole|iPhone.ActiveCfg = Debug|Any CPU
		{94C5CA2B-9EBB-4926-A042-A504FD99845F}.MiProtocolConsole|iPhone.Build.0 = Debug|Any CPU
		{94C5CA2B-9EBB-4926-A042-A504FD99845F}.MiProtocolConsole|iPhoneSimulator.ActiveCfg = Debug|Any CPU
		{94C5CA2B-9EBB-4926-A042-A504FD99845F}.MiProtocolConsole|iPhoneSimulator.Build.0 = Debug|Any CPU
		{94C5CA2B-9EBB-4926-A042-A504FD99845F}.MiProtocolConsole|x64.ActiveCfg = Release|Any CPU
		{94C5CA2B-9EBB-4926-A042-A504FD99845F}.MiProtocolConsole|x64.Build.0 = Release|Any CPU
		{94C5CA2B-9EBB-4926-A042-A504FD99845F}.MiProtocolConsole|x86.ActiveCfg = Release|Any CPU
		{94C5CA2B-9EBB-4926-A042-A504FD99845F}.MiProtocolConsole|x86.Build.0 = Release|Any CPU
		{94C5CA2B-9EBB-4926-A042-A504FD99845F}.Release - Union Gas|Any CPU.ActiveCfg = Release|Any CPU
		{94C5CA2B-9EBB-4926-A042-A504FD99845F}.Release - Union Gas|Any CPU.Build.0 = Release|Any CPU
		{94C5CA2B-9EBB-4926-A042-A504FD99845F}.Release - Union Gas|iPhone.ActiveCfg = Release|Any CPU
		{94C5CA2B-9EBB-4926-A042-A504FD99845F}.Release - Union Gas|iPhone.Build.0 = Release|Any CPU
		{94C5CA2B-9EBB-4926-A042-A504FD99845F}.Release - Union Gas|iPhoneSimulator.ActiveCfg = Release|Any CPU
		{94C5CA2B-9EBB-4926-A042-A504FD99845F}.Release - Union Gas|iPhoneSimulator.Build.0 = Release|Any CPU
		{94C5CA2B-9EBB-4926-A042-A504FD99845F}.Release - Union Gas|x64.ActiveCfg = Release|Any CPU
		{94C5CA2B-9EBB-4926-A042-A504FD99845F}.Release - Union Gas|x64.Build.0 = Release|Any CPU
		{94C5CA2B-9EBB-4926-A042-A504FD99845F}.Release - Union Gas|x86.ActiveCfg = Release|Any CPU
		{94C5CA2B-9EBB-4926-A042-A504FD99845F}.Release - Union Gas|x86.Build.0 = Release|Any CPU
		{94C5CA2B-9EBB-4926-A042-A504FD99845F}.Release|Any CPU.ActiveCfg = Release|Any CPU
		{94C5CA2B-9EBB-4926-A042-A504FD99845F}.Release|Any CPU.Build.0 = Release|Any CPU
		{94C5CA2B-9EBB-4926-A042-A504FD99845F}.Release|iPhone.ActiveCfg = Release|Any CPU
		{94C5CA2B-9EBB-4926-A042-A504FD99845F}.Release|iPhone.Build.0 = Release|Any CPU
		{94C5CA2B-9EBB-4926-A042-A504FD99845F}.Release|iPhoneSimulator.ActiveCfg = Release|Any CPU
		{94C5CA2B-9EBB-4926-A042-A504FD99845F}.Release|iPhoneSimulator.Build.0 = Release|Any CPU
		{94C5CA2B-9EBB-4926-A042-A504FD99845F}.Release|x64.ActiveCfg = Release|Any CPU
		{94C5CA2B-9EBB-4926-A042-A504FD99845F}.Release|x64.Build.0 = Release|Any CPU
		{94C5CA2B-9EBB-4926-A042-A504FD99845F}.Release|x86.ActiveCfg = Release|Any CPU
		{94C5CA2B-9EBB-4926-A042-A504FD99845F}.Release|x86.Build.0 = Release|Any CPU
		{A6CC2DC9-558B-4DBF-8DAA-DDBACB0EEDD5}.Debug|Any CPU.ActiveCfg = Debug|Any CPU
		{A6CC2DC9-558B-4DBF-8DAA-DDBACB0EEDD5}.Debug|Any CPU.Build.0 = Debug|Any CPU
		{A6CC2DC9-558B-4DBF-8DAA-DDBACB0EEDD5}.Debug|iPhone.ActiveCfg = Debug|Any CPU
		{A6CC2DC9-558B-4DBF-8DAA-DDBACB0EEDD5}.Debug|iPhone.Build.0 = Debug|Any CPU
		{A6CC2DC9-558B-4DBF-8DAA-DDBACB0EEDD5}.Debug|iPhoneSimulator.ActiveCfg = Debug|Any CPU
		{A6CC2DC9-558B-4DBF-8DAA-DDBACB0EEDD5}.Debug|iPhoneSimulator.Build.0 = Debug|Any CPU
		{A6CC2DC9-558B-4DBF-8DAA-DDBACB0EEDD5}.Debug|x64.ActiveCfg = Debug|Any CPU
		{A6CC2DC9-558B-4DBF-8DAA-DDBACB0EEDD5}.Debug|x64.Build.0 = Debug|Any CPU
		{A6CC2DC9-558B-4DBF-8DAA-DDBACB0EEDD5}.Debug|x86.ActiveCfg = Debug|Any CPU
		{A6CC2DC9-558B-4DBF-8DAA-DDBACB0EEDD5}.Debug|x86.Build.0 = Debug|Any CPU
		{A6CC2DC9-558B-4DBF-8DAA-DDBACB0EEDD5}.MiProtocolConsole|Any CPU.ActiveCfg = Debug|Any CPU
		{A6CC2DC9-558B-4DBF-8DAA-DDBACB0EEDD5}.MiProtocolConsole|Any CPU.Build.0 = Debug|Any CPU
		{A6CC2DC9-558B-4DBF-8DAA-DDBACB0EEDD5}.MiProtocolConsole|iPhone.ActiveCfg = Debug|Any CPU
		{A6CC2DC9-558B-4DBF-8DAA-DDBACB0EEDD5}.MiProtocolConsole|iPhone.Build.0 = Debug|Any CPU
		{A6CC2DC9-558B-4DBF-8DAA-DDBACB0EEDD5}.MiProtocolConsole|iPhoneSimulator.ActiveCfg = Debug|Any CPU
		{A6CC2DC9-558B-4DBF-8DAA-DDBACB0EEDD5}.MiProtocolConsole|iPhoneSimulator.Build.0 = Debug|Any CPU
		{A6CC2DC9-558B-4DBF-8DAA-DDBACB0EEDD5}.MiProtocolConsole|x64.ActiveCfg = Release|Any CPU
		{A6CC2DC9-558B-4DBF-8DAA-DDBACB0EEDD5}.MiProtocolConsole|x64.Build.0 = Release|Any CPU
		{A6CC2DC9-558B-4DBF-8DAA-DDBACB0EEDD5}.MiProtocolConsole|x86.ActiveCfg = Release|Any CPU
		{A6CC2DC9-558B-4DBF-8DAA-DDBACB0EEDD5}.MiProtocolConsole|x86.Build.0 = Release|Any CPU
		{A6CC2DC9-558B-4DBF-8DAA-DDBACB0EEDD5}.Release - Union Gas|Any CPU.ActiveCfg = Release|Any CPU
		{A6CC2DC9-558B-4DBF-8DAA-DDBACB0EEDD5}.Release - Union Gas|Any CPU.Build.0 = Release|Any CPU
		{A6CC2DC9-558B-4DBF-8DAA-DDBACB0EEDD5}.Release - Union Gas|iPhone.ActiveCfg = Release|Any CPU
		{A6CC2DC9-558B-4DBF-8DAA-DDBACB0EEDD5}.Release - Union Gas|iPhone.Build.0 = Release|Any CPU
		{A6CC2DC9-558B-4DBF-8DAA-DDBACB0EEDD5}.Release - Union Gas|iPhoneSimulator.ActiveCfg = Release|Any CPU
		{A6CC2DC9-558B-4DBF-8DAA-DDBACB0EEDD5}.Release - Union Gas|iPhoneSimulator.Build.0 = Release|Any CPU
		{A6CC2DC9-558B-4DBF-8DAA-DDBACB0EEDD5}.Release - Union Gas|x64.ActiveCfg = Release|Any CPU
		{A6CC2DC9-558B-4DBF-8DAA-DDBACB0EEDD5}.Release - Union Gas|x64.Build.0 = Release|Any CPU
		{A6CC2DC9-558B-4DBF-8DAA-DDBACB0EEDD5}.Release - Union Gas|x86.ActiveCfg = Release|Any CPU
		{A6CC2DC9-558B-4DBF-8DAA-DDBACB0EEDD5}.Release - Union Gas|x86.Build.0 = Release|Any CPU
		{A6CC2DC9-558B-4DBF-8DAA-DDBACB0EEDD5}.Release|Any CPU.ActiveCfg = Release|Any CPU
		{A6CC2DC9-558B-4DBF-8DAA-DDBACB0EEDD5}.Release|Any CPU.Build.0 = Release|Any CPU
		{A6CC2DC9-558B-4DBF-8DAA-DDBACB0EEDD5}.Release|iPhone.ActiveCfg = Release|Any CPU
		{A6CC2DC9-558B-4DBF-8DAA-DDBACB0EEDD5}.Release|iPhone.Build.0 = Release|Any CPU
		{A6CC2DC9-558B-4DBF-8DAA-DDBACB0EEDD5}.Release|iPhoneSimulator.ActiveCfg = Release|Any CPU
		{A6CC2DC9-558B-4DBF-8DAA-DDBACB0EEDD5}.Release|iPhoneSimulator.Build.0 = Release|Any CPU
		{A6CC2DC9-558B-4DBF-8DAA-DDBACB0EEDD5}.Release|x64.ActiveCfg = Release|Any CPU
		{A6CC2DC9-558B-4DBF-8DAA-DDBACB0EEDD5}.Release|x64.Build.0 = Release|Any CPU
		{A6CC2DC9-558B-4DBF-8DAA-DDBACB0EEDD5}.Release|x86.ActiveCfg = Release|Any CPU
		{A6CC2DC9-558B-4DBF-8DAA-DDBACB0EEDD5}.Release|x86.Build.0 = Release|Any CPU
		{F8C63C15-8E6B-4DD6-832A-B591FEC85021}.Debug|Any CPU.ActiveCfg = Debug|Any CPU
		{F8C63C15-8E6B-4DD6-832A-B591FEC85021}.Debug|Any CPU.Build.0 = Debug|Any CPU
		{F8C63C15-8E6B-4DD6-832A-B591FEC85021}.Debug|iPhone.ActiveCfg = Debug|Any CPU
		{F8C63C15-8E6B-4DD6-832A-B591FEC85021}.Debug|iPhone.Build.0 = Debug|Any CPU
		{F8C63C15-8E6B-4DD6-832A-B591FEC85021}.Debug|iPhoneSimulator.ActiveCfg = Debug|Any CPU
		{F8C63C15-8E6B-4DD6-832A-B591FEC85021}.Debug|iPhoneSimulator.Build.0 = Debug|Any CPU
		{F8C63C15-8E6B-4DD6-832A-B591FEC85021}.Debug|x64.ActiveCfg = Debug|Any CPU
		{F8C63C15-8E6B-4DD6-832A-B591FEC85021}.Debug|x64.Build.0 = Debug|Any CPU
		{F8C63C15-8E6B-4DD6-832A-B591FEC85021}.Debug|x86.ActiveCfg = Debug|Any CPU
		{F8C63C15-8E6B-4DD6-832A-B591FEC85021}.Debug|x86.Build.0 = Debug|Any CPU
		{F8C63C15-8E6B-4DD6-832A-B591FEC85021}.MiProtocolConsole|Any CPU.ActiveCfg = Debug|Any CPU
		{F8C63C15-8E6B-4DD6-832A-B591FEC85021}.MiProtocolConsole|Any CPU.Build.0 = Debug|Any CPU
		{F8C63C15-8E6B-4DD6-832A-B591FEC85021}.MiProtocolConsole|iPhone.ActiveCfg = Debug|Any CPU
		{F8C63C15-8E6B-4DD6-832A-B591FEC85021}.MiProtocolConsole|iPhone.Build.0 = Debug|Any CPU
		{F8C63C15-8E6B-4DD6-832A-B591FEC85021}.MiProtocolConsole|iPhoneSimulator.ActiveCfg = Debug|Any CPU
		{F8C63C15-8E6B-4DD6-832A-B591FEC85021}.MiProtocolConsole|iPhoneSimulator.Build.0 = Debug|Any CPU
		{F8C63C15-8E6B-4DD6-832A-B591FEC85021}.MiProtocolConsole|x64.ActiveCfg = Release|Any CPU
		{F8C63C15-8E6B-4DD6-832A-B591FEC85021}.MiProtocolConsole|x64.Build.0 = Release|Any CPU
		{F8C63C15-8E6B-4DD6-832A-B591FEC85021}.MiProtocolConsole|x86.ActiveCfg = Release|Any CPU
		{F8C63C15-8E6B-4DD6-832A-B591FEC85021}.MiProtocolConsole|x86.Build.0 = Release|Any CPU
		{F8C63C15-8E6B-4DD6-832A-B591FEC85021}.Release - Union Gas|Any CPU.ActiveCfg = Release|Any CPU
		{F8C63C15-8E6B-4DD6-832A-B591FEC85021}.Release - Union Gas|Any CPU.Build.0 = Release|Any CPU
		{F8C63C15-8E6B-4DD6-832A-B591FEC85021}.Release - Union Gas|iPhone.ActiveCfg = Release|Any CPU
		{F8C63C15-8E6B-4DD6-832A-B591FEC85021}.Release - Union Gas|iPhone.Build.0 = Release|Any CPU
		{F8C63C15-8E6B-4DD6-832A-B591FEC85021}.Release - Union Gas|iPhoneSimulator.ActiveCfg = Release|Any CPU
		{F8C63C15-8E6B-4DD6-832A-B591FEC85021}.Release - Union Gas|iPhoneSimulator.Build.0 = Release|Any CPU
		{F8C63C15-8E6B-4DD6-832A-B591FEC85021}.Release - Union Gas|x64.ActiveCfg = Release|Any CPU
		{F8C63C15-8E6B-4DD6-832A-B591FEC85021}.Release - Union Gas|x64.Build.0 = Release|Any CPU
		{F8C63C15-8E6B-4DD6-832A-B591FEC85021}.Release - Union Gas|x86.ActiveCfg = Release|Any CPU
		{F8C63C15-8E6B-4DD6-832A-B591FEC85021}.Release - Union Gas|x86.Build.0 = Release|Any CPU
		{F8C63C15-8E6B-4DD6-832A-B591FEC85021}.Release|Any CPU.ActiveCfg = Release|Any CPU
		{F8C63C15-8E6B-4DD6-832A-B591FEC85021}.Release|Any CPU.Build.0 = Release|Any CPU
		{F8C63C15-8E6B-4DD6-832A-B591FEC85021}.Release|iPhone.ActiveCfg = Release|Any CPU
		{F8C63C15-8E6B-4DD6-832A-B591FEC85021}.Release|iPhone.Build.0 = Release|Any CPU
		{F8C63C15-8E6B-4DD6-832A-B591FEC85021}.Release|iPhoneSimulator.ActiveCfg = Release|Any CPU
		{F8C63C15-8E6B-4DD6-832A-B591FEC85021}.Release|iPhoneSimulator.Build.0 = Release|Any CPU
		{F8C63C15-8E6B-4DD6-832A-B591FEC85021}.Release|x64.ActiveCfg = Release|Any CPU
		{F8C63C15-8E6B-4DD6-832A-B591FEC85021}.Release|x64.Build.0 = Release|Any CPU
		{F8C63C15-8E6B-4DD6-832A-B591FEC85021}.Release|x86.ActiveCfg = Release|Any CPU
		{F8C63C15-8E6B-4DD6-832A-B591FEC85021}.Release|x86.Build.0 = Release|Any CPU
		{F437379B-8C22-4674-B038-36734091F480}.Debug|Any CPU.ActiveCfg = Debug|Any CPU
		{F437379B-8C22-4674-B038-36734091F480}.Debug|Any CPU.Build.0 = Debug|Any CPU
		{F437379B-8C22-4674-B038-36734091F480}.Debug|iPhone.ActiveCfg = Debug|Any CPU
		{F437379B-8C22-4674-B038-36734091F480}.Debug|iPhone.Build.0 = Debug|Any CPU
		{F437379B-8C22-4674-B038-36734091F480}.Debug|iPhoneSimulator.ActiveCfg = Debug|Any CPU
		{F437379B-8C22-4674-B038-36734091F480}.Debug|iPhoneSimulator.Build.0 = Debug|Any CPU
		{F437379B-8C22-4674-B038-36734091F480}.Debug|x64.ActiveCfg = Debug|Any CPU
		{F437379B-8C22-4674-B038-36734091F480}.Debug|x64.Build.0 = Debug|Any CPU
		{F437379B-8C22-4674-B038-36734091F480}.Debug|x86.ActiveCfg = Debug|Any CPU
		{F437379B-8C22-4674-B038-36734091F480}.Debug|x86.Build.0 = Debug|Any CPU
		{F437379B-8C22-4674-B038-36734091F480}.MiProtocolConsole|Any CPU.ActiveCfg = Debug|Any CPU
		{F437379B-8C22-4674-B038-36734091F480}.MiProtocolConsole|Any CPU.Build.0 = Debug|Any CPU
		{F437379B-8C22-4674-B038-36734091F480}.MiProtocolConsole|iPhone.ActiveCfg = Debug|Any CPU
		{F437379B-8C22-4674-B038-36734091F480}.MiProtocolConsole|iPhone.Build.0 = Debug|Any CPU
		{F437379B-8C22-4674-B038-36734091F480}.MiProtocolConsole|iPhoneSimulator.ActiveCfg = Debug|Any CPU
		{F437379B-8C22-4674-B038-36734091F480}.MiProtocolConsole|iPhoneSimulator.Build.0 = Debug|Any CPU
		{F437379B-8C22-4674-B038-36734091F480}.MiProtocolConsole|x64.ActiveCfg = Release|Any CPU
		{F437379B-8C22-4674-B038-36734091F480}.MiProtocolConsole|x64.Build.0 = Release|Any CPU
		{F437379B-8C22-4674-B038-36734091F480}.MiProtocolConsole|x86.ActiveCfg = Release|Any CPU
		{F437379B-8C22-4674-B038-36734091F480}.MiProtocolConsole|x86.Build.0 = Release|Any CPU
		{F437379B-8C22-4674-B038-36734091F480}.Release - Union Gas|Any CPU.ActiveCfg = Release|Any CPU
		{F437379B-8C22-4674-B038-36734091F480}.Release - Union Gas|Any CPU.Build.0 = Release|Any CPU
		{F437379B-8C22-4674-B038-36734091F480}.Release - Union Gas|iPhone.ActiveCfg = Release|Any CPU
		{F437379B-8C22-4674-B038-36734091F480}.Release - Union Gas|iPhone.Build.0 = Release|Any CPU
		{F437379B-8C22-4674-B038-36734091F480}.Release - Union Gas|iPhoneSimulator.ActiveCfg = Release|Any CPU
		{F437379B-8C22-4674-B038-36734091F480}.Release - Union Gas|iPhoneSimulator.Build.0 = Release|Any CPU
		{F437379B-8C22-4674-B038-36734091F480}.Release - Union Gas|x64.ActiveCfg = Release|Any CPU
		{F437379B-8C22-4674-B038-36734091F480}.Release - Union Gas|x64.Build.0 = Release|Any CPU
		{F437379B-8C22-4674-B038-36734091F480}.Release - Union Gas|x86.ActiveCfg = Release|Any CPU
		{F437379B-8C22-4674-B038-36734091F480}.Release - Union Gas|x86.Build.0 = Release|Any CPU
		{F437379B-8C22-4674-B038-36734091F480}.Release|Any CPU.ActiveCfg = Release|Any CPU
		{F437379B-8C22-4674-B038-36734091F480}.Release|Any CPU.Build.0 = Release|Any CPU
		{F437379B-8C22-4674-B038-36734091F480}.Release|iPhone.ActiveCfg = Release|Any CPU
		{F437379B-8C22-4674-B038-36734091F480}.Release|iPhone.Build.0 = Release|Any CPU
		{F437379B-8C22-4674-B038-36734091F480}.Release|iPhoneSimulator.ActiveCfg = Release|Any CPU
		{F437379B-8C22-4674-B038-36734091F480}.Release|iPhoneSimulator.Build.0 = Release|Any CPU
		{F437379B-8C22-4674-B038-36734091F480}.Release|x64.ActiveCfg = Release|Any CPU
		{F437379B-8C22-4674-B038-36734091F480}.Release|x64.Build.0 = Release|Any CPU
		{F437379B-8C22-4674-B038-36734091F480}.Release|x86.ActiveCfg = Release|Any CPU
		{F437379B-8C22-4674-B038-36734091F480}.Release|x86.Build.0 = Release|Any CPU
		{37F544C0-FB4C-4ADA-9200-E54CD85E8AC7}.Debug|Any CPU.ActiveCfg = Debug|Any CPU
		{37F544C0-FB4C-4ADA-9200-E54CD85E8AC7}.Debug|Any CPU.Build.0 = Debug|Any CPU
		{37F544C0-FB4C-4ADA-9200-E54CD85E8AC7}.Debug|iPhone.ActiveCfg = Debug|Any CPU
		{37F544C0-FB4C-4ADA-9200-E54CD85E8AC7}.Debug|iPhone.Build.0 = Debug|Any CPU
		{37F544C0-FB4C-4ADA-9200-E54CD85E8AC7}.Debug|iPhoneSimulator.ActiveCfg = Debug|Any CPU
		{37F544C0-FB4C-4ADA-9200-E54CD85E8AC7}.Debug|iPhoneSimulator.Build.0 = Debug|Any CPU
		{37F544C0-FB4C-4ADA-9200-E54CD85E8AC7}.Debug|x64.ActiveCfg = Debug|Any CPU
		{37F544C0-FB4C-4ADA-9200-E54CD85E8AC7}.Debug|x64.Build.0 = Debug|Any CPU
		{37F544C0-FB4C-4ADA-9200-E54CD85E8AC7}.Debug|x86.ActiveCfg = Debug|Any CPU
		{37F544C0-FB4C-4ADA-9200-E54CD85E8AC7}.Debug|x86.Build.0 = Debug|Any CPU
		{37F544C0-FB4C-4ADA-9200-E54CD85E8AC7}.MiProtocolConsole|Any CPU.ActiveCfg = Debug|Any CPU
		{37F544C0-FB4C-4ADA-9200-E54CD85E8AC7}.MiProtocolConsole|Any CPU.Build.0 = Debug|Any CPU
		{37F544C0-FB4C-4ADA-9200-E54CD85E8AC7}.MiProtocolConsole|iPhone.ActiveCfg = Debug|Any CPU
		{37F544C0-FB4C-4ADA-9200-E54CD85E8AC7}.MiProtocolConsole|iPhone.Build.0 = Debug|Any CPU
		{37F544C0-FB4C-4ADA-9200-E54CD85E8AC7}.MiProtocolConsole|iPhoneSimulator.ActiveCfg = Debug|Any CPU
		{37F544C0-FB4C-4ADA-9200-E54CD85E8AC7}.MiProtocolConsole|iPhoneSimulator.Build.0 = Debug|Any CPU
		{37F544C0-FB4C-4ADA-9200-E54CD85E8AC7}.MiProtocolConsole|x64.ActiveCfg = Release|Any CPU
		{37F544C0-FB4C-4ADA-9200-E54CD85E8AC7}.MiProtocolConsole|x64.Build.0 = Release|Any CPU
		{37F544C0-FB4C-4ADA-9200-E54CD85E8AC7}.MiProtocolConsole|x86.ActiveCfg = Release|Any CPU
		{37F544C0-FB4C-4ADA-9200-E54CD85E8AC7}.MiProtocolConsole|x86.Build.0 = Release|Any CPU
		{37F544C0-FB4C-4ADA-9200-E54CD85E8AC7}.Release - Union Gas|Any CPU.ActiveCfg = Release|Any CPU
		{37F544C0-FB4C-4ADA-9200-E54CD85E8AC7}.Release - Union Gas|Any CPU.Build.0 = Release|Any CPU
		{37F544C0-FB4C-4ADA-9200-E54CD85E8AC7}.Release - Union Gas|iPhone.ActiveCfg = Release|Any CPU
		{37F544C0-FB4C-4ADA-9200-E54CD85E8AC7}.Release - Union Gas|iPhone.Build.0 = Release|Any CPU
		{37F544C0-FB4C-4ADA-9200-E54CD85E8AC7}.Release - Union Gas|iPhoneSimulator.ActiveCfg = Release|Any CPU
		{37F544C0-FB4C-4ADA-9200-E54CD85E8AC7}.Release - Union Gas|iPhoneSimulator.Build.0 = Release|Any CPU
		{37F544C0-FB4C-4ADA-9200-E54CD85E8AC7}.Release - Union Gas|x64.ActiveCfg = Release|Any CPU
		{37F544C0-FB4C-4ADA-9200-E54CD85E8AC7}.Release - Union Gas|x64.Build.0 = Release|Any CPU
		{37F544C0-FB4C-4ADA-9200-E54CD85E8AC7}.Release - Union Gas|x86.ActiveCfg = Release|Any CPU
		{37F544C0-FB4C-4ADA-9200-E54CD85E8AC7}.Release - Union Gas|x86.Build.0 = Release|Any CPU
		{37F544C0-FB4C-4ADA-9200-E54CD85E8AC7}.Release|Any CPU.ActiveCfg = Release|Any CPU
		{37F544C0-FB4C-4ADA-9200-E54CD85E8AC7}.Release|Any CPU.Build.0 = Release|Any CPU
		{37F544C0-FB4C-4ADA-9200-E54CD85E8AC7}.Release|iPhone.ActiveCfg = Release|Any CPU
		{37F544C0-FB4C-4ADA-9200-E54CD85E8AC7}.Release|iPhone.Build.0 = Release|Any CPU
		{37F544C0-FB4C-4ADA-9200-E54CD85E8AC7}.Release|iPhoneSimulator.ActiveCfg = Release|Any CPU
		{37F544C0-FB4C-4ADA-9200-E54CD85E8AC7}.Release|iPhoneSimulator.Build.0 = Release|Any CPU
		{37F544C0-FB4C-4ADA-9200-E54CD85E8AC7}.Release|x64.ActiveCfg = Release|Any CPU
		{37F544C0-FB4C-4ADA-9200-E54CD85E8AC7}.Release|x64.Build.0 = Release|Any CPU
		{37F544C0-FB4C-4ADA-9200-E54CD85E8AC7}.Release|x86.ActiveCfg = Release|Any CPU
		{37F544C0-FB4C-4ADA-9200-E54CD85E8AC7}.Release|x86.Build.0 = Release|Any CPU
		{F4DC525C-3388-4200-892B-0505B4FFB740}.Debug|Any CPU.ActiveCfg = Debug|Any CPU
		{F4DC525C-3388-4200-892B-0505B4FFB740}.Debug|Any CPU.Build.0 = Debug|Any CPU
		{F4DC525C-3388-4200-892B-0505B4FFB740}.Debug|iPhone.ActiveCfg = Debug|Any CPU
		{F4DC525C-3388-4200-892B-0505B4FFB740}.Debug|iPhone.Build.0 = Debug|Any CPU
		{F4DC525C-3388-4200-892B-0505B4FFB740}.Debug|iPhoneSimulator.ActiveCfg = Debug|Any CPU
		{F4DC525C-3388-4200-892B-0505B4FFB740}.Debug|iPhoneSimulator.Build.0 = Debug|Any CPU
		{F4DC525C-3388-4200-892B-0505B4FFB740}.Debug|x64.ActiveCfg = Debug|Any CPU
		{F4DC525C-3388-4200-892B-0505B4FFB740}.Debug|x64.Build.0 = Debug|Any CPU
		{F4DC525C-3388-4200-892B-0505B4FFB740}.Debug|x86.ActiveCfg = Debug|Any CPU
		{F4DC525C-3388-4200-892B-0505B4FFB740}.Debug|x86.Build.0 = Debug|Any CPU
		{F4DC525C-3388-4200-892B-0505B4FFB740}.MiProtocolConsole|Any CPU.ActiveCfg = Debug|Any CPU
		{F4DC525C-3388-4200-892B-0505B4FFB740}.MiProtocolConsole|Any CPU.Build.0 = Debug|Any CPU
		{F4DC525C-3388-4200-892B-0505B4FFB740}.MiProtocolConsole|iPhone.ActiveCfg = Debug|Any CPU
		{F4DC525C-3388-4200-892B-0505B4FFB740}.MiProtocolConsole|iPhone.Build.0 = Debug|Any CPU
		{F4DC525C-3388-4200-892B-0505B4FFB740}.MiProtocolConsole|iPhoneSimulator.ActiveCfg = Debug|Any CPU
		{F4DC525C-3388-4200-892B-0505B4FFB740}.MiProtocolConsole|iPhoneSimulator.Build.0 = Debug|Any CPU
		{F4DC525C-3388-4200-892B-0505B4FFB740}.MiProtocolConsole|x64.ActiveCfg = Release|Any CPU
		{F4DC525C-3388-4200-892B-0505B4FFB740}.MiProtocolConsole|x64.Build.0 = Release|Any CPU
		{F4DC525C-3388-4200-892B-0505B4FFB740}.MiProtocolConsole|x86.ActiveCfg = Release|Any CPU
		{F4DC525C-3388-4200-892B-0505B4FFB740}.MiProtocolConsole|x86.Build.0 = Release|Any CPU
		{F4DC525C-3388-4200-892B-0505B4FFB740}.Release - Union Gas|Any CPU.ActiveCfg = Release|Any CPU
		{F4DC525C-3388-4200-892B-0505B4FFB740}.Release - Union Gas|Any CPU.Build.0 = Release|Any CPU
		{F4DC525C-3388-4200-892B-0505B4FFB740}.Release - Union Gas|iPhone.ActiveCfg = Release|Any CPU
		{F4DC525C-3388-4200-892B-0505B4FFB740}.Release - Union Gas|iPhone.Build.0 = Release|Any CPU
		{F4DC525C-3388-4200-892B-0505B4FFB740}.Release - Union Gas|iPhoneSimulator.ActiveCfg = Release|Any CPU
		{F4DC525C-3388-4200-892B-0505B4FFB740}.Release - Union Gas|iPhoneSimulator.Build.0 = Release|Any CPU
		{F4DC525C-3388-4200-892B-0505B4FFB740}.Release - Union Gas|x64.ActiveCfg = Release|Any CPU
		{F4DC525C-3388-4200-892B-0505B4FFB740}.Release - Union Gas|x64.Build.0 = Release|Any CPU
		{F4DC525C-3388-4200-892B-0505B4FFB740}.Release - Union Gas|x86.ActiveCfg = Release|Any CPU
		{F4DC525C-3388-4200-892B-0505B4FFB740}.Release - Union Gas|x86.Build.0 = Release|Any CPU
		{F4DC525C-3388-4200-892B-0505B4FFB740}.Release|Any CPU.ActiveCfg = Release|Any CPU
		{F4DC525C-3388-4200-892B-0505B4FFB740}.Release|Any CPU.Build.0 = Release|Any CPU
		{F4DC525C-3388-4200-892B-0505B4FFB740}.Release|iPhone.ActiveCfg = Release|Any CPU
		{F4DC525C-3388-4200-892B-0505B4FFB740}.Release|iPhone.Build.0 = Release|Any CPU
		{F4DC525C-3388-4200-892B-0505B4FFB740}.Release|iPhoneSimulator.ActiveCfg = Release|Any CPU
		{F4DC525C-3388-4200-892B-0505B4FFB740}.Release|iPhoneSimulator.Build.0 = Release|Any CPU
		{F4DC525C-3388-4200-892B-0505B4FFB740}.Release|x64.ActiveCfg = Release|Any CPU
		{F4DC525C-3388-4200-892B-0505B4FFB740}.Release|x64.Build.0 = Release|Any CPU
		{F4DC525C-3388-4200-892B-0505B4FFB740}.Release|x86.ActiveCfg = Release|Any CPU
		{F4DC525C-3388-4200-892B-0505B4FFB740}.Release|x86.Build.0 = Release|Any CPU
		{20143F76-8C1D-4F2C-8F1B-F76E81A87A56}.Debug|Any CPU.ActiveCfg = Debug|Any CPU
		{20143F76-8C1D-4F2C-8F1B-F76E81A87A56}.Debug|Any CPU.Build.0 = Debug|Any CPU
		{20143F76-8C1D-4F2C-8F1B-F76E81A87A56}.Debug|iPhone.ActiveCfg = Debug|Any CPU
		{20143F76-8C1D-4F2C-8F1B-F76E81A87A56}.Debug|iPhone.Build.0 = Debug|Any CPU
		{20143F76-8C1D-4F2C-8F1B-F76E81A87A56}.Debug|iPhoneSimulator.ActiveCfg = Debug|Any CPU
		{20143F76-8C1D-4F2C-8F1B-F76E81A87A56}.Debug|iPhoneSimulator.Build.0 = Debug|Any CPU
		{20143F76-8C1D-4F2C-8F1B-F76E81A87A56}.Debug|x64.ActiveCfg = Debug|Any CPU
		{20143F76-8C1D-4F2C-8F1B-F76E81A87A56}.Debug|x64.Build.0 = Debug|Any CPU
		{20143F76-8C1D-4F2C-8F1B-F76E81A87A56}.Debug|x86.ActiveCfg = Debug|Any CPU
		{20143F76-8C1D-4F2C-8F1B-F76E81A87A56}.Debug|x86.Build.0 = Debug|Any CPU
		{20143F76-8C1D-4F2C-8F1B-F76E81A87A56}.MiProtocolConsole|Any CPU.ActiveCfg = Debug|Any CPU
		{20143F76-8C1D-4F2C-8F1B-F76E81A87A56}.MiProtocolConsole|Any CPU.Build.0 = Debug|Any CPU
		{20143F76-8C1D-4F2C-8F1B-F76E81A87A56}.MiProtocolConsole|iPhone.ActiveCfg = Debug|Any CPU
		{20143F76-8C1D-4F2C-8F1B-F76E81A87A56}.MiProtocolConsole|iPhone.Build.0 = Debug|Any CPU
		{20143F76-8C1D-4F2C-8F1B-F76E81A87A56}.MiProtocolConsole|iPhoneSimulator.ActiveCfg = Debug|Any CPU
		{20143F76-8C1D-4F2C-8F1B-F76E81A87A56}.MiProtocolConsole|iPhoneSimulator.Build.0 = Debug|Any CPU
		{20143F76-8C1D-4F2C-8F1B-F76E81A87A56}.MiProtocolConsole|x64.ActiveCfg = Release|Any CPU
		{20143F76-8C1D-4F2C-8F1B-F76E81A87A56}.MiProtocolConsole|x64.Build.0 = Release|Any CPU
		{20143F76-8C1D-4F2C-8F1B-F76E81A87A56}.MiProtocolConsole|x86.ActiveCfg = Release|Any CPU
		{20143F76-8C1D-4F2C-8F1B-F76E81A87A56}.MiProtocolConsole|x86.Build.0 = Release|Any CPU
		{20143F76-8C1D-4F2C-8F1B-F76E81A87A56}.Release - Union Gas|Any CPU.ActiveCfg = Release|Any CPU
		{20143F76-8C1D-4F2C-8F1B-F76E81A87A56}.Release - Union Gas|Any CPU.Build.0 = Release|Any CPU
		{20143F76-8C1D-4F2C-8F1B-F76E81A87A56}.Release - Union Gas|iPhone.ActiveCfg = Release|Any CPU
		{20143F76-8C1D-4F2C-8F1B-F76E81A87A56}.Release - Union Gas|iPhone.Build.0 = Release|Any CPU
		{20143F76-8C1D-4F2C-8F1B-F76E81A87A56}.Release - Union Gas|iPhoneSimulator.ActiveCfg = Release|Any CPU
		{20143F76-8C1D-4F2C-8F1B-F76E81A87A56}.Release - Union Gas|iPhoneSimulator.Build.0 = Release|Any CPU
		{20143F76-8C1D-4F2C-8F1B-F76E81A87A56}.Release - Union Gas|x64.ActiveCfg = Release|Any CPU
		{20143F76-8C1D-4F2C-8F1B-F76E81A87A56}.Release - Union Gas|x64.Build.0 = Release|Any CPU
		{20143F76-8C1D-4F2C-8F1B-F76E81A87A56}.Release - Union Gas|x86.ActiveCfg = Release|Any CPU
		{20143F76-8C1D-4F2C-8F1B-F76E81A87A56}.Release - Union Gas|x86.Build.0 = Release|Any CPU
		{20143F76-8C1D-4F2C-8F1B-F76E81A87A56}.Release|Any CPU.ActiveCfg = Release|Any CPU
		{20143F76-8C1D-4F2C-8F1B-F76E81A87A56}.Release|Any CPU.Build.0 = Release|Any CPU
		{20143F76-8C1D-4F2C-8F1B-F76E81A87A56}.Release|iPhone.ActiveCfg = Release|Any CPU
		{20143F76-8C1D-4F2C-8F1B-F76E81A87A56}.Release|iPhone.Build.0 = Release|Any CPU
		{20143F76-8C1D-4F2C-8F1B-F76E81A87A56}.Release|iPhoneSimulator.ActiveCfg = Release|Any CPU
		{20143F76-8C1D-4F2C-8F1B-F76E81A87A56}.Release|iPhoneSimulator.Build.0 = Release|Any CPU
		{20143F76-8C1D-4F2C-8F1B-F76E81A87A56}.Release|x64.ActiveCfg = Release|Any CPU
		{20143F76-8C1D-4F2C-8F1B-F76E81A87A56}.Release|x64.Build.0 = Release|Any CPU
		{20143F76-8C1D-4F2C-8F1B-F76E81A87A56}.Release|x86.ActiveCfg = Release|Any CPU
		{20143F76-8C1D-4F2C-8F1B-F76E81A87A56}.Release|x86.Build.0 = Release|Any CPU
		{2C3DD000-D52B-463E-BED2-90B0BF2A9ADC}.Debug|Any CPU.ActiveCfg = Debug|Any CPU
		{2C3DD000-D52B-463E-BED2-90B0BF2A9ADC}.Debug|Any CPU.Build.0 = Debug|Any CPU
		{2C3DD000-D52B-463E-BED2-90B0BF2A9ADC}.Debug|iPhone.ActiveCfg = Debug|Any CPU
		{2C3DD000-D52B-463E-BED2-90B0BF2A9ADC}.Debug|iPhone.Build.0 = Debug|Any CPU
		{2C3DD000-D52B-463E-BED2-90B0BF2A9ADC}.Debug|iPhoneSimulator.ActiveCfg = Debug|Any CPU
		{2C3DD000-D52B-463E-BED2-90B0BF2A9ADC}.Debug|iPhoneSimulator.Build.0 = Debug|Any CPU
		{2C3DD000-D52B-463E-BED2-90B0BF2A9ADC}.Debug|x64.ActiveCfg = Debug|Any CPU
		{2C3DD000-D52B-463E-BED2-90B0BF2A9ADC}.Debug|x64.Build.0 = Debug|Any CPU
		{2C3DD000-D52B-463E-BED2-90B0BF2A9ADC}.Debug|x86.ActiveCfg = Debug|Any CPU
		{2C3DD000-D52B-463E-BED2-90B0BF2A9ADC}.Debug|x86.Build.0 = Debug|Any CPU
		{2C3DD000-D52B-463E-BED2-90B0BF2A9ADC}.MiProtocolConsole|Any CPU.ActiveCfg = Debug|Any CPU
		{2C3DD000-D52B-463E-BED2-90B0BF2A9ADC}.MiProtocolConsole|Any CPU.Build.0 = Debug|Any CPU
		{2C3DD000-D52B-463E-BED2-90B0BF2A9ADC}.MiProtocolConsole|iPhone.ActiveCfg = Debug|Any CPU
		{2C3DD000-D52B-463E-BED2-90B0BF2A9ADC}.MiProtocolConsole|iPhone.Build.0 = Debug|Any CPU
		{2C3DD000-D52B-463E-BED2-90B0BF2A9ADC}.MiProtocolConsole|iPhoneSimulator.ActiveCfg = Debug|Any CPU
		{2C3DD000-D52B-463E-BED2-90B0BF2A9ADC}.MiProtocolConsole|iPhoneSimulator.Build.0 = Debug|Any CPU
		{2C3DD000-D52B-463E-BED2-90B0BF2A9ADC}.MiProtocolConsole|x64.ActiveCfg = Release|Any CPU
		{2C3DD000-D52B-463E-BED2-90B0BF2A9ADC}.MiProtocolConsole|x64.Build.0 = Release|Any CPU
		{2C3DD000-D52B-463E-BED2-90B0BF2A9ADC}.MiProtocolConsole|x86.ActiveCfg = Release|Any CPU
		{2C3DD000-D52B-463E-BED2-90B0BF2A9ADC}.MiProtocolConsole|x86.Build.0 = Release|Any CPU
		{2C3DD000-D52B-463E-BED2-90B0BF2A9ADC}.Release - Union Gas|Any CPU.ActiveCfg = Release|Any CPU
		{2C3DD000-D52B-463E-BED2-90B0BF2A9ADC}.Release - Union Gas|Any CPU.Build.0 = Release|Any CPU
		{2C3DD000-D52B-463E-BED2-90B0BF2A9ADC}.Release - Union Gas|iPhone.ActiveCfg = Release|Any CPU
		{2C3DD000-D52B-463E-BED2-90B0BF2A9ADC}.Release - Union Gas|iPhone.Build.0 = Release|Any CPU
		{2C3DD000-D52B-463E-BED2-90B0BF2A9ADC}.Release - Union Gas|iPhoneSimulator.ActiveCfg = Release|Any CPU
		{2C3DD000-D52B-463E-BED2-90B0BF2A9ADC}.Release - Union Gas|iPhoneSimulator.Build.0 = Release|Any CPU
		{2C3DD000-D52B-463E-BED2-90B0BF2A9ADC}.Release - Union Gas|x64.ActiveCfg = Release|Any CPU
		{2C3DD000-D52B-463E-BED2-90B0BF2A9ADC}.Release - Union Gas|x64.Build.0 = Release|Any CPU
		{2C3DD000-D52B-463E-BED2-90B0BF2A9ADC}.Release - Union Gas|x86.ActiveCfg = Release|Any CPU
		{2C3DD000-D52B-463E-BED2-90B0BF2A9ADC}.Release - Union Gas|x86.Build.0 = Release|Any CPU
		{2C3DD000-D52B-463E-BED2-90B0BF2A9ADC}.Release|Any CPU.ActiveCfg = Release|Any CPU
		{2C3DD000-D52B-463E-BED2-90B0BF2A9ADC}.Release|Any CPU.Build.0 = Release|Any CPU
		{2C3DD000-D52B-463E-BED2-90B0BF2A9ADC}.Release|iPhone.ActiveCfg = Release|Any CPU
		{2C3DD000-D52B-463E-BED2-90B0BF2A9ADC}.Release|iPhone.Build.0 = Release|Any CPU
		{2C3DD000-D52B-463E-BED2-90B0BF2A9ADC}.Release|iPhoneSimulator.ActiveCfg = Release|Any CPU
		{2C3DD000-D52B-463E-BED2-90B0BF2A9ADC}.Release|iPhoneSimulator.Build.0 = Release|Any CPU
		{2C3DD000-D52B-463E-BED2-90B0BF2A9ADC}.Release|x64.ActiveCfg = Release|Any CPU
		{2C3DD000-D52B-463E-BED2-90B0BF2A9ADC}.Release|x64.Build.0 = Release|Any CPU
		{2C3DD000-D52B-463E-BED2-90B0BF2A9ADC}.Release|x86.ActiveCfg = Release|Any CPU
		{2C3DD000-D52B-463E-BED2-90B0BF2A9ADC}.Release|x86.Build.0 = Release|Any CPU
		{E2F6C57C-0548-4ADC-8F03-74EF76A057F2}.Debug|Any CPU.ActiveCfg = Debug|Any CPU
		{E2F6C57C-0548-4ADC-8F03-74EF76A057F2}.Debug|Any CPU.Build.0 = Debug|Any CPU
		{E2F6C57C-0548-4ADC-8F03-74EF76A057F2}.Debug|iPhone.ActiveCfg = Debug|Any CPU
		{E2F6C57C-0548-4ADC-8F03-74EF76A057F2}.Debug|iPhone.Build.0 = Debug|Any CPU
		{E2F6C57C-0548-4ADC-8F03-74EF76A057F2}.Debug|iPhoneSimulator.ActiveCfg = Debug|Any CPU
		{E2F6C57C-0548-4ADC-8F03-74EF76A057F2}.Debug|iPhoneSimulator.Build.0 = Debug|Any CPU
		{E2F6C57C-0548-4ADC-8F03-74EF76A057F2}.Debug|x64.ActiveCfg = Debug|Any CPU
		{E2F6C57C-0548-4ADC-8F03-74EF76A057F2}.Debug|x64.Build.0 = Debug|Any CPU
		{E2F6C57C-0548-4ADC-8F03-74EF76A057F2}.Debug|x86.ActiveCfg = Debug|Any CPU
		{E2F6C57C-0548-4ADC-8F03-74EF76A057F2}.Debug|x86.Build.0 = Debug|Any CPU
		{E2F6C57C-0548-4ADC-8F03-74EF76A057F2}.MiProtocolConsole|Any CPU.ActiveCfg = Debug|Any CPU
		{E2F6C57C-0548-4ADC-8F03-74EF76A057F2}.MiProtocolConsole|Any CPU.Build.0 = Debug|Any CPU
		{E2F6C57C-0548-4ADC-8F03-74EF76A057F2}.MiProtocolConsole|iPhone.ActiveCfg = Debug|Any CPU
		{E2F6C57C-0548-4ADC-8F03-74EF76A057F2}.MiProtocolConsole|iPhone.Build.0 = Debug|Any CPU
		{E2F6C57C-0548-4ADC-8F03-74EF76A057F2}.MiProtocolConsole|iPhoneSimulator.ActiveCfg = Debug|Any CPU
		{E2F6C57C-0548-4ADC-8F03-74EF76A057F2}.MiProtocolConsole|iPhoneSimulator.Build.0 = Debug|Any CPU
		{E2F6C57C-0548-4ADC-8F03-74EF76A057F2}.MiProtocolConsole|x64.ActiveCfg = Debug|Any CPU
		{E2F6C57C-0548-4ADC-8F03-74EF76A057F2}.MiProtocolConsole|x64.Build.0 = Debug|Any CPU
		{E2F6C57C-0548-4ADC-8F03-74EF76A057F2}.MiProtocolConsole|x86.ActiveCfg = Debug|Any CPU
		{E2F6C57C-0548-4ADC-8F03-74EF76A057F2}.MiProtocolConsole|x86.Build.0 = Debug|Any CPU
		{E2F6C57C-0548-4ADC-8F03-74EF76A057F2}.Release - Union Gas|Any CPU.ActiveCfg = Release|Any CPU
		{E2F6C57C-0548-4ADC-8F03-74EF76A057F2}.Release - Union Gas|Any CPU.Build.0 = Release|Any CPU
		{E2F6C57C-0548-4ADC-8F03-74EF76A057F2}.Release - Union Gas|iPhone.ActiveCfg = Release|Any CPU
		{E2F6C57C-0548-4ADC-8F03-74EF76A057F2}.Release - Union Gas|iPhone.Build.0 = Release|Any CPU
		{E2F6C57C-0548-4ADC-8F03-74EF76A057F2}.Release - Union Gas|iPhoneSimulator.ActiveCfg = Release|Any CPU
		{E2F6C57C-0548-4ADC-8F03-74EF76A057F2}.Release - Union Gas|iPhoneSimulator.Build.0 = Release|Any CPU
		{E2F6C57C-0548-4ADC-8F03-74EF76A057F2}.Release - Union Gas|x64.ActiveCfg = Release|Any CPU
		{E2F6C57C-0548-4ADC-8F03-74EF76A057F2}.Release - Union Gas|x64.Build.0 = Release|Any CPU
		{E2F6C57C-0548-4ADC-8F03-74EF76A057F2}.Release - Union Gas|x86.ActiveCfg = Release|Any CPU
		{E2F6C57C-0548-4ADC-8F03-74EF76A057F2}.Release - Union Gas|x86.Build.0 = Release|Any CPU
		{E2F6C57C-0548-4ADC-8F03-74EF76A057F2}.Release|Any CPU.ActiveCfg = Release|Any CPU
		{E2F6C57C-0548-4ADC-8F03-74EF76A057F2}.Release|Any CPU.Build.0 = Release|Any CPU
		{E2F6C57C-0548-4ADC-8F03-74EF76A057F2}.Release|iPhone.ActiveCfg = Release|Any CPU
		{E2F6C57C-0548-4ADC-8F03-74EF76A057F2}.Release|iPhone.Build.0 = Release|Any CPU
		{E2F6C57C-0548-4ADC-8F03-74EF76A057F2}.Release|iPhoneSimulator.ActiveCfg = Release|Any CPU
		{E2F6C57C-0548-4ADC-8F03-74EF76A057F2}.Release|iPhoneSimulator.Build.0 = Release|Any CPU
		{E2F6C57C-0548-4ADC-8F03-74EF76A057F2}.Release|x64.ActiveCfg = Release|Any CPU
		{E2F6C57C-0548-4ADC-8F03-74EF76A057F2}.Release|x64.Build.0 = Release|Any CPU
		{E2F6C57C-0548-4ADC-8F03-74EF76A057F2}.Release|x86.ActiveCfg = Release|Any CPU
		{E2F6C57C-0548-4ADC-8F03-74EF76A057F2}.Release|x86.Build.0 = Release|Any CPU
		{42B6B2D3-84AB-46D9-ADDA-406BC0C76E13}.Debug|Any CPU.ActiveCfg = Debug|Any CPU
		{42B6B2D3-84AB-46D9-ADDA-406BC0C76E13}.Debug|Any CPU.Build.0 = Debug|Any CPU
		{42B6B2D3-84AB-46D9-ADDA-406BC0C76E13}.Debug|iPhone.ActiveCfg = Debug|Any CPU
		{42B6B2D3-84AB-46D9-ADDA-406BC0C76E13}.Debug|iPhone.Build.0 = Debug|Any CPU
		{42B6B2D3-84AB-46D9-ADDA-406BC0C76E13}.Debug|iPhoneSimulator.ActiveCfg = Debug|Any CPU
		{42B6B2D3-84AB-46D9-ADDA-406BC0C76E13}.Debug|iPhoneSimulator.Build.0 = Debug|Any CPU
		{42B6B2D3-84AB-46D9-ADDA-406BC0C76E13}.Debug|x64.ActiveCfg = Debug|Any CPU
		{42B6B2D3-84AB-46D9-ADDA-406BC0C76E13}.Debug|x64.Build.0 = Debug|Any CPU
		{42B6B2D3-84AB-46D9-ADDA-406BC0C76E13}.Debug|x86.ActiveCfg = Debug|Any CPU
		{42B6B2D3-84AB-46D9-ADDA-406BC0C76E13}.Debug|x86.Build.0 = Debug|Any CPU
		{42B6B2D3-84AB-46D9-ADDA-406BC0C76E13}.MiProtocolConsole|Any CPU.ActiveCfg = Debug|Any CPU
		{42B6B2D3-84AB-46D9-ADDA-406BC0C76E13}.MiProtocolConsole|Any CPU.Build.0 = Debug|Any CPU
		{42B6B2D3-84AB-46D9-ADDA-406BC0C76E13}.MiProtocolConsole|iPhone.ActiveCfg = Debug|Any CPU
		{42B6B2D3-84AB-46D9-ADDA-406BC0C76E13}.MiProtocolConsole|iPhone.Build.0 = Debug|Any CPU
		{42B6B2D3-84AB-46D9-ADDA-406BC0C76E13}.MiProtocolConsole|iPhoneSimulator.ActiveCfg = Debug|Any CPU
		{42B6B2D3-84AB-46D9-ADDA-406BC0C76E13}.MiProtocolConsole|iPhoneSimulator.Build.0 = Debug|Any CPU
		{42B6B2D3-84AB-46D9-ADDA-406BC0C76E13}.MiProtocolConsole|x64.ActiveCfg = Debug|Any CPU
		{42B6B2D3-84AB-46D9-ADDA-406BC0C76E13}.MiProtocolConsole|x64.Build.0 = Debug|Any CPU
		{42B6B2D3-84AB-46D9-ADDA-406BC0C76E13}.MiProtocolConsole|x86.ActiveCfg = Debug|Any CPU
		{42B6B2D3-84AB-46D9-ADDA-406BC0C76E13}.MiProtocolConsole|x86.Build.0 = Debug|Any CPU
		{42B6B2D3-84AB-46D9-ADDA-406BC0C76E13}.Release - Union Gas|Any CPU.ActiveCfg = Release|Any CPU
		{42B6B2D3-84AB-46D9-ADDA-406BC0C76E13}.Release - Union Gas|Any CPU.Build.0 = Release|Any CPU
		{42B6B2D3-84AB-46D9-ADDA-406BC0C76E13}.Release - Union Gas|iPhone.ActiveCfg = Release|Any CPU
		{42B6B2D3-84AB-46D9-ADDA-406BC0C76E13}.Release - Union Gas|iPhone.Build.0 = Release|Any CPU
		{42B6B2D3-84AB-46D9-ADDA-406BC0C76E13}.Release - Union Gas|iPhoneSimulator.ActiveCfg = Release|Any CPU
		{42B6B2D3-84AB-46D9-ADDA-406BC0C76E13}.Release - Union Gas|iPhoneSimulator.Build.0 = Release|Any CPU
		{42B6B2D3-84AB-46D9-ADDA-406BC0C76E13}.Release - Union Gas|x64.ActiveCfg = Release|Any CPU
		{42B6B2D3-84AB-46D9-ADDA-406BC0C76E13}.Release - Union Gas|x64.Build.0 = Release|Any CPU
		{42B6B2D3-84AB-46D9-ADDA-406BC0C76E13}.Release - Union Gas|x86.ActiveCfg = Release|Any CPU
		{42B6B2D3-84AB-46D9-ADDA-406BC0C76E13}.Release - Union Gas|x86.Build.0 = Release|Any CPU
		{42B6B2D3-84AB-46D9-ADDA-406BC0C76E13}.Release|Any CPU.ActiveCfg = Release|Any CPU
		{42B6B2D3-84AB-46D9-ADDA-406BC0C76E13}.Release|Any CPU.Build.0 = Release|Any CPU
		{42B6B2D3-84AB-46D9-ADDA-406BC0C76E13}.Release|iPhone.ActiveCfg = Release|Any CPU
		{42B6B2D3-84AB-46D9-ADDA-406BC0C76E13}.Release|iPhone.Build.0 = Release|Any CPU
		{42B6B2D3-84AB-46D9-ADDA-406BC0C76E13}.Release|iPhoneSimulator.ActiveCfg = Release|Any CPU
		{42B6B2D3-84AB-46D9-ADDA-406BC0C76E13}.Release|iPhoneSimulator.Build.0 = Release|Any CPU
		{42B6B2D3-84AB-46D9-ADDA-406BC0C76E13}.Release|x64.ActiveCfg = Release|Any CPU
		{42B6B2D3-84AB-46D9-ADDA-406BC0C76E13}.Release|x64.Build.0 = Release|Any CPU
		{42B6B2D3-84AB-46D9-ADDA-406BC0C76E13}.Release|x86.ActiveCfg = Release|Any CPU
		{42B6B2D3-84AB-46D9-ADDA-406BC0C76E13}.Release|x86.Build.0 = Release|Any CPU
		{0B42C33D-26DC-4E84-BA01-917FF4BADA48}.Debug|Any CPU.ActiveCfg = Debug|Any CPU
		{0B42C33D-26DC-4E84-BA01-917FF4BADA48}.Debug|Any CPU.Build.0 = Debug|Any CPU
		{0B42C33D-26DC-4E84-BA01-917FF4BADA48}.Debug|iPhone.ActiveCfg = Debug|Any CPU
		{0B42C33D-26DC-4E84-BA01-917FF4BADA48}.Debug|iPhone.Build.0 = Debug|Any CPU
		{0B42C33D-26DC-4E84-BA01-917FF4BADA48}.Debug|iPhoneSimulator.ActiveCfg = Debug|Any CPU
		{0B42C33D-26DC-4E84-BA01-917FF4BADA48}.Debug|iPhoneSimulator.Build.0 = Debug|Any CPU
		{0B42C33D-26DC-4E84-BA01-917FF4BADA48}.Debug|x64.ActiveCfg = Debug|Any CPU
		{0B42C33D-26DC-4E84-BA01-917FF4BADA48}.Debug|x64.Build.0 = Debug|Any CPU
		{0B42C33D-26DC-4E84-BA01-917FF4BADA48}.Debug|x86.ActiveCfg = Debug|Any CPU
		{0B42C33D-26DC-4E84-BA01-917FF4BADA48}.Debug|x86.Build.0 = Debug|Any CPU
		{0B42C33D-26DC-4E84-BA01-917FF4BADA48}.MiProtocolConsole|Any CPU.ActiveCfg = Debug|Any CPU
		{0B42C33D-26DC-4E84-BA01-917FF4BADA48}.MiProtocolConsole|Any CPU.Build.0 = Debug|Any CPU
		{0B42C33D-26DC-4E84-BA01-917FF4BADA48}.MiProtocolConsole|iPhone.ActiveCfg = Debug|Any CPU
		{0B42C33D-26DC-4E84-BA01-917FF4BADA48}.MiProtocolConsole|iPhone.Build.0 = Debug|Any CPU
		{0B42C33D-26DC-4E84-BA01-917FF4BADA48}.MiProtocolConsole|iPhoneSimulator.ActiveCfg = Debug|Any CPU
		{0B42C33D-26DC-4E84-BA01-917FF4BADA48}.MiProtocolConsole|iPhoneSimulator.Build.0 = Debug|Any CPU
		{0B42C33D-26DC-4E84-BA01-917FF4BADA48}.MiProtocolConsole|x64.ActiveCfg = Debug|Any CPU
		{0B42C33D-26DC-4E84-BA01-917FF4BADA48}.MiProtocolConsole|x64.Build.0 = Debug|Any CPU
		{0B42C33D-26DC-4E84-BA01-917FF4BADA48}.MiProtocolConsole|x86.ActiveCfg = Debug|Any CPU
		{0B42C33D-26DC-4E84-BA01-917FF4BADA48}.MiProtocolConsole|x86.Build.0 = Debug|Any CPU
		{0B42C33D-26DC-4E84-BA01-917FF4BADA48}.Release - Union Gas|Any CPU.ActiveCfg = Release|Any CPU
		{0B42C33D-26DC-4E84-BA01-917FF4BADA48}.Release - Union Gas|Any CPU.Build.0 = Release|Any CPU
		{0B42C33D-26DC-4E84-BA01-917FF4BADA48}.Release - Union Gas|iPhone.ActiveCfg = Release|Any CPU
		{0B42C33D-26DC-4E84-BA01-917FF4BADA48}.Release - Union Gas|iPhone.Build.0 = Release|Any CPU
		{0B42C33D-26DC-4E84-BA01-917FF4BADA48}.Release - Union Gas|iPhoneSimulator.ActiveCfg = Release|Any CPU
		{0B42C33D-26DC-4E84-BA01-917FF4BADA48}.Release - Union Gas|iPhoneSimulator.Build.0 = Release|Any CPU
		{0B42C33D-26DC-4E84-BA01-917FF4BADA48}.Release - Union Gas|x64.ActiveCfg = Release|Any CPU
		{0B42C33D-26DC-4E84-BA01-917FF4BADA48}.Release - Union Gas|x64.Build.0 = Release|Any CPU
		{0B42C33D-26DC-4E84-BA01-917FF4BADA48}.Release - Union Gas|x86.ActiveCfg = Release|Any CPU
		{0B42C33D-26DC-4E84-BA01-917FF4BADA48}.Release - Union Gas|x86.Build.0 = Release|Any CPU
		{0B42C33D-26DC-4E84-BA01-917FF4BADA48}.Release|Any CPU.ActiveCfg = Release|Any CPU
		{0B42C33D-26DC-4E84-BA01-917FF4BADA48}.Release|Any CPU.Build.0 = Release|Any CPU
		{0B42C33D-26DC-4E84-BA01-917FF4BADA48}.Release|iPhone.ActiveCfg = Release|Any CPU
		{0B42C33D-26DC-4E84-BA01-917FF4BADA48}.Release|iPhone.Build.0 = Release|Any CPU
		{0B42C33D-26DC-4E84-BA01-917FF4BADA48}.Release|iPhoneSimulator.ActiveCfg = Release|Any CPU
		{0B42C33D-26DC-4E84-BA01-917FF4BADA48}.Release|iPhoneSimulator.Build.0 = Release|Any CPU
		{0B42C33D-26DC-4E84-BA01-917FF4BADA48}.Release|x64.ActiveCfg = Release|Any CPU
		{0B42C33D-26DC-4E84-BA01-917FF4BADA48}.Release|x64.Build.0 = Release|Any CPU
		{0B42C33D-26DC-4E84-BA01-917FF4BADA48}.Release|x86.ActiveCfg = Release|Any CPU
		{0B42C33D-26DC-4E84-BA01-917FF4BADA48}.Release|x86.Build.0 = Release|Any CPU
		{8478EBB7-A086-4C7E-B49C-882E5DA33B4F}.Debug|Any CPU.ActiveCfg = Debug|Any CPU
		{8478EBB7-A086-4C7E-B49C-882E5DA33B4F}.Debug|Any CPU.Build.0 = Debug|Any CPU
		{8478EBB7-A086-4C7E-B49C-882E5DA33B4F}.Debug|iPhone.ActiveCfg = Debug|Any CPU
		{8478EBB7-A086-4C7E-B49C-882E5DA33B4F}.Debug|iPhone.Build.0 = Debug|Any CPU
		{8478EBB7-A086-4C7E-B49C-882E5DA33B4F}.Debug|iPhoneSimulator.ActiveCfg = Debug|Any CPU
		{8478EBB7-A086-4C7E-B49C-882E5DA33B4F}.Debug|iPhoneSimulator.Build.0 = Debug|Any CPU
		{8478EBB7-A086-4C7E-B49C-882E5DA33B4F}.Debug|x64.ActiveCfg = Debug|Any CPU
		{8478EBB7-A086-4C7E-B49C-882E5DA33B4F}.Debug|x64.Build.0 = Debug|Any CPU
		{8478EBB7-A086-4C7E-B49C-882E5DA33B4F}.Debug|x86.ActiveCfg = Debug|Any CPU
		{8478EBB7-A086-4C7E-B49C-882E5DA33B4F}.Debug|x86.Build.0 = Debug|Any CPU
		{8478EBB7-A086-4C7E-B49C-882E5DA33B4F}.MiProtocolConsole|Any CPU.ActiveCfg = Debug|Any CPU
		{8478EBB7-A086-4C7E-B49C-882E5DA33B4F}.MiProtocolConsole|Any CPU.Build.0 = Debug|Any CPU
		{8478EBB7-A086-4C7E-B49C-882E5DA33B4F}.MiProtocolConsole|iPhone.ActiveCfg = Debug|Any CPU
		{8478EBB7-A086-4C7E-B49C-882E5DA33B4F}.MiProtocolConsole|iPhone.Build.0 = Debug|Any CPU
		{8478EBB7-A086-4C7E-B49C-882E5DA33B4F}.MiProtocolConsole|iPhoneSimulator.ActiveCfg = Debug|Any CPU
		{8478EBB7-A086-4C7E-B49C-882E5DA33B4F}.MiProtocolConsole|iPhoneSimulator.Build.0 = Debug|Any CPU
		{8478EBB7-A086-4C7E-B49C-882E5DA33B4F}.MiProtocolConsole|x64.ActiveCfg = Debug|Any CPU
		{8478EBB7-A086-4C7E-B49C-882E5DA33B4F}.MiProtocolConsole|x64.Build.0 = Debug|Any CPU
		{8478EBB7-A086-4C7E-B49C-882E5DA33B4F}.MiProtocolConsole|x86.ActiveCfg = Debug|Any CPU
		{8478EBB7-A086-4C7E-B49C-882E5DA33B4F}.MiProtocolConsole|x86.Build.0 = Debug|Any CPU
		{8478EBB7-A086-4C7E-B49C-882E5DA33B4F}.Release - Union Gas|Any CPU.ActiveCfg = Release|Any CPU
		{8478EBB7-A086-4C7E-B49C-882E5DA33B4F}.Release - Union Gas|Any CPU.Build.0 = Release|Any CPU
		{8478EBB7-A086-4C7E-B49C-882E5DA33B4F}.Release - Union Gas|iPhone.ActiveCfg = Release|Any CPU
		{8478EBB7-A086-4C7E-B49C-882E5DA33B4F}.Release - Union Gas|iPhone.Build.0 = Release|Any CPU
		{8478EBB7-A086-4C7E-B49C-882E5DA33B4F}.Release - Union Gas|iPhoneSimulator.ActiveCfg = Release|Any CPU
		{8478EBB7-A086-4C7E-B49C-882E5DA33B4F}.Release - Union Gas|iPhoneSimulator.Build.0 = Release|Any CPU
		{8478EBB7-A086-4C7E-B49C-882E5DA33B4F}.Release - Union Gas|x64.ActiveCfg = Release|Any CPU
		{8478EBB7-A086-4C7E-B49C-882E5DA33B4F}.Release - Union Gas|x64.Build.0 = Release|Any CPU
		{8478EBB7-A086-4C7E-B49C-882E5DA33B4F}.Release - Union Gas|x86.ActiveCfg = Release|Any CPU
		{8478EBB7-A086-4C7E-B49C-882E5DA33B4F}.Release - Union Gas|x86.Build.0 = Release|Any CPU
		{8478EBB7-A086-4C7E-B49C-882E5DA33B4F}.Release|Any CPU.ActiveCfg = Release|Any CPU
		{8478EBB7-A086-4C7E-B49C-882E5DA33B4F}.Release|Any CPU.Build.0 = Release|Any CPU
		{8478EBB7-A086-4C7E-B49C-882E5DA33B4F}.Release|iPhone.ActiveCfg = Release|Any CPU
		{8478EBB7-A086-4C7E-B49C-882E5DA33B4F}.Release|iPhone.Build.0 = Release|Any CPU
		{8478EBB7-A086-4C7E-B49C-882E5DA33B4F}.Release|iPhoneSimulator.ActiveCfg = Release|Any CPU
		{8478EBB7-A086-4C7E-B49C-882E5DA33B4F}.Release|iPhoneSimulator.Build.0 = Release|Any CPU
		{8478EBB7-A086-4C7E-B49C-882E5DA33B4F}.Release|x64.ActiveCfg = Release|Any CPU
		{8478EBB7-A086-4C7E-B49C-882E5DA33B4F}.Release|x64.Build.0 = Release|Any CPU
		{8478EBB7-A086-4C7E-B49C-882E5DA33B4F}.Release|x86.ActiveCfg = Release|Any CPU
		{8478EBB7-A086-4C7E-B49C-882E5DA33B4F}.Release|x86.Build.0 = Release|Any CPU
		{EA8DBAF9-9E66-41DF-8E5A-948C998DFFFE}.Debug|Any CPU.ActiveCfg = Debug|Any CPU
		{EA8DBAF9-9E66-41DF-8E5A-948C998DFFFE}.Debug|Any CPU.Build.0 = Debug|Any CPU
		{EA8DBAF9-9E66-41DF-8E5A-948C998DFFFE}.Debug|iPhone.ActiveCfg = Debug|Any CPU
		{EA8DBAF9-9E66-41DF-8E5A-948C998DFFFE}.Debug|iPhone.Build.0 = Debug|Any CPU
		{EA8DBAF9-9E66-41DF-8E5A-948C998DFFFE}.Debug|iPhoneSimulator.ActiveCfg = Debug|Any CPU
		{EA8DBAF9-9E66-41DF-8E5A-948C998DFFFE}.Debug|iPhoneSimulator.Build.0 = Debug|Any CPU
		{EA8DBAF9-9E66-41DF-8E5A-948C998DFFFE}.Debug|x64.ActiveCfg = Debug|Any CPU
		{EA8DBAF9-9E66-41DF-8E5A-948C998DFFFE}.Debug|x64.Build.0 = Debug|Any CPU
		{EA8DBAF9-9E66-41DF-8E5A-948C998DFFFE}.Debug|x86.ActiveCfg = Debug|Any CPU
		{EA8DBAF9-9E66-41DF-8E5A-948C998DFFFE}.Debug|x86.Build.0 = Debug|Any CPU
		{EA8DBAF9-9E66-41DF-8E5A-948C998DFFFE}.MiProtocolConsole|Any CPU.ActiveCfg = Debug|Any CPU
		{EA8DBAF9-9E66-41DF-8E5A-948C998DFFFE}.MiProtocolConsole|Any CPU.Build.0 = Debug|Any CPU
		{EA8DBAF9-9E66-41DF-8E5A-948C998DFFFE}.MiProtocolConsole|iPhone.ActiveCfg = Debug|Any CPU
		{EA8DBAF9-9E66-41DF-8E5A-948C998DFFFE}.MiProtocolConsole|iPhone.Build.0 = Debug|Any CPU
		{EA8DBAF9-9E66-41DF-8E5A-948C998DFFFE}.MiProtocolConsole|iPhoneSimulator.ActiveCfg = Debug|Any CPU
		{EA8DBAF9-9E66-41DF-8E5A-948C998DFFFE}.MiProtocolConsole|iPhoneSimulator.Build.0 = Debug|Any CPU
		{EA8DBAF9-9E66-41DF-8E5A-948C998DFFFE}.MiProtocolConsole|x64.ActiveCfg = Debug|Any CPU
		{EA8DBAF9-9E66-41DF-8E5A-948C998DFFFE}.MiProtocolConsole|x64.Build.0 = Debug|Any CPU
		{EA8DBAF9-9E66-41DF-8E5A-948C998DFFFE}.MiProtocolConsole|x86.ActiveCfg = Debug|Any CPU
		{EA8DBAF9-9E66-41DF-8E5A-948C998DFFFE}.MiProtocolConsole|x86.Build.0 = Debug|Any CPU
		{EA8DBAF9-9E66-41DF-8E5A-948C998DFFFE}.Release - Union Gas|Any CPU.ActiveCfg = Release|Any CPU
		{EA8DBAF9-9E66-41DF-8E5A-948C998DFFFE}.Release - Union Gas|Any CPU.Build.0 = Release|Any CPU
		{EA8DBAF9-9E66-41DF-8E5A-948C998DFFFE}.Release - Union Gas|iPhone.ActiveCfg = Release|Any CPU
		{EA8DBAF9-9E66-41DF-8E5A-948C998DFFFE}.Release - Union Gas|iPhone.Build.0 = Release|Any CPU
		{EA8DBAF9-9E66-41DF-8E5A-948C998DFFFE}.Release - Union Gas|iPhoneSimulator.ActiveCfg = Release|Any CPU
		{EA8DBAF9-9E66-41DF-8E5A-948C998DFFFE}.Release - Union Gas|iPhoneSimulator.Build.0 = Release|Any CPU
		{EA8DBAF9-9E66-41DF-8E5A-948C998DFFFE}.Release - Union Gas|x64.ActiveCfg = Release|Any CPU
		{EA8DBAF9-9E66-41DF-8E5A-948C998DFFFE}.Release - Union Gas|x64.Build.0 = Release|Any CPU
		{EA8DBAF9-9E66-41DF-8E5A-948C998DFFFE}.Release - Union Gas|x86.ActiveCfg = Release|Any CPU
		{EA8DBAF9-9E66-41DF-8E5A-948C998DFFFE}.Release - Union Gas|x86.Build.0 = Release|Any CPU
		{EA8DBAF9-9E66-41DF-8E5A-948C998DFFFE}.Release|Any CPU.ActiveCfg = Release|Any CPU
		{EA8DBAF9-9E66-41DF-8E5A-948C998DFFFE}.Release|Any CPU.Build.0 = Release|Any CPU
		{EA8DBAF9-9E66-41DF-8E5A-948C998DFFFE}.Release|iPhone.ActiveCfg = Release|Any CPU
		{EA8DBAF9-9E66-41DF-8E5A-948C998DFFFE}.Release|iPhone.Build.0 = Release|Any CPU
		{EA8DBAF9-9E66-41DF-8E5A-948C998DFFFE}.Release|iPhoneSimulator.ActiveCfg = Release|Any CPU
		{EA8DBAF9-9E66-41DF-8E5A-948C998DFFFE}.Release|iPhoneSimulator.Build.0 = Release|Any CPU
		{EA8DBAF9-9E66-41DF-8E5A-948C998DFFFE}.Release|x64.ActiveCfg = Release|Any CPU
		{EA8DBAF9-9E66-41DF-8E5A-948C998DFFFE}.Release|x64.Build.0 = Release|Any CPU
		{EA8DBAF9-9E66-41DF-8E5A-948C998DFFFE}.Release|x86.ActiveCfg = Release|Any CPU
		{EA8DBAF9-9E66-41DF-8E5A-948C998DFFFE}.Release|x86.Build.0 = Release|Any CPU
		{51855F77-32AC-4785-9A55-1A8A1EF4E15D}.Debug|Any CPU.ActiveCfg = Debug|Any CPU
		{51855F77-32AC-4785-9A55-1A8A1EF4E15D}.Debug|Any CPU.Build.0 = Debug|Any CPU
		{51855F77-32AC-4785-9A55-1A8A1EF4E15D}.Debug|iPhone.ActiveCfg = Debug|Any CPU
		{51855F77-32AC-4785-9A55-1A8A1EF4E15D}.Debug|iPhone.Build.0 = Debug|Any CPU
		{51855F77-32AC-4785-9A55-1A8A1EF4E15D}.Debug|iPhoneSimulator.ActiveCfg = Debug|Any CPU
		{51855F77-32AC-4785-9A55-1A8A1EF4E15D}.Debug|iPhoneSimulator.Build.0 = Debug|Any CPU
		{51855F77-32AC-4785-9A55-1A8A1EF4E15D}.Debug|x64.ActiveCfg = Debug|Any CPU
		{51855F77-32AC-4785-9A55-1A8A1EF4E15D}.Debug|x64.Build.0 = Debug|Any CPU
		{51855F77-32AC-4785-9A55-1A8A1EF4E15D}.Debug|x86.ActiveCfg = Debug|Any CPU
		{51855F77-32AC-4785-9A55-1A8A1EF4E15D}.Debug|x86.Build.0 = Debug|Any CPU
		{51855F77-32AC-4785-9A55-1A8A1EF4E15D}.MiProtocolConsole|Any CPU.ActiveCfg = Debug|Any CPU
		{51855F77-32AC-4785-9A55-1A8A1EF4E15D}.MiProtocolConsole|Any CPU.Build.0 = Debug|Any CPU
		{51855F77-32AC-4785-9A55-1A8A1EF4E15D}.MiProtocolConsole|iPhone.ActiveCfg = Debug|Any CPU
		{51855F77-32AC-4785-9A55-1A8A1EF4E15D}.MiProtocolConsole|iPhone.Build.0 = Debug|Any CPU
		{51855F77-32AC-4785-9A55-1A8A1EF4E15D}.MiProtocolConsole|iPhoneSimulator.ActiveCfg = Debug|Any CPU
		{51855F77-32AC-4785-9A55-1A8A1EF4E15D}.MiProtocolConsole|iPhoneSimulator.Build.0 = Debug|Any CPU
		{51855F77-32AC-4785-9A55-1A8A1EF4E15D}.MiProtocolConsole|x64.ActiveCfg = Debug|Any CPU
		{51855F77-32AC-4785-9A55-1A8A1EF4E15D}.MiProtocolConsole|x64.Build.0 = Debug|Any CPU
		{51855F77-32AC-4785-9A55-1A8A1EF4E15D}.MiProtocolConsole|x86.ActiveCfg = Debug|Any CPU
		{51855F77-32AC-4785-9A55-1A8A1EF4E15D}.MiProtocolConsole|x86.Build.0 = Debug|Any CPU
		{51855F77-32AC-4785-9A55-1A8A1EF4E15D}.Release - Union Gas|Any CPU.ActiveCfg = Release|Any CPU
		{51855F77-32AC-4785-9A55-1A8A1EF4E15D}.Release - Union Gas|Any CPU.Build.0 = Release|Any CPU
		{51855F77-32AC-4785-9A55-1A8A1EF4E15D}.Release - Union Gas|iPhone.ActiveCfg = Release|Any CPU
		{51855F77-32AC-4785-9A55-1A8A1EF4E15D}.Release - Union Gas|iPhone.Build.0 = Release|Any CPU
		{51855F77-32AC-4785-9A55-1A8A1EF4E15D}.Release - Union Gas|iPhoneSimulator.ActiveCfg = Release|Any CPU
		{51855F77-32AC-4785-9A55-1A8A1EF4E15D}.Release - Union Gas|iPhoneSimulator.Build.0 = Release|Any CPU
		{51855F77-32AC-4785-9A55-1A8A1EF4E15D}.Release - Union Gas|x64.ActiveCfg = Release|Any CPU
		{51855F77-32AC-4785-9A55-1A8A1EF4E15D}.Release - Union Gas|x64.Build.0 = Release|Any CPU
		{51855F77-32AC-4785-9A55-1A8A1EF4E15D}.Release - Union Gas|x86.ActiveCfg = Release|Any CPU
		{51855F77-32AC-4785-9A55-1A8A1EF4E15D}.Release - Union Gas|x86.Build.0 = Release|Any CPU
		{51855F77-32AC-4785-9A55-1A8A1EF4E15D}.Release|Any CPU.ActiveCfg = Release|Any CPU
		{51855F77-32AC-4785-9A55-1A8A1EF4E15D}.Release|Any CPU.Build.0 = Release|Any CPU
		{51855F77-32AC-4785-9A55-1A8A1EF4E15D}.Release|iPhone.ActiveCfg = Release|Any CPU
		{51855F77-32AC-4785-9A55-1A8A1EF4E15D}.Release|iPhone.Build.0 = Release|Any CPU
		{51855F77-32AC-4785-9A55-1A8A1EF4E15D}.Release|iPhoneSimulator.ActiveCfg = Release|Any CPU
		{51855F77-32AC-4785-9A55-1A8A1EF4E15D}.Release|iPhoneSimulator.Build.0 = Release|Any CPU
		{51855F77-32AC-4785-9A55-1A8A1EF4E15D}.Release|x64.ActiveCfg = Release|Any CPU
		{51855F77-32AC-4785-9A55-1A8A1EF4E15D}.Release|x64.Build.0 = Release|Any CPU
		{51855F77-32AC-4785-9A55-1A8A1EF4E15D}.Release|x86.ActiveCfg = Release|Any CPU
		{51855F77-32AC-4785-9A55-1A8A1EF4E15D}.Release|x86.Build.0 = Release|Any CPU
		{13A63BE0-7FD7-4BFB-B14A-75DEF2F60BB5}.Debug|Any CPU.ActiveCfg = Debug|Any CPU
		{13A63BE0-7FD7-4BFB-B14A-75DEF2F60BB5}.Debug|Any CPU.Build.0 = Debug|Any CPU
		{13A63BE0-7FD7-4BFB-B14A-75DEF2F60BB5}.Debug|iPhone.ActiveCfg = Debug|Any CPU
		{13A63BE0-7FD7-4BFB-B14A-75DEF2F60BB5}.Debug|iPhone.Build.0 = Debug|Any CPU
		{13A63BE0-7FD7-4BFB-B14A-75DEF2F60BB5}.Debug|iPhoneSimulator.ActiveCfg = Debug|Any CPU
		{13A63BE0-7FD7-4BFB-B14A-75DEF2F60BB5}.Debug|iPhoneSimulator.Build.0 = Debug|Any CPU
		{13A63BE0-7FD7-4BFB-B14A-75DEF2F60BB5}.Debug|x64.ActiveCfg = Debug|Any CPU
		{13A63BE0-7FD7-4BFB-B14A-75DEF2F60BB5}.Debug|x64.Build.0 = Debug|Any CPU
		{13A63BE0-7FD7-4BFB-B14A-75DEF2F60BB5}.Debug|x86.ActiveCfg = Debug|Any CPU
		{13A63BE0-7FD7-4BFB-B14A-75DEF2F60BB5}.Debug|x86.Build.0 = Debug|Any CPU
		{13A63BE0-7FD7-4BFB-B14A-75DEF2F60BB5}.MiProtocolConsole|Any CPU.ActiveCfg = Debug|Any CPU
		{13A63BE0-7FD7-4BFB-B14A-75DEF2F60BB5}.MiProtocolConsole|Any CPU.Build.0 = Debug|Any CPU
		{13A63BE0-7FD7-4BFB-B14A-75DEF2F60BB5}.MiProtocolConsole|iPhone.ActiveCfg = Debug|Any CPU
		{13A63BE0-7FD7-4BFB-B14A-75DEF2F60BB5}.MiProtocolConsole|iPhone.Build.0 = Debug|Any CPU
		{13A63BE0-7FD7-4BFB-B14A-75DEF2F60BB5}.MiProtocolConsole|iPhoneSimulator.ActiveCfg = Debug|Any CPU
		{13A63BE0-7FD7-4BFB-B14A-75DEF2F60BB5}.MiProtocolConsole|iPhoneSimulator.Build.0 = Debug|Any CPU
		{13A63BE0-7FD7-4BFB-B14A-75DEF2F60BB5}.MiProtocolConsole|x64.ActiveCfg = Debug|Any CPU
		{13A63BE0-7FD7-4BFB-B14A-75DEF2F60BB5}.MiProtocolConsole|x64.Build.0 = Debug|Any CPU
		{13A63BE0-7FD7-4BFB-B14A-75DEF2F60BB5}.MiProtocolConsole|x86.ActiveCfg = Debug|Any CPU
		{13A63BE0-7FD7-4BFB-B14A-75DEF2F60BB5}.MiProtocolConsole|x86.Build.0 = Debug|Any CPU
		{13A63BE0-7FD7-4BFB-B14A-75DEF2F60BB5}.Release - Union Gas|Any CPU.ActiveCfg = Release|Any CPU
		{13A63BE0-7FD7-4BFB-B14A-75DEF2F60BB5}.Release - Union Gas|Any CPU.Build.0 = Release|Any CPU
		{13A63BE0-7FD7-4BFB-B14A-75DEF2F60BB5}.Release - Union Gas|iPhone.ActiveCfg = Release|Any CPU
		{13A63BE0-7FD7-4BFB-B14A-75DEF2F60BB5}.Release - Union Gas|iPhone.Build.0 = Release|Any CPU
		{13A63BE0-7FD7-4BFB-B14A-75DEF2F60BB5}.Release - Union Gas|iPhoneSimulator.ActiveCfg = Release|Any CPU
		{13A63BE0-7FD7-4BFB-B14A-75DEF2F60BB5}.Release - Union Gas|iPhoneSimulator.Build.0 = Release|Any CPU
		{13A63BE0-7FD7-4BFB-B14A-75DEF2F60BB5}.Release - Union Gas|x64.ActiveCfg = Release|Any CPU
		{13A63BE0-7FD7-4BFB-B14A-75DEF2F60BB5}.Release - Union Gas|x64.Build.0 = Release|Any CPU
		{13A63BE0-7FD7-4BFB-B14A-75DEF2F60BB5}.Release - Union Gas|x86.ActiveCfg = Release|Any CPU
		{13A63BE0-7FD7-4BFB-B14A-75DEF2F60BB5}.Release - Union Gas|x86.Build.0 = Release|Any CPU
		{13A63BE0-7FD7-4BFB-B14A-75DEF2F60BB5}.Release|Any CPU.ActiveCfg = Release|Any CPU
		{13A63BE0-7FD7-4BFB-B14A-75DEF2F60BB5}.Release|Any CPU.Build.0 = Release|Any CPU
		{13A63BE0-7FD7-4BFB-B14A-75DEF2F60BB5}.Release|iPhone.ActiveCfg = Release|Any CPU
		{13A63BE0-7FD7-4BFB-B14A-75DEF2F60BB5}.Release|iPhone.Build.0 = Release|Any CPU
		{13A63BE0-7FD7-4BFB-B14A-75DEF2F60BB5}.Release|iPhoneSimulator.ActiveCfg = Release|Any CPU
		{13A63BE0-7FD7-4BFB-B14A-75DEF2F60BB5}.Release|iPhoneSimulator.Build.0 = Release|Any CPU
		{13A63BE0-7FD7-4BFB-B14A-75DEF2F60BB5}.Release|x64.ActiveCfg = Release|Any CPU
		{13A63BE0-7FD7-4BFB-B14A-75DEF2F60BB5}.Release|x64.Build.0 = Release|Any CPU
		{13A63BE0-7FD7-4BFB-B14A-75DEF2F60BB5}.Release|x86.ActiveCfg = Release|Any CPU
		{13A63BE0-7FD7-4BFB-B14A-75DEF2F60BB5}.Release|x86.Build.0 = Release|Any CPU
		{67985A50-16D6-4574-B74B-380FBE63A14F}.Debug|Any CPU.ActiveCfg = Debug|Any CPU
		{67985A50-16D6-4574-B74B-380FBE63A14F}.Debug|Any CPU.Build.0 = Debug|Any CPU
		{67985A50-16D6-4574-B74B-380FBE63A14F}.Debug|iPhone.ActiveCfg = Debug|Any CPU
		{67985A50-16D6-4574-B74B-380FBE63A14F}.Debug|iPhone.Build.0 = Debug|Any CPU
		{67985A50-16D6-4574-B74B-380FBE63A14F}.Debug|iPhoneSimulator.ActiveCfg = Debug|Any CPU
		{67985A50-16D6-4574-B74B-380FBE63A14F}.Debug|iPhoneSimulator.Build.0 = Debug|Any CPU
		{67985A50-16D6-4574-B74B-380FBE63A14F}.Debug|x64.ActiveCfg = Debug|Any CPU
		{67985A50-16D6-4574-B74B-380FBE63A14F}.Debug|x64.Build.0 = Debug|Any CPU
		{67985A50-16D6-4574-B74B-380FBE63A14F}.Debug|x86.ActiveCfg = Debug|Any CPU
		{67985A50-16D6-4574-B74B-380FBE63A14F}.Debug|x86.Build.0 = Debug|Any CPU
		{67985A50-16D6-4574-B74B-380FBE63A14F}.MiProtocolConsole|Any CPU.ActiveCfg = Debug|Any CPU
		{67985A50-16D6-4574-B74B-380FBE63A14F}.MiProtocolConsole|Any CPU.Build.0 = Debug|Any CPU
		{67985A50-16D6-4574-B74B-380FBE63A14F}.MiProtocolConsole|iPhone.ActiveCfg = Debug|Any CPU
		{67985A50-16D6-4574-B74B-380FBE63A14F}.MiProtocolConsole|iPhone.Build.0 = Debug|Any CPU
		{67985A50-16D6-4574-B74B-380FBE63A14F}.MiProtocolConsole|iPhoneSimulator.ActiveCfg = Debug|Any CPU
		{67985A50-16D6-4574-B74B-380FBE63A14F}.MiProtocolConsole|iPhoneSimulator.Build.0 = Debug|Any CPU
		{67985A50-16D6-4574-B74B-380FBE63A14F}.MiProtocolConsole|x64.ActiveCfg = Debug|Any CPU
		{67985A50-16D6-4574-B74B-380FBE63A14F}.MiProtocolConsole|x64.Build.0 = Debug|Any CPU
		{67985A50-16D6-4574-B74B-380FBE63A14F}.MiProtocolConsole|x86.ActiveCfg = Debug|Any CPU
		{67985A50-16D6-4574-B74B-380FBE63A14F}.MiProtocolConsole|x86.Build.0 = Debug|Any CPU
		{67985A50-16D6-4574-B74B-380FBE63A14F}.Release - Union Gas|Any CPU.ActiveCfg = Release|Any CPU
		{67985A50-16D6-4574-B74B-380FBE63A14F}.Release - Union Gas|Any CPU.Build.0 = Release|Any CPU
		{67985A50-16D6-4574-B74B-380FBE63A14F}.Release - Union Gas|iPhone.ActiveCfg = Release|Any CPU
		{67985A50-16D6-4574-B74B-380FBE63A14F}.Release - Union Gas|iPhone.Build.0 = Release|Any CPU
		{67985A50-16D6-4574-B74B-380FBE63A14F}.Release - Union Gas|iPhoneSimulator.ActiveCfg = Release|Any CPU
		{67985A50-16D6-4574-B74B-380FBE63A14F}.Release - Union Gas|iPhoneSimulator.Build.0 = Release|Any CPU
		{67985A50-16D6-4574-B74B-380FBE63A14F}.Release - Union Gas|x64.ActiveCfg = Release|Any CPU
		{67985A50-16D6-4574-B74B-380FBE63A14F}.Release - Union Gas|x64.Build.0 = Release|Any CPU
		{67985A50-16D6-4574-B74B-380FBE63A14F}.Release - Union Gas|x86.ActiveCfg = Release|Any CPU
		{67985A50-16D6-4574-B74B-380FBE63A14F}.Release - Union Gas|x86.Build.0 = Release|Any CPU
		{67985A50-16D6-4574-B74B-380FBE63A14F}.Release|Any CPU.ActiveCfg = Release|Any CPU
		{67985A50-16D6-4574-B74B-380FBE63A14F}.Release|Any CPU.Build.0 = Release|Any CPU
		{67985A50-16D6-4574-B74B-380FBE63A14F}.Release|iPhone.ActiveCfg = Release|Any CPU
		{67985A50-16D6-4574-B74B-380FBE63A14F}.Release|iPhone.Build.0 = Release|Any CPU
		{67985A50-16D6-4574-B74B-380FBE63A14F}.Release|iPhoneSimulator.ActiveCfg = Release|Any CPU
		{67985A50-16D6-4574-B74B-380FBE63A14F}.Release|iPhoneSimulator.Build.0 = Release|Any CPU
		{67985A50-16D6-4574-B74B-380FBE63A14F}.Release|x64.ActiveCfg = Release|Any CPU
		{67985A50-16D6-4574-B74B-380FBE63A14F}.Release|x64.Build.0 = Release|Any CPU
		{67985A50-16D6-4574-B74B-380FBE63A14F}.Release|x86.ActiveCfg = Release|Any CPU
		{67985A50-16D6-4574-B74B-380FBE63A14F}.Release|x86.Build.0 = Release|Any CPU
	EndGlobalSection
	GlobalSection(SolutionProperties) = preSolution
		HideSolutionNode = FALSE
	EndGlobalSection
	GlobalSection(NestedProjects) = preSolution
		{A4E19DBE-F582-45B7-AB39-5AFBD8B3FE97} = {3B647860-A3F7-4AAD-A1D7-73292B55FCC3}
		{0454CC76-EF8F-4580-B5BD-5A6E24623504} = {107D240B-8287-4DD7-801C-C002E0E7FFAF}
		{2BF8E6E5-96BC-4A74-BF64-24FCE75FBA01} = {0454CC76-EF8F-4580-B5BD-5A6E24623504}
		{229AE6F4-1BD2-4B75-A97E-4E928B903323} = {0454CC76-EF8F-4580-B5BD-5A6E24623504}
		{EC7DDF34-F555-414F-9998-744A85516ED4} = {3B647860-A3F7-4AAD-A1D7-73292B55FCC3}
		{107D240B-8287-4DD7-801C-C002E0E7FFAF} = {3B647860-A3F7-4AAD-A1D7-73292B55FCC3}
		{293B67AD-EE10-45CE-A00A-E2DB82532CCB} = {107D240B-8287-4DD7-801C-C002E0E7FFAF}
		{10E39EA5-E6B5-4300-BD4B-F6BACC76D3F4} = {293B67AD-EE10-45CE-A00A-E2DB82532CCB}
		{D4A4DE0B-C310-4183-9E8C-389794D1DB79} = {0454CC76-EF8F-4580-B5BD-5A6E24623504}
		{B833D521-075E-4D98-9CCB-7DE1A7A1106E} = {293B67AD-EE10-45CE-A00A-E2DB82532CCB}
		{94C5CA2B-9EBB-4926-A042-A504FD99845F} = {4CE11F70-ED31-4B4D-BD73-7B48F3054030}
		{F8C63C15-8E6B-4DD6-832A-B591FEC85021} = {4CE11F70-ED31-4B4D-BD73-7B48F3054030}
		{F437379B-8C22-4674-B038-36734091F480} = {4CE11F70-ED31-4B4D-BD73-7B48F3054030}
		{20143F76-8C1D-4F2C-8F1B-F76E81A87A56} = {4CE11F70-ED31-4B4D-BD73-7B48F3054030}
		{2C3DD000-D52B-463E-BED2-90B0BF2A9ADC} = {4CE11F70-ED31-4B4D-BD73-7B48F3054030}
		{E2F6C57C-0548-4ADC-8F03-74EF76A057F2} = {4CE11F70-ED31-4B4D-BD73-7B48F3054030}
	EndGlobalSection
	GlobalSection(ExtensibilityGlobals) = postSolution
		SolutionGuid = {9288949F-46C4-426B-8891-A6660386728F}
	EndGlobalSection
EndGlobal
